Microsoft Visual Studio Solution File, Format Version 8.00
#
# $Id: VC71WorkspaceCreator.pm 2035 2011-10-06 15:05:21Z johnnyw $
#
# This file was generated by MPC.  Any changes made directly to
# this file will be lost the next time it is generated.
#
# MPC Command:
# bin/mwc.pl -type vc71 -recurse -exclude TAO/CIAO -features qos=1,mfc=1
Project("{8BC9CEB8-8B4A-11D0-8D11-00A0C91BC942}") = "AnyTypeCode", "AnyTypeCode\AnyTypeCode.vcproj", "{BAE26571-FECA-1BAD-1EBB-B402BC1CBEE4}"
	ProjectSection(ProjectDependencies) = postProject
		{D904719F-FECA-1BAD-727D-8A63505D827F} = {D904719F-FECA-1BAD-727D-8A63505D827F}
		{6D5D56C8-FECA-1BAD-2526-CFF1E5CFA759} = {6D5D56C8-FECA-1BAD-2526-CFF1E5CFA759}
		{F8EFBC8E-FECA-1BAD-1EBB-B402BC1CBEE4} = {F8EFBC8E-FECA-1BAD-1EBB-B402BC1CBEE4}
	EndProjectSection
EndProject
Project("{8BC9CEB8-8B4A-11D0-8D11-00A0C91BC942}") = "AnyTypeCode_Idl", "AnyTypeCode\AnyTypeCode_Idl.vcproj", "{F8EFBC8E-FECA-1BAD-1EBB-B402BC1CBEE4}"
	ProjectSection(ProjectDependencies) = postProject
	EndProjectSection
EndProject
Project("{8BC9CEB8-8B4A-11D0-8D11-00A0C91BC942}") = "BiDir_GIOP", "BiDir_GIOP\BiDir_GIOP.vcproj", "{FBE3C704-FECA-1BAD-39EF-A418F65CE3E8}"
	ProjectSection(ProjectDependencies) = postProject
		{D904719F-FECA-1BAD-727D-8A63505D827F} = {D904719F-FECA-1BAD-727D-8A63505D827F}
		{6D5D56C8-FECA-1BAD-2526-CFF1E5CFA759} = {6D5D56C8-FECA-1BAD-2526-CFF1E5CFA759}
		{BAE26571-FECA-1BAD-1EBB-B402BC1CBEE4} = {BAE26571-FECA-1BAD-1EBB-B402BC1CBEE4}
		{8E03738D-FECA-1BAD-7178-FA1357AA74A2} = {8E03738D-FECA-1BAD-7178-FA1357AA74A2}
		{B90474CE-FECA-1BAD-054B-8A63D827DF4C} = {B90474CE-FECA-1BAD-054B-8A63D827DF4C}
		{5A9AFD8F-FECA-1BAD-39EF-A418F65CE3E8} = {5A9AFD8F-FECA-1BAD-39EF-A418F65CE3E8}
	EndProjectSection
EndProject
Project("{8BC9CEB8-8B4A-11D0-8D11-00A0C91BC942}") = "BiDir_GIOP_Idl", "BiDir_GIOP\BiDir_GIOP_Idl.vcproj", "{5A9AFD8F-FECA-1BAD-39EF-A418F65CE3E8}"
	ProjectSection(ProjectDependencies) = postProject
	EndProjectSection
EndProject
Project("{8BC9CEB8-8B4A-11D0-8D11-00A0C91BC942}") = "CSD_Framework", "CSD_Framework\CSD_Framework.vcproj", "{8D7B3205-FECA-1BAD-69F8-CD973A543478}"
	ProjectSection(ProjectDependencies) = postProject
		{D904719F-FECA-1BAD-727D-8A63505D827F} = {D904719F-FECA-1BAD-727D-8A63505D827F}
		{6D5D56C8-FECA-1BAD-2526-CFF1E5CFA759} = {6D5D56C8-FECA-1BAD-2526-CFF1E5CFA759}
		{BAE26571-FECA-1BAD-1EBB-B402BC1CBEE4} = {BAE26571-FECA-1BAD-1EBB-B402BC1CBEE4}
		{4357D4BF-FECA-1BAD-0254-2F597F3FDA71} = {4357D4BF-FECA-1BAD-0254-2F597F3FDA71}
		{BAE26571-FECA-1BAD-1EBB-B402BC1CBEE4} = {BAE26571-FECA-1BAD-1EBB-B402BC1CBEE4}
		{8E03738D-FECA-1BAD-7178-FA1357AA74A2} = {8E03738D-FECA-1BAD-7178-FA1357AA74A2}
		{B90474CE-FECA-1BAD-054B-8A63D827DF4C} = {B90474CE-FECA-1BAD-054B-8A63D827DF4C}
		{AF9B8B17-FECA-1BAD-69F8-CD973A543478} = {AF9B8B17-FECA-1BAD-69F8-CD973A543478}
	EndProjectSection
EndProject
Project("{8BC9CEB8-8B4A-11D0-8D11-00A0C91BC942}") = "CSD_Framework_Idl", "CSD_Framework\CSD_Framework_Idl.vcproj", "{AF9B8B17-FECA-1BAD-69F8-CD973A543478}"
	ProjectSection(ProjectDependencies) = postProject
	EndProjectSection
EndProject
Project("{8BC9CEB8-8B4A-11D0-8D11-00A0C91BC942}") = "CSD_ThreadPool", "CSD_ThreadPool\CSD_ThreadPool.vcproj", "{1D7513A1-FECA-1BAD-73B1-CD759D13AB94}"
	ProjectSection(ProjectDependencies) = postProject
		{D904719F-FECA-1BAD-727D-8A63505D827F} = {D904719F-FECA-1BAD-727D-8A63505D827F}
		{6D5D56C8-FECA-1BAD-2526-CFF1E5CFA759} = {6D5D56C8-FECA-1BAD-2526-CFF1E5CFA759}
		{BAE26571-FECA-1BAD-1EBB-B402BC1CBEE4} = {BAE26571-FECA-1BAD-1EBB-B402BC1CBEE4}
		{4357D4BF-FECA-1BAD-0254-2F597F3FDA71} = {4357D4BF-FECA-1BAD-0254-2F597F3FDA71}
		{BAE26571-FECA-1BAD-1EBB-B402BC1CBEE4} = {BAE26571-FECA-1BAD-1EBB-B402BC1CBEE4}
		{8E03738D-FECA-1BAD-7178-FA1357AA74A2} = {8E03738D-FECA-1BAD-7178-FA1357AA74A2}
		{B90474CE-FECA-1BAD-054B-8A63D827DF4C} = {B90474CE-FECA-1BAD-054B-8A63D827DF4C}
		{8D7B3205-FECA-1BAD-69F8-CD973A543478} = {8D7B3205-FECA-1BAD-69F8-CD973A543478}
	EndProjectSection
EndProject
Project("{8BC9CEB8-8B4A-11D0-8D11-00A0C91BC942}") = "CodecFactory", "CodecFactory\CodecFactory.vcproj", "{8E03738D-FECA-1BAD-7178-FA1357AA74A2}"
	ProjectSection(ProjectDependencies) = postProject
		{D904719F-FECA-1BAD-727D-8A63505D827F} = {D904719F-FECA-1BAD-727D-8A63505D827F}
		{6D5D56C8-FECA-1BAD-2526-CFF1E5CFA759} = {6D5D56C8-FECA-1BAD-2526-CFF1E5CFA759}
		{BAE26571-FECA-1BAD-1EBB-B402BC1CBEE4} = {BAE26571-FECA-1BAD-1EBB-B402BC1CBEE4}
		{EE13886F-FECA-1BAD-7178-FA1357AA74A2} = {EE13886F-FECA-1BAD-7178-FA1357AA74A2}
	EndProjectSection
EndProject
Project("{8BC9CEB8-8B4A-11D0-8D11-00A0C91BC942}") = "CodecFactory_Idl", "CodecFactory\CodecFactory_Idl.vcproj", "{EE13886F-FECA-1BAD-7178-FA1357AA74A2}"
	ProjectSection(ProjectDependencies) = postProject
	EndProjectSection
EndProject
Project("{8BC9CEB8-8B4A-11D0-8D11-00A0C91BC942}") = "Codeset", "Codeset\Codeset.vcproj", "{6D5D56C8-FECA-1BAD-2526-CFF1E5CFA759}"
	ProjectSection(ProjectDependencies) = postProject
		{D904719F-FECA-1BAD-727D-8A63505D827F} = {D904719F-FECA-1BAD-727D-8A63505D827F}
		{CB566B31-FECA-1BAD-2526-CFF1E5CFA759} = {CB566B31-FECA-1BAD-2526-CFF1E5CFA759}
	EndProjectSection
EndProject
Project("{8BC9CEB8-8B4A-11D0-8D11-00A0C91BC942}") = "Codeset_Idl", "Codeset\Codeset_Idl.vcproj", "{CB566B31-FECA-1BAD-2526-CFF1E5CFA759}"
	ProjectSection(ProjectDependencies) = postProject
	EndProjectSection
EndProject
Project("{8BC9CEB8-8B4A-11D0-8D11-00A0C91BC942}") = "Compression", "Compression\Compression.vcproj", "{6E46353A-FECA-1BAD-1A06-FE47F659BA59}"
	ProjectSection(ProjectDependencies) = postProject
		{D904719F-FECA-1BAD-727D-8A63505D827F} = {D904719F-FECA-1BAD-727D-8A63505D827F}
		{6D5D56C8-FECA-1BAD-2526-CFF1E5CFA759} = {6D5D56C8-FECA-1BAD-2526-CFF1E5CFA759}
		{BAE26571-FECA-1BAD-1EBB-B402BC1CBEE4} = {BAE26571-FECA-1BAD-1EBB-B402BC1CBEE4}
		{A8A4682A-FECA-1BAD-1A06-FE47F659BA59} = {A8A4682A-FECA-1BAD-1A06-FE47F659BA59}
	EndProjectSection
EndProject
Project("{8BC9CEB8-8B4A-11D0-8D11-00A0C91BC942}") = "Compression_Idl", "Compression\Compression_Idl.vcproj", "{A8A4682A-FECA-1BAD-1A06-FE47F659BA59}"
	ProjectSection(ProjectDependencies) = postProject
	EndProjectSection
EndProject
Project("{8BC9CEB8-8B4A-11D0-8D11-00A0C91BC942}") = "DiffServPolicy", "DiffServPolicy\DiffServPolicy.vcproj", "{9C701E5B-FECA-1BAD-AC19-DD258D43743C}"
	ProjectSection(ProjectDependencies) = postProject
		{D904719F-FECA-1BAD-727D-8A63505D827F} = {D904719F-FECA-1BAD-727D-8A63505D827F}
		{6D5D56C8-FECA-1BAD-2526-CFF1E5CFA759} = {6D5D56C8-FECA-1BAD-2526-CFF1E5CFA759}
		{BAE26571-FECA-1BAD-1EBB-B402BC1CBEE4} = {BAE26571-FECA-1BAD-1EBB-B402BC1CBEE4}
		{4357D4BF-FECA-1BAD-0254-2F597F3FDA71} = {4357D4BF-FECA-1BAD-0254-2F597F3FDA71}
		{BAE26571-FECA-1BAD-1EBB-B402BC1CBEE4} = {BAE26571-FECA-1BAD-1EBB-B402BC1CBEE4}
		{8E03738D-FECA-1BAD-7178-FA1357AA74A2} = {8E03738D-FECA-1BAD-7178-FA1357AA74A2}
		{B90474CE-FECA-1BAD-054B-8A63D827DF4C} = {B90474CE-FECA-1BAD-054B-8A63D827DF4C}
		{83C59A1C-FECA-1BAD-AC19-DD258D43743C} = {83C59A1C-FECA-1BAD-AC19-DD258D43743C}
	EndProjectSection
EndProject
Project("{8BC9CEB8-8B4A-11D0-8D11-00A0C91BC942}") = "DiffServPolicy_Idl", "DiffServPolicy\DiffServPolicy_Idl.vcproj", "{83C59A1C-FECA-1BAD-AC19-DD258D43743C}"
	ProjectSection(ProjectDependencies) = postProject
	EndProjectSection
EndProject
Project("{8BC9CEB8-8B4A-11D0-8D11-00A0C91BC942}") = "DynamicAny", "DynamicAny\DynamicAny.vcproj", "{417F83A0-FECA-1BAD-73A4-0DDC5F98A9A3}"
	ProjectSection(ProjectDependencies) = postProject
		{D904719F-FECA-1BAD-727D-8A63505D827F} = {D904719F-FECA-1BAD-727D-8A63505D827F}
		{6D5D56C8-FECA-1BAD-2526-CFF1E5CFA759} = {6D5D56C8-FECA-1BAD-2526-CFF1E5CFA759}
		{BAE26571-FECA-1BAD-1EBB-B402BC1CBEE4} = {BAE26571-FECA-1BAD-1EBB-B402BC1CBEE4}
		{7EB75779-FECA-1BAD-3E37-F15126B04395} = {7EB75779-FECA-1BAD-3E37-F15126B04395}
		{1E3E4713-FECA-1BAD-73A4-0DDC5F98A9A3} = {1E3E4713-FECA-1BAD-73A4-0DDC5F98A9A3}
	EndProjectSection
EndProject
Project("{8BC9CEB8-8B4A-11D0-8D11-00A0C91BC942}") = "DynamicAny_Idl", "DynamicAny\DynamicAny_Idl.vcproj", "{1E3E4713-FECA-1BAD-73A4-0DDC5F98A9A3}"
	ProjectSection(ProjectDependencies) = postProject
		{D904719F-FECA-1BAD-727D-8A63505D827F} = {D904719F-FECA-1BAD-727D-8A63505D827F}
		{6D5D56C8-FECA-1BAD-2526-CFF1E5CFA759} = {6D5D56C8-FECA-1BAD-2526-CFF1E5CFA759}
		{BAE26571-FECA-1BAD-1EBB-B402BC1CBEE4} = {BAE26571-FECA-1BAD-1EBB-B402BC1CBEE4}
		{7EB75779-FECA-1BAD-3E37-F15126B04395} = {7EB75779-FECA-1BAD-3E37-F15126B04395}
	EndProjectSection
EndProject
Project("{8BC9CEB8-8B4A-11D0-8D11-00A0C91BC942}") = "DynamicInterface", "DynamicInterface\DynamicInterface.vcproj", "{C3DE4F18-FECA-1BAD-B82C-27C0A87B9FF4}"
	ProjectSection(ProjectDependencies) = postProject
		{D904719F-FECA-1BAD-727D-8A63505D827F} = {D904719F-FECA-1BAD-727D-8A63505D827F}
		{6D5D56C8-FECA-1BAD-2526-CFF1E5CFA759} = {6D5D56C8-FECA-1BAD-2526-CFF1E5CFA759}
		{BAE26571-FECA-1BAD-1EBB-B402BC1CBEE4} = {BAE26571-FECA-1BAD-1EBB-B402BC1CBEE4}
		{7EB75779-FECA-1BAD-3E37-F15126B04395} = {7EB75779-FECA-1BAD-3E37-F15126B04395}
		{BAE26571-FECA-1BAD-1EBB-B402BC1CBEE4} = {BAE26571-FECA-1BAD-1EBB-B402BC1CBEE4}
		{4357D4BF-FECA-1BAD-0254-2F597F3FDA71} = {4357D4BF-FECA-1BAD-0254-2F597F3FDA71}
		{8E03738D-FECA-1BAD-7178-FA1357AA74A2} = {8E03738D-FECA-1BAD-7178-FA1357AA74A2}
		{B90474CE-FECA-1BAD-054B-8A63D827DF4C} = {B90474CE-FECA-1BAD-054B-8A63D827DF4C}
		{EB410566-FECA-1BAD-1FCE-AE3479D5626C} = {EB410566-FECA-1BAD-1FCE-AE3479D5626C}
		{EB410566-FECA-1BAD-1FCE-AE3479D5626C} = {EB410566-FECA-1BAD-1FCE-AE3479D5626C}
	EndProjectSection
EndProject
Project("{8BC9CEB8-8B4A-11D0-8D11-00A0C91BC942}") = "TAO_ETCL", "ETCL\TAO_ETCL.vcproj", "{B95EC49D-FECA-1BAD-007B-8FC827DE05A4}"
	ProjectSection(ProjectDependencies) = postProject
		{D904719F-FECA-1BAD-727D-8A63505D827F} = {D904719F-FECA-1BAD-727D-8A63505D827F}
		{6D5D56C8-FECA-1BAD-2526-CFF1E5CFA759} = {6D5D56C8-FECA-1BAD-2526-CFF1E5CFA759}
		{BAE26571-FECA-1BAD-1EBB-B402BC1CBEE4} = {BAE26571-FECA-1BAD-1EBB-B402BC1CBEE4}
	EndProjectSection
EndProject
Project("{8BC9CEB8-8B4A-11D0-8D11-00A0C91BC942}") = "EndpointPolicy", "EndpointPolicy\EndpointPolicy.vcproj", "{40516D07-FECA-1BAD-99D4-1F324F5441F1}"
	ProjectSection(ProjectDependencies) = postProject
		{D904719F-FECA-1BAD-727D-8A63505D827F} = {D904719F-FECA-1BAD-727D-8A63505D827F}
		{6D5D56C8-FECA-1BAD-2526-CFF1E5CFA759} = {6D5D56C8-FECA-1BAD-2526-CFF1E5CFA759}
		{BAE26571-FECA-1BAD-1EBB-B402BC1CBEE4} = {BAE26571-FECA-1BAD-1EBB-B402BC1CBEE4}
		{4357D4BF-FECA-1BAD-0254-2F597F3FDA71} = {4357D4BF-FECA-1BAD-0254-2F597F3FDA71}
		{BAE26571-FECA-1BAD-1EBB-B402BC1CBEE4} = {BAE26571-FECA-1BAD-1EBB-B402BC1CBEE4}
		{8E03738D-FECA-1BAD-7178-FA1357AA74A2} = {8E03738D-FECA-1BAD-7178-FA1357AA74A2}
		{B90474CE-FECA-1BAD-054B-8A63D827DF4C} = {B90474CE-FECA-1BAD-054B-8A63D827DF4C}
		{C9D1E6BB-FECA-1BAD-99D4-1F324F5441F1} = {C9D1E6BB-FECA-1BAD-99D4-1F324F5441F1}
	EndProjectSection
EndProject
Project("{8BC9CEB8-8B4A-11D0-8D11-00A0C91BC942}") = "EndpointPolicy_Core_Idl", "EndpointPolicy\EndpointPolicy_Core_Idl.vcproj", "{C9D1E6BB-FECA-1BAD-99D4-1F324F5441F1}"
	ProjectSection(ProjectDependencies) = postProject
	EndProjectSection
EndProject
Project("{8BC9CEB8-8B4A-11D0-8D11-00A0C91BC942}") = "IFR_Client", "IFR_Client\IFR_Client.vcproj", "{5EB1DBEE-FECA-1BAD-F745-F139A37D2D42}"
	ProjectSection(ProjectDependencies) = postProject
		{D904719F-FECA-1BAD-727D-8A63505D827F} = {D904719F-FECA-1BAD-727D-8A63505D827F}
		{6D5D56C8-FECA-1BAD-2526-CFF1E5CFA759} = {6D5D56C8-FECA-1BAD-2526-CFF1E5CFA759}
		{BAE26571-FECA-1BAD-1EBB-B402BC1CBEE4} = {BAE26571-FECA-1BAD-1EBB-B402BC1CBEE4}
		{467058DD-FECA-1BAD-F745-F139A37D2D42} = {467058DD-FECA-1BAD-F745-F139A37D2D42}
	EndProjectSection
EndProject
Project("{8BC9CEB8-8B4A-11D0-8D11-00A0C91BC942}") = "IFR_Client_Idl", "IFR_Client\IFR_Client_Idl.vcproj", "{467058DD-FECA-1BAD-F745-F139A37D2D42}"
	ProjectSection(ProjectDependencies) = postProject
	EndProjectSection
EndProject
Project("{8BC9CEB8-8B4A-11D0-8D11-00A0C91BC942}") = "IFR_Client_skel", "IFR_Client\IFR_Client_skel.vcproj", "{1E468A13-FECA-1BAD-F745-F139A37D2D42}"
	ProjectSection(ProjectDependencies) = postProject
		{D904719F-FECA-1BAD-727D-8A63505D827F} = {D904719F-FECA-1BAD-727D-8A63505D827F}
		{6D5D56C8-FECA-1BAD-2526-CFF1E5CFA759} = {6D5D56C8-FECA-1BAD-2526-CFF1E5CFA759}
		{BAE26571-FECA-1BAD-1EBB-B402BC1CBEE4} = {BAE26571-FECA-1BAD-1EBB-B402BC1CBEE4}
		{5EB1DBEE-FECA-1BAD-F745-F139A37D2D42} = {5EB1DBEE-FECA-1BAD-F745-F139A37D2D42}
		{BAE26571-FECA-1BAD-1EBB-B402BC1CBEE4} = {BAE26571-FECA-1BAD-1EBB-B402BC1CBEE4}
		{4357D4BF-FECA-1BAD-0254-2F597F3FDA71} = {4357D4BF-FECA-1BAD-0254-2F597F3FDA71}
		{467058DD-FECA-1BAD-F745-F139A37D2D42} = {467058DD-FECA-1BAD-F745-F139A37D2D42}
	EndProjectSection
EndProject
Project("{8BC9CEB8-8B4A-11D0-8D11-00A0C91BC942}") = "IORInterceptor", "IORInterceptor\IORInterceptor.vcproj", "{2B0CF54B-FECA-1BAD-1D12-AAEBFA8DC537}"
	ProjectSection(ProjectDependencies) = postProject
		{D904719F-FECA-1BAD-727D-8A63505D827F} = {D904719F-FECA-1BAD-727D-8A63505D827F}
		{6D5D56C8-FECA-1BAD-2526-CFF1E5CFA759} = {6D5D56C8-FECA-1BAD-2526-CFF1E5CFA759}
		{BAE26571-FECA-1BAD-1EBB-B402BC1CBEE4} = {BAE26571-FECA-1BAD-1EBB-B402BC1CBEE4}
		{4357D4BF-FECA-1BAD-0254-2F597F3FDA71} = {4357D4BF-FECA-1BAD-0254-2F597F3FDA71}
		{BAE26571-FECA-1BAD-1EBB-B402BC1CBEE4} = {BAE26571-FECA-1BAD-1EBB-B402BC1CBEE4}
		{7EB75779-FECA-1BAD-3E37-F15126B04395} = {7EB75779-FECA-1BAD-3E37-F15126B04395}
		{4B7751BB-FECA-1BAD-5214-AD51FD378A31} = {4B7751BB-FECA-1BAD-5214-AD51FD378A31}
		{8E03738D-FECA-1BAD-7178-FA1357AA74A2} = {8E03738D-FECA-1BAD-7178-FA1357AA74A2}
		{B90474CE-FECA-1BAD-054B-8A63D827DF4C} = {B90474CE-FECA-1BAD-054B-8A63D827DF4C}
		{68D52D60-FECA-1BAD-1D12-AAEBFA8DC537} = {68D52D60-FECA-1BAD-1D12-AAEBFA8DC537}
	EndProjectSection
EndProject
Project("{8BC9CEB8-8B4A-11D0-8D11-00A0C91BC942}") = "IORInterceptor_Idl", "IORInterceptor\IORInterceptor_Idl.vcproj", "{68D52D60-FECA-1BAD-1D12-AAEBFA8DC537}"
	ProjectSection(ProjectDependencies) = postProject
	EndProjectSection
EndProject
Project("{8BC9CEB8-8B4A-11D0-8D11-00A0C91BC942}") = "IORManipulation", "IORManipulation\IORManipulation.vcproj", "{2AE47D1B-FECA-1BAD-9812-B4639E5D1A6D}"
	ProjectSection(ProjectDependencies) = postProject
		{D904719F-FECA-1BAD-727D-8A63505D827F} = {D904719F-FECA-1BAD-727D-8A63505D827F}
		{6D5D56C8-FECA-1BAD-2526-CFF1E5CFA759} = {6D5D56C8-FECA-1BAD-2526-CFF1E5CFA759}
		{BAE26571-FECA-1BAD-1EBB-B402BC1CBEE4} = {BAE26571-FECA-1BAD-1EBB-B402BC1CBEE4}
		{E0852C88-FECA-1BAD-9812-B4639E5D1A6D} = {E0852C88-FECA-1BAD-9812-B4639E5D1A6D}
	EndProjectSection
EndProject
Project("{8BC9CEB8-8B4A-11D0-8D11-00A0C91BC942}") = "IORManipulation_Idl", "IORManipulation\IORManipulation_Idl.vcproj", "{E0852C88-FECA-1BAD-9812-B4639E5D1A6D}"
	ProjectSection(ProjectDependencies) = postProject
	EndProjectSection
EndProject
Project("{8BC9CEB8-8B4A-11D0-8D11-00A0C91BC942}") = "IORTable", "IORTable\IORTable.vcproj", "{34A353D0-FECA-1BAD-74A3-5011DFAA537B}"
	ProjectSection(ProjectDependencies) = postProject
		{D904719F-FECA-1BAD-727D-8A63505D827F} = {D904719F-FECA-1BAD-727D-8A63505D827F}
		{6D5D56C8-FECA-1BAD-2526-CFF1E5CFA759} = {6D5D56C8-FECA-1BAD-2526-CFF1E5CFA759}
		{86F20BCC-FECA-1BAD-74A3-5011DFAA537B} = {86F20BCC-FECA-1BAD-74A3-5011DFAA537B}
	EndProjectSection
EndProject
Project("{8BC9CEB8-8B4A-11D0-8D11-00A0C91BC942}") = "IORTable_Core_Idl", "IORTable\IORTable_Core_Idl.vcproj", "{86F20BCC-FECA-1BAD-74A3-5011DFAA537B}"
	ProjectSection(ProjectDependencies) = postProject
	EndProjectSection
EndProject
Project("{8BC9CEB8-8B4A-11D0-8D11-00A0C91BC942}") = "ImR_Client", "ImR_Client\ImR_Client.vcproj", "{EEB1DBEC-FECA-1BAD-F76E-F139A37D2D69}"
	ProjectSection(ProjectDependencies) = postProject
		{D904719F-FECA-1BAD-727D-8A63505D827F} = {D904719F-FECA-1BAD-727D-8A63505D827F}
		{6D5D56C8-FECA-1BAD-2526-CFF1E5CFA759} = {6D5D56C8-FECA-1BAD-2526-CFF1E5CFA759}
		{BAE26571-FECA-1BAD-1EBB-B402BC1CBEE4} = {BAE26571-FECA-1BAD-1EBB-B402BC1CBEE4}
		{4357D4BF-FECA-1BAD-0254-2F597F3FDA71} = {4357D4BF-FECA-1BAD-0254-2F597F3FDA71}
		{4672E8DD-FECA-1BAD-F76E-F139A37D2D69} = {4672E8DD-FECA-1BAD-F76E-F139A37D2D69}
	EndProjectSection
EndProject
Project("{8BC9CEB8-8B4A-11D0-8D11-00A0C91BC942}") = "ImR_Client_Idl", "ImR_Client\ImR_Client_Idl.vcproj", "{4672E8DD-FECA-1BAD-F76E-F139A37D2D69}"
	ProjectSection(ProjectDependencies) = postProject
	EndProjectSection
EndProject
Project("{8BC9CEB8-8B4A-11D0-8D11-00A0C91BC942}") = "Messaging", "Messaging\Messaging.vcproj", "{EB410566-FECA-1BAD-1FCE-AE3479D5626C}"
	ProjectSection(ProjectDependencies) = postProject
		{D904719F-FECA-1BAD-727D-8A63505D827F} = {D904719F-FECA-1BAD-727D-8A63505D827F}
		{6D5D56C8-FECA-1BAD-2526-CFF1E5CFA759} = {6D5D56C8-FECA-1BAD-2526-CFF1E5CFA759}
		{BAE26571-FECA-1BAD-1EBB-B402BC1CBEE4} = {BAE26571-FECA-1BAD-1EBB-B402BC1CBEE4}
		{4357D4BF-FECA-1BAD-0254-2F597F3FDA71} = {4357D4BF-FECA-1BAD-0254-2F597F3FDA71}
		{BAE26571-FECA-1BAD-1EBB-B402BC1CBEE4} = {BAE26571-FECA-1BAD-1EBB-B402BC1CBEE4}
		{8E03738D-FECA-1BAD-7178-FA1357AA74A2} = {8E03738D-FECA-1BAD-7178-FA1357AA74A2}
		{B90474CE-FECA-1BAD-054B-8A63D827DF4C} = {B90474CE-FECA-1BAD-054B-8A63D827DF4C}
		{7EB75779-FECA-1BAD-3E37-F15126B04395} = {7EB75779-FECA-1BAD-3E37-F15126B04395}
		{98F8ED2D-FECA-1BAD-1FCE-AE3479D5626C} = {98F8ED2D-FECA-1BAD-1FCE-AE3479D5626C}
	EndProjectSection
EndProject
Project("{8BC9CEB8-8B4A-11D0-8D11-00A0C91BC942}") = "Messaging_Idl", "Messaging\Messaging_Idl.vcproj", "{98F8ED2D-FECA-1BAD-1FCE-AE3479D5626C}"
	ProjectSection(ProjectDependencies) = postProject
	EndProjectSection
EndProject
Project("{8BC9CEB8-8B4A-11D0-8D11-00A0C91BC942}") = "Monitor_Idl", "Monitor\Monitor_Idl.vcproj", "{672C0BD1-FECA-1BAD-E280-C1FBEBC560FF}"
	ProjectSection(ProjectDependencies) = postProject
	EndProjectSection
EndProject
Project("{8BC9CEB8-8B4A-11D0-8D11-00A0C91BC942}") = "TAO_Monitor", "Monitor\TAO_Monitor.vcproj", "{A2BDFFB7-FECA-1BAD-E280-C1FBEBC560FF}"
	ProjectSection(ProjectDependencies) = postProject
		{D904719F-FECA-1BAD-727D-8A63505D827F} = {D904719F-FECA-1BAD-727D-8A63505D827F}
		{6D5D56C8-FECA-1BAD-2526-CFF1E5CFA759} = {6D5D56C8-FECA-1BAD-2526-CFF1E5CFA759}
		{BAE26571-FECA-1BAD-1EBB-B402BC1CBEE4} = {BAE26571-FECA-1BAD-1EBB-B402BC1CBEE4}
		{4357D4BF-FECA-1BAD-0254-2F597F3FDA71} = {4357D4BF-FECA-1BAD-0254-2F597F3FDA71}
		{672C0BD1-FECA-1BAD-E280-C1FBEBC560FF} = {672C0BD1-FECA-1BAD-E280-C1FBEBC560FF}
	EndProjectSection
EndProject
Project("{8BC9CEB8-8B4A-11D0-8D11-00A0C91BC942}") = "ObjRefTemplate", "ObjRefTemplate\ObjRefTemplate.vcproj", "{4B7751BB-FECA-1BAD-5214-AD51FD378A31}"
	ProjectSection(ProjectDependencies) = postProject
		{D904719F-FECA-1BAD-727D-8A63505D827F} = {D904719F-FECA-1BAD-727D-8A63505D827F}
		{6D5D56C8-FECA-1BAD-2526-CFF1E5CFA759} = {6D5D56C8-FECA-1BAD-2526-CFF1E5CFA759}
		{BAE26571-FECA-1BAD-1EBB-B402BC1CBEE4} = {BAE26571-FECA-1BAD-1EBB-B402BC1CBEE4}
		{7EB75779-FECA-1BAD-3E37-F15126B04395} = {7EB75779-FECA-1BAD-3E37-F15126B04395}
		{BAE26571-FECA-1BAD-1EBB-B402BC1CBEE4} = {BAE26571-FECA-1BAD-1EBB-B402BC1CBEE4}
		{4357D4BF-FECA-1BAD-0254-2F597F3FDA71} = {4357D4BF-FECA-1BAD-0254-2F597F3FDA71}
		{CC254D1B-FECA-1BAD-5214-AD51FD378A31} = {CC254D1B-FECA-1BAD-5214-AD51FD378A31}
	EndProjectSection
EndProject
Project("{8BC9CEB8-8B4A-11D0-8D11-00A0C91BC942}") = "ObjRefTemplate_Idl", "ObjRefTemplate\ObjRefTemplate_Idl.vcproj", "{CC254D1B-FECA-1BAD-5214-AD51FD378A31}"
	ProjectSection(ProjectDependencies) = postProject
	EndProjectSection
EndProject
Project("{8BC9CEB8-8B4A-11D0-8D11-00A0C91BC942}") = "PI", "PI\PI.vcproj", "{B90474CE-FECA-1BAD-054B-8A63D827DF4C}"
	ProjectSection(ProjectDependencies) = postProject
		{D904719F-FECA-1BAD-727D-8A63505D827F} = {D904719F-FECA-1BAD-727D-8A63505D827F}
		{6D5D56C8-FECA-1BAD-2526-CFF1E5CFA759} = {6D5D56C8-FECA-1BAD-2526-CFF1E5CFA759}
		{BAE26571-FECA-1BAD-1EBB-B402BC1CBEE4} = {BAE26571-FECA-1BAD-1EBB-B402BC1CBEE4}
		{8E03738D-FECA-1BAD-7178-FA1357AA74A2} = {8E03738D-FECA-1BAD-7178-FA1357AA74A2}
		{E950BF68-FECA-1BAD-054B-8A63D827DF4C} = {E950BF68-FECA-1BAD-054B-8A63D827DF4C}
	EndProjectSection
EndProject
Project("{8BC9CEB8-8B4A-11D0-8D11-00A0C91BC942}") = "PI_Idl", "PI\PI_Idl.vcproj", "{E950BF68-FECA-1BAD-054B-8A63D827DF4C}"
	ProjectSection(ProjectDependencies) = postProject
	EndProjectSection
EndProject
Project("{8BC9CEB8-8B4A-11D0-8D11-00A0C91BC942}") = "PI_Server", "PI_Server\PI_Server.vcproj", "{45A1519D-FECA-1BAD-5074-403197D02DD6}"
	ProjectSection(ProjectDependencies) = postProject
		{D904719F-FECA-1BAD-727D-8A63505D827F} = {D904719F-FECA-1BAD-727D-8A63505D827F}
		{6D5D56C8-FECA-1BAD-2526-CFF1E5CFA759} = {6D5D56C8-FECA-1BAD-2526-CFF1E5CFA759}
		{BAE26571-FECA-1BAD-1EBB-B402BC1CBEE4} = {BAE26571-FECA-1BAD-1EBB-B402BC1CBEE4}
		{8E03738D-FECA-1BAD-7178-FA1357AA74A2} = {8E03738D-FECA-1BAD-7178-FA1357AA74A2}
		{B90474CE-FECA-1BAD-054B-8A63D827DF4C} = {B90474CE-FECA-1BAD-054B-8A63D827DF4C}
		{BAE26571-FECA-1BAD-1EBB-B402BC1CBEE4} = {BAE26571-FECA-1BAD-1EBB-B402BC1CBEE4}
		{4357D4BF-FECA-1BAD-0254-2F597F3FDA71} = {4357D4BF-FECA-1BAD-0254-2F597F3FDA71}
		{CC0343CD-FECA-1BAD-5074-403197D02DD6} = {CC0343CD-FECA-1BAD-5074-403197D02DD6}
	EndProjectSection
EndProject
Project("{8BC9CEB8-8B4A-11D0-8D11-00A0C91BC942}") = "PI_Server_Idl", "PI_Server\PI_Server_Idl.vcproj", "{CC0343CD-FECA-1BAD-5074-403197D02DD6}"
	ProjectSection(ProjectDependencies) = postProject
	EndProjectSection
EndProject
Project("{8BC9CEB8-8B4A-11D0-8D11-00A0C91BC942}") = "PortableServer", "PortableServer\PortableServer.vcproj", "{4357D4BF-FECA-1BAD-0254-2F597F3FDA71}"
	ProjectSection(ProjectDependencies) = postProject
		{D904719F-FECA-1BAD-727D-8A63505D827F} = {D904719F-FECA-1BAD-727D-8A63505D827F}
		{6D5D56C8-FECA-1BAD-2526-CFF1E5CFA759} = {6D5D56C8-FECA-1BAD-2526-CFF1E5CFA759}
		{BAE26571-FECA-1BAD-1EBB-B402BC1CBEE4} = {BAE26571-FECA-1BAD-1EBB-B402BC1CBEE4}
		{4921453B-FECA-1BAD-0254-2F597F3FDA71} = {4921453B-FECA-1BAD-0254-2F597F3FDA71}
	EndProjectSection
EndProject
Project("{8BC9CEB8-8B4A-11D0-8D11-00A0C91BC942}") = "PortableServer_Idl", "PortableServer\PortableServer_Idl.vcproj", "{4921453B-FECA-1BAD-0254-2F597F3FDA71}"
	ProjectSection(ProjectDependencies) = postProject
	EndProjectSection
EndProject
Project("{8BC9CEB8-8B4A-11D0-8D11-00A0C91BC942}") = "RTCORBA", "RTCORBA\RTCORBA.vcproj", "{3C740EFC-FECA-1BAD-A663-DD64F75A241C}"
	ProjectSection(ProjectDependencies) = postProject
		{D904719F-FECA-1BAD-727D-8A63505D827F} = {D904719F-FECA-1BAD-727D-8A63505D827F}
		{6D5D56C8-FECA-1BAD-2526-CFF1E5CFA759} = {6D5D56C8-FECA-1BAD-2526-CFF1E5CFA759}
		{BAE26571-FECA-1BAD-1EBB-B402BC1CBEE4} = {BAE26571-FECA-1BAD-1EBB-B402BC1CBEE4}
		{8E03738D-FECA-1BAD-7178-FA1357AA74A2} = {8E03738D-FECA-1BAD-7178-FA1357AA74A2}
		{B90474CE-FECA-1BAD-054B-8A63D827DF4C} = {B90474CE-FECA-1BAD-054B-8A63D827DF4C}
		{0B87D90C-FECA-1BAD-A663-DD64F75A241C} = {0B87D90C-FECA-1BAD-A663-DD64F75A241C}
	EndProjectSection
EndProject
Project("{8BC9CEB8-8B4A-11D0-8D11-00A0C91BC942}") = "RTCORBA_Core_Idl", "RTCORBA\RTCORBA_Core_Idl.vcproj", "{0B87D90C-FECA-1BAD-A663-DD64F75A241C}"
	ProjectSection(ProjectDependencies) = postProject
	EndProjectSection
EndProject
Project("{8BC9CEB8-8B4A-11D0-8D11-00A0C91BC942}") = "RTPortableServer", "RTPortableServer\RTPortableServer.vcproj", "{1417D4BF-FECA-1BAD-0251-5B59D4E22589}"
	ProjectSection(ProjectDependencies) = postProject
		{D904719F-FECA-1BAD-727D-8A63505D827F} = {D904719F-FECA-1BAD-727D-8A63505D827F}
		{6D5D56C8-FECA-1BAD-2526-CFF1E5CFA759} = {6D5D56C8-FECA-1BAD-2526-CFF1E5CFA759}
		{BAE26571-FECA-1BAD-1EBB-B402BC1CBEE4} = {BAE26571-FECA-1BAD-1EBB-B402BC1CBEE4}
		{8E03738D-FECA-1BAD-7178-FA1357AA74A2} = {8E03738D-FECA-1BAD-7178-FA1357AA74A2}
		{B90474CE-FECA-1BAD-054B-8A63D827DF4C} = {B90474CE-FECA-1BAD-054B-8A63D827DF4C}
		{3C740EFC-FECA-1BAD-A663-DD64F75A241C} = {3C740EFC-FECA-1BAD-A663-DD64F75A241C}
		{BAE26571-FECA-1BAD-1EBB-B402BC1CBEE4} = {BAE26571-FECA-1BAD-1EBB-B402BC1CBEE4}
		{4357D4BF-FECA-1BAD-0254-2F597F3FDA71} = {4357D4BF-FECA-1BAD-0254-2F597F3FDA71}
		{4921127B-FECA-1BAD-0251-5B59D4E22589} = {4921127B-FECA-1BAD-0251-5B59D4E22589}
	EndProjectSection
EndProject
Project("{8BC9CEB8-8B4A-11D0-8D11-00A0C91BC942}") = "RTPortableServer_Idl", "RTPortableServer\RTPortableServer_Idl.vcproj", "{4921127B-FECA-1BAD-0251-5B59D4E22589}"
	ProjectSection(ProjectDependencies) = postProject
	EndProjectSection
EndProject
Project("{8BC9CEB8-8B4A-11D0-8D11-00A0C91BC942}") = "RTScheduler", "RTScheduling\RTScheduler.vcproj", "{5CE74249-FECA-1BAD-6D35-D450C4ECDB0A}"
	ProjectSection(ProjectDependencies) = postProject
		{D904719F-FECA-1BAD-727D-8A63505D827F} = {D904719F-FECA-1BAD-727D-8A63505D827F}
		{6D5D56C8-FECA-1BAD-2526-CFF1E5CFA759} = {6D5D56C8-FECA-1BAD-2526-CFF1E5CFA759}
		{BAE26571-FECA-1BAD-1EBB-B402BC1CBEE4} = {BAE26571-FECA-1BAD-1EBB-B402BC1CBEE4}
		{8E03738D-FECA-1BAD-7178-FA1357AA74A2} = {8E03738D-FECA-1BAD-7178-FA1357AA74A2}
		{B90474CE-FECA-1BAD-054B-8A63D827DF4C} = {B90474CE-FECA-1BAD-054B-8A63D827DF4C}
		{3C740EFC-FECA-1BAD-A663-DD64F75A241C} = {3C740EFC-FECA-1BAD-A663-DD64F75A241C}
		{BAE26571-FECA-1BAD-1EBB-B402BC1CBEE4} = {BAE26571-FECA-1BAD-1EBB-B402BC1CBEE4}
		{4357D4BF-FECA-1BAD-0254-2F597F3FDA71} = {4357D4BF-FECA-1BAD-0254-2F597F3FDA71}
		{45A1519D-FECA-1BAD-5074-403197D02DD6} = {45A1519D-FECA-1BAD-5074-403197D02DD6}
		{DFD75A8B-FECA-1BAD-6D35-D450C4ECDB0A} = {DFD75A8B-FECA-1BAD-6D35-D450C4ECDB0A}
	EndProjectSection
EndProject
Project("{8BC9CEB8-8B4A-11D0-8D11-00A0C91BC942}") = "RTScheduler_Idl", "RTScheduling\RTScheduler_Idl.vcproj", "{DFD75A8B-FECA-1BAD-6D35-D450C4ECDB0A}"
	ProjectSection(ProjectDependencies) = postProject
	EndProjectSection
EndProject
Project("{8BC9CEB8-8B4A-11D0-8D11-00A0C91BC942}") = "SmartProxies", "SmartProxies\SmartProxies.vcproj", "{4870AFDE-FECA-1BAD-B444-9D2E3097B19E}"
	ProjectSection(ProjectDependencies) = postProject
		{D904719F-FECA-1BAD-727D-8A63505D827F} = {D904719F-FECA-1BAD-727D-8A63505D827F}
		{6D5D56C8-FECA-1BAD-2526-CFF1E5CFA759} = {6D5D56C8-FECA-1BAD-2526-CFF1E5CFA759}
	EndProjectSection
EndProject
Project("{8BC9CEB8-8B4A-11D0-8D11-00A0C91BC942}") = "Strategies", "Strategies\Strategies.vcproj", "{2D66453C-FECA-1BAD-1A62-CC409E04C065}"
	ProjectSection(ProjectDependencies) = postProject
		{D904719F-FECA-1BAD-727D-8A63505D827F} = {D904719F-FECA-1BAD-727D-8A63505D827F}
		{6D5D56C8-FECA-1BAD-2526-CFF1E5CFA759} = {6D5D56C8-FECA-1BAD-2526-CFF1E5CFA759}
		{BAE26571-FECA-1BAD-1EBB-B402BC1CBEE4} = {BAE26571-FECA-1BAD-1EBB-B402BC1CBEE4}
		{8E03738D-FECA-1BAD-7178-FA1357AA74A2} = {8E03738D-FECA-1BAD-7178-FA1357AA74A2}
		{B90474CE-FECA-1BAD-054B-8A63D827DF4C} = {B90474CE-FECA-1BAD-054B-8A63D827DF4C}
		{1AA3650D-FECA-1BAD-1A62-CC409E04C065} = {1AA3650D-FECA-1BAD-1A62-CC409E04C065}
	EndProjectSection
EndProject
Project("{8BC9CEB8-8B4A-11D0-8D11-00A0C91BC942}") = "Strategies_Core_Idl", "Strategies\Strategies_Core_Idl.vcproj", "{1AA3650D-FECA-1BAD-1A62-CC409E04C065}"
	ProjectSection(ProjectDependencies) = postProject
	EndProjectSection
EndProject
Project("{8BC9CEB8-8B4A-11D0-8D11-00A0C91BC942}") = "TAO", "TAO.vcproj", "{D904719F-FECA-1BAD-727D-8A63505D827F}"
	ProjectSection(ProjectDependencies) = postProject
		{5C802D32-FECA-1BAD-727D-8A63505D827F} = {5C802D32-FECA-1BAD-727D-8A63505D827F}
	EndProjectSection
EndProject
Project("{8BC9CEB8-8B4A-11D0-8D11-00A0C91BC942}") = "TAO_Core_idl", "TAO_Core_idl.vcproj", "{5C802D32-FECA-1BAD-727D-8A63505D827F}"
	ProjectSection(ProjectDependencies) = postProject
	EndProjectSection
EndProject
Project("{8BC9CEB8-8B4A-11D0-8D11-00A0C91BC942}") = "TC", "TransportCurrent\TC.vcproj", "{190474CA-FECA-1BAD-0501-8A63358422CE}"
	ProjectSection(ProjectDependencies) = postProject
		{D904719F-FECA-1BAD-727D-8A63505D827F} = {D904719F-FECA-1BAD-727D-8A63505D827F}
		{6D5D56C8-FECA-1BAD-2526-CFF1E5CFA759} = {6D5D56C8-FECA-1BAD-2526-CFF1E5CFA759}
		{BAE26571-FECA-1BAD-1EBB-B402BC1CBEE4} = {BAE26571-FECA-1BAD-1EBB-B402BC1CBEE4}
		{8E03738D-FECA-1BAD-7178-FA1357AA74A2} = {8E03738D-FECA-1BAD-7178-FA1357AA74A2}
		{B90474CE-FECA-1BAD-054B-8A63D827DF4C} = {B90474CE-FECA-1BAD-054B-8A63D827DF4C}
		{E9541F68-FECA-1BAD-0501-8A63358422CE} = {E9541F68-FECA-1BAD-0501-8A63358422CE}
	EndProjectSection
EndProject
Project("{8BC9CEB8-8B4A-11D0-8D11-00A0C91BC942}") = "TC_IIOP", "TransportCurrent\TC_IIOP.vcproj", "{2C02C940-FECA-1BAD-DDA2-DA08358422CE}"
	ProjectSection(ProjectDependencies) = postProject
		{D904719F-FECA-1BAD-727D-8A63505D827F} = {D904719F-FECA-1BAD-727D-8A63505D827F}
		{6D5D56C8-FECA-1BAD-2526-CFF1E5CFA759} = {6D5D56C8-FECA-1BAD-2526-CFF1E5CFA759}
		{BAE26571-FECA-1BAD-1EBB-B402BC1CBEE4} = {BAE26571-FECA-1BAD-1EBB-B402BC1CBEE4}
		{8E03738D-FECA-1BAD-7178-FA1357AA74A2} = {8E03738D-FECA-1BAD-7178-FA1357AA74A2}
		{B90474CE-FECA-1BAD-054B-8A63D827DF4C} = {B90474CE-FECA-1BAD-054B-8A63D827DF4C}
		{190474CA-FECA-1BAD-0501-8A63358422CE} = {190474CA-FECA-1BAD-0501-8A63358422CE}
		{54DE2A6E-FECA-1BAD-DDA2-DA08358422CE} = {54DE2A6E-FECA-1BAD-DDA2-DA08358422CE}
	EndProjectSection
EndProject
Project("{8BC9CEB8-8B4A-11D0-8D11-00A0C91BC942}") = "TC_IIOP_Idl", "TransportCurrent\TC_IIOP_Idl.vcproj", "{54DE2A6E-FECA-1BAD-DDA2-DA08358422CE}"
	ProjectSection(ProjectDependencies) = postProject
	EndProjectSection
EndProject
Project("{8BC9CEB8-8B4A-11D0-8D11-00A0C91BC942}") = "TC_Idl", "TransportCurrent\TC_Idl.vcproj", "{E9541F68-FECA-1BAD-0501-8A63358422CE}"
	ProjectSection(ProjectDependencies) = postProject
		{D904719F-FECA-1BAD-727D-8A63505D827F} = {D904719F-FECA-1BAD-727D-8A63505D827F}
		{6D5D56C8-FECA-1BAD-2526-CFF1E5CFA759} = {6D5D56C8-FECA-1BAD-2526-CFF1E5CFA759}
	EndProjectSection
EndProject
Project("{8BC9CEB8-8B4A-11D0-8D11-00A0C91BC942}") = "TypeCodeFactory", "TypeCodeFactory\TypeCodeFactory.vcproj", "{9D3D5746-FECA-1BAD-3DC9-C9F1E3CFBFB6}"
	ProjectSection(ProjectDependencies) = postProject
		{D904719F-FECA-1BAD-727D-8A63505D827F} = {D904719F-FECA-1BAD-727D-8A63505D827F}
		{6D5D56C8-FECA-1BAD-2526-CFF1E5CFA759} = {6D5D56C8-FECA-1BAD-2526-CFF1E5CFA759}
		{BAE26571-FECA-1BAD-1EBB-B402BC1CBEE4} = {BAE26571-FECA-1BAD-1EBB-B402BC1CBEE4}
		{5EB1DBEE-FECA-1BAD-F745-F139A37D2D42} = {5EB1DBEE-FECA-1BAD-F745-F139A37D2D42}
		{CAD89B51-FECA-1BAD-3DC9-C9F1E3CFBFB6} = {CAD89B51-FECA-1BAD-3DC9-C9F1E3CFBFB6}
	EndProjectSection
EndProject
Project("{8BC9CEB8-8B4A-11D0-8D11-00A0C91BC942}") = "TypeCodeFactory_Idl", "TypeCodeFactory\TypeCodeFactory_Idl.vcproj", "{CAD89B51-FECA-1BAD-3DC9-C9F1E3CFBFB6}"
	ProjectSection(ProjectDependencies) = postProject
	EndProjectSection
EndProject
Project("{8BC9CEB8-8B4A-11D0-8D11-00A0C91BC942}") = "TAO_Utils", "Utils\TAO_Utils.vcproj", "{1CAE5664-FECA-1BAD-2FB1-8A317DF27231}"
	ProjectSection(ProjectDependencies) = postProject
		{D904719F-FECA-1BAD-727D-8A63505D827F} = {D904719F-FECA-1BAD-727D-8A63505D827F}
		{6D5D56C8-FECA-1BAD-2526-CFF1E5CFA759} = {6D5D56C8-FECA-1BAD-2526-CFF1E5CFA759}
		{BAE26571-FECA-1BAD-1EBB-B402BC1CBEE4} = {BAE26571-FECA-1BAD-1EBB-B402BC1CBEE4}
		{4357D4BF-FECA-1BAD-0254-2F597F3FDA71} = {4357D4BF-FECA-1BAD-0254-2F597F3FDA71}
		{BAE26571-FECA-1BAD-1EBB-B402BC1CBEE4} = {BAE26571-FECA-1BAD-1EBB-B402BC1CBEE4}
		{8E03738D-FECA-1BAD-7178-FA1357AA74A2} = {8E03738D-FECA-1BAD-7178-FA1357AA74A2}
		{B90474CE-FECA-1BAD-054B-8A63D827DF4C} = {B90474CE-FECA-1BAD-054B-8A63D827DF4C}
	EndProjectSection
EndProject
Project("{8BC9CEB8-8B4A-11D0-8D11-00A0C91BC942}") = "Valuetype", "Valuetype\Valuetype.vcproj", "{7EB75779-FECA-1BAD-3E37-F15126B04395}"
	ProjectSection(ProjectDependencies) = postProject
		{D904719F-FECA-1BAD-727D-8A63505D827F} = {D904719F-FECA-1BAD-727D-8A63505D827F}
		{6D5D56C8-FECA-1BAD-2526-CFF1E5CFA759} = {6D5D56C8-FECA-1BAD-2526-CFF1E5CFA759}
		{BAE26571-FECA-1BAD-1EBB-B402BC1CBEE4} = {BAE26571-FECA-1BAD-1EBB-B402BC1CBEE4}
		{CAE778DB-FECA-1BAD-3E37-F15126B04395} = {CAE778DB-FECA-1BAD-3E37-F15126B04395}
	EndProjectSection
EndProject
Project("{8BC9CEB8-8B4A-11D0-8D11-00A0C91BC942}") = "Valuetype_Idl", "Valuetype\Valuetype_Idl.vcproj", "{CAE778DB-FECA-1BAD-3E37-F15126B04395}"
	ProjectSection(ProjectDependencies) = postProject
	EndProjectSection
EndProject
Project("{8BC9CEB8-8B4A-11D0-8D11-00A0C91BC942}") = "ZIOP", "ZIOP\ZIOP.vcproj", "{29042A40-FECA-1BAD-EDA2-8A6627DFE878}"
	ProjectSection(ProjectDependencies) = postProject
		{D904719F-FECA-1BAD-727D-8A63505D827F} = {D904719F-FECA-1BAD-727D-8A63505D827F}
		{6D5D56C8-FECA-1BAD-2526-CFF1E5CFA759} = {6D5D56C8-FECA-1BAD-2526-CFF1E5CFA759}
		{6E46353A-FECA-1BAD-1A06-FE47F659BA59} = {6E46353A-FECA-1BAD-1A06-FE47F659BA59}
		{BAE26571-FECA-1BAD-1EBB-B402BC1CBEE4} = {BAE26571-FECA-1BAD-1EBB-B402BC1CBEE4}
		{8E03738D-FECA-1BAD-7178-FA1357AA74A2} = {8E03738D-FECA-1BAD-7178-FA1357AA74A2}
		{B90474CE-FECA-1BAD-054B-8A63D827DF4C} = {B90474CE-FECA-1BAD-054B-8A63D827DF4C}
		{5C8592CD-FECA-1BAD-EDA2-8A6627DFE878} = {5C8592CD-FECA-1BAD-EDA2-8A6627DFE878}
	EndProjectSection
EndProject
Project("{8BC9CEB8-8B4A-11D0-8D11-00A0C91BC942}") = "ZIOP_Core_Idl", "ZIOP\ZIOP_Core_Idl.vcproj", "{5C8592CD-FECA-1BAD-EDA2-8A6627DFE878}"
	ProjectSection(ProjectDependencies) = postProject
	EndProjectSection
EndProject
Global
	GlobalSection(SolutionConfiguration) = preSolution
		Debug = Debug
		Release = Release
	EndGlobalSection
	GlobalSection(ProjectConfiguration) = postSolution
		{BAE26571-FECA-1BAD-1EBB-B402BC1CBEE4}.Debug.ActiveCfg = Debug|Win32
		{BAE26571-FECA-1BAD-1EBB-B402BC1CBEE4}.Debug.Build.0 = Debug|Win32
		{BAE26571-FECA-1BAD-1EBB-B402BC1CBEE4}.Release.ActiveCfg = Release|Win32
		{BAE26571-FECA-1BAD-1EBB-B402BC1CBEE4}.Release.Build.0 = Release|Win32
		{F8EFBC8E-FECA-1BAD-1EBB-B402BC1CBEE4}.Debug.ActiveCfg = Debug|Win32
		{F8EFBC8E-FECA-1BAD-1EBB-B402BC1CBEE4}.Debug.Build.0 = Debug|Win32
		{F8EFBC8E-FECA-1BAD-1EBB-B402BC1CBEE4}.Release.ActiveCfg = Release|Win32
		{F8EFBC8E-FECA-1BAD-1EBB-B402BC1CBEE4}.Release.Build.0 = Release|Win32
		{FBE3C704-FECA-1BAD-39EF-A418F65CE3E8}.Debug.ActiveCfg = Debug|Win32
		{FBE3C704-FECA-1BAD-39EF-A418F65CE3E8}.Debug.Build.0 = Debug|Win32
		{FBE3C704-FECA-1BAD-39EF-A418F65CE3E8}.Release.ActiveCfg = Release|Win32
		{FBE3C704-FECA-1BAD-39EF-A418F65CE3E8}.Release.Build.0 = Release|Win32
		{5A9AFD8F-FECA-1BAD-39EF-A418F65CE3E8}.Debug.ActiveCfg = Debug|Win32
		{5A9AFD8F-FECA-1BAD-39EF-A418F65CE3E8}.Debug.Build.0 = Debug|Win32
		{5A9AFD8F-FECA-1BAD-39EF-A418F65CE3E8}.Release.ActiveCfg = Release|Win32
		{5A9AFD8F-FECA-1BAD-39EF-A418F65CE3E8}.Release.Build.0 = Release|Win32
		{8D7B3205-FECA-1BAD-69F8-CD973A543478}.Debug.ActiveCfg = Debug|Win32
		{8D7B3205-FECA-1BAD-69F8-CD973A543478}.Debug.Build.0 = Debug|Win32
		{8D7B3205-FECA-1BAD-69F8-CD973A543478}.Release.ActiveCfg = Release|Win32
		{8D7B3205-FECA-1BAD-69F8-CD973A543478}.Release.Build.0 = Release|Win32
		{AF9B8B17-FECA-1BAD-69F8-CD973A543478}.Debug.ActiveCfg = Debug|Win32
		{AF9B8B17-FECA-1BAD-69F8-CD973A543478}.Debug.Build.0 = Debug|Win32
		{AF9B8B17-FECA-1BAD-69F8-CD973A543478}.Release.ActiveCfg = Release|Win32
		{AF9B8B17-FECA-1BAD-69F8-CD973A543478}.Release.Build.0 = Release|Win32
		{1D7513A1-FECA-1BAD-73B1-CD759D13AB94}.Debug.ActiveCfg = Debug|Win32
		{1D7513A1-FECA-1BAD-73B1-CD759D13AB94}.Debug.Build.0 = Debug|Win32
		{1D7513A1-FECA-1BAD-73B1-CD759D13AB94}.Release.ActiveCfg = Release|Win32
		{1D7513A1-FECA-1BAD-73B1-CD759D13AB94}.Release.Build.0 = Release|Win32
		{8E03738D-FECA-1BAD-7178-FA1357AA74A2}.Debug.ActiveCfg = Debug|Win32
		{8E03738D-FECA-1BAD-7178-FA1357AA74A2}.Debug.Build.0 = Debug|Win32
		{8E03738D-FECA-1BAD-7178-FA1357AA74A2}.Release.ActiveCfg = Release|Win32
		{8E03738D-FECA-1BAD-7178-FA1357AA74A2}.Release.Build.0 = Release|Win32
		{EE13886F-FECA-1BAD-7178-FA1357AA74A2}.Debug.ActiveCfg = Debug|Win32
		{EE13886F-FECA-1BAD-7178-FA1357AA74A2}.Debug.Build.0 = Debug|Win32
		{EE13886F-FECA-1BAD-7178-FA1357AA74A2}.Release.ActiveCfg = Release|Win32
		{EE13886F-FECA-1BAD-7178-FA1357AA74A2}.Release.Build.0 = Release|Win32
		{6D5D56C8-FECA-1BAD-2526-CFF1E5CFA759}.Debug.ActiveCfg = Debug|Win32
		{6D5D56C8-FECA-1BAD-2526-CFF1E5CFA759}.Debug.Build.0 = Debug|Win32
		{6D5D56C8-FECA-1BAD-2526-CFF1E5CFA759}.Release.ActiveCfg = Release|Win32
		{6D5D56C8-FECA-1BAD-2526-CFF1E5CFA759}.Release.Build.0 = Release|Win32
		{CB566B31-FECA-1BAD-2526-CFF1E5CFA759}.Debug.ActiveCfg = Debug|Win32
		{CB566B31-FECA-1BAD-2526-CFF1E5CFA759}.Debug.Build.0 = Debug|Win32
		{CB566B31-FECA-1BAD-2526-CFF1E5CFA759}.Release.ActiveCfg = Release|Win32
		{CB566B31-FECA-1BAD-2526-CFF1E5CFA759}.Release.Build.0 = Release|Win32
		{6E46353A-FECA-1BAD-1A06-FE47F659BA59}.Debug.ActiveCfg = Debug|Win32
		{6E46353A-FECA-1BAD-1A06-FE47F659BA59}.Debug.Build.0 = Debug|Win32
		{6E46353A-FECA-1BAD-1A06-FE47F659BA59}.Release.ActiveCfg = Release|Win32
		{6E46353A-FECA-1BAD-1A06-FE47F659BA59}.Release.Build.0 = Release|Win32
		{A8A4682A-FECA-1BAD-1A06-FE47F659BA59}.Debug.ActiveCfg = Debug|Win32
		{A8A4682A-FECA-1BAD-1A06-FE47F659BA59}.Debug.Build.0 = Debug|Win32
		{A8A4682A-FECA-1BAD-1A06-FE47F659BA59}.Release.ActiveCfg = Release|Win32
		{A8A4682A-FECA-1BAD-1A06-FE47F659BA59}.Release.Build.0 = Release|Win32
		{9C701E5B-FECA-1BAD-AC19-DD258D43743C}.Debug.ActiveCfg = Debug|Win32
		{9C701E5B-FECA-1BAD-AC19-DD258D43743C}.Debug.Build.0 = Debug|Win32
		{9C701E5B-FECA-1BAD-AC19-DD258D43743C}.Release.ActiveCfg = Release|Win32
		{9C701E5B-FECA-1BAD-AC19-DD258D43743C}.Release.Build.0 = Release|Win32
		{83C59A1C-FECA-1BAD-AC19-DD258D43743C}.Debug.ActiveCfg = Debug|Win32
		{83C59A1C-FECA-1BAD-AC19-DD258D43743C}.Debug.Build.0 = Debug|Win32
		{83C59A1C-FECA-1BAD-AC19-DD258D43743C}.Release.ActiveCfg = Release|Win32
		{83C59A1C-FECA-1BAD-AC19-DD258D43743C}.Release.Build.0 = Release|Win32
		{417F83A0-FECA-1BAD-73A4-0DDC5F98A9A3}.Debug.ActiveCfg = Debug|Win32
		{417F83A0-FECA-1BAD-73A4-0DDC5F98A9A3}.Debug.Build.0 = Debug|Win32
		{417F83A0-FECA-1BAD-73A4-0DDC5F98A9A3}.Release.ActiveCfg = Release|Win32
		{417F83A0-FECA-1BAD-73A4-0DDC5F98A9A3}.Release.Build.0 = Release|Win32
		{1E3E4713-FECA-1BAD-73A4-0DDC5F98A9A3}.Debug.ActiveCfg = Debug|Win32
		{1E3E4713-FECA-1BAD-73A4-0DDC5F98A9A3}.Debug.Build.0 = Debug|Win32
		{1E3E4713-FECA-1BAD-73A4-0DDC5F98A9A3}.Release.ActiveCfg = Release|Win32
		{1E3E4713-FECA-1BAD-73A4-0DDC5F98A9A3}.Release.Build.0 = Release|Win32
		{C3DE4F18-FECA-1BAD-B82C-27C0A87B9FF4}.Debug.ActiveCfg = Debug|Win32
		{C3DE4F18-FECA-1BAD-B82C-27C0A87B9FF4}.Debug.Build.0 = Debug|Win32
		{C3DE4F18-FECA-1BAD-B82C-27C0A87B9FF4}.Release.ActiveCfg = Release|Win32
		{C3DE4F18-FECA-1BAD-B82C-27C0A87B9FF4}.Release.Build.0 = Release|Win32
		{B95EC49D-FECA-1BAD-007B-8FC827DE05A4}.Debug.ActiveCfg = Debug|Win32
		{B95EC49D-FECA-1BAD-007B-8FC827DE05A4}.Debug.Build.0 = Debug|Win32
		{B95EC49D-FECA-1BAD-007B-8FC827DE05A4}.Release.ActiveCfg = Release|Win32
		{B95EC49D-FECA-1BAD-007B-8FC827DE05A4}.Release.Build.0 = Release|Win32
		{40516D07-FECA-1BAD-99D4-1F324F5441F1}.Debug.ActiveCfg = Debug|Win32
		{40516D07-FECA-1BAD-99D4-1F324F5441F1}.Debug.Build.0 = Debug|Win32
		{40516D07-FECA-1BAD-99D4-1F324F5441F1}.Release.ActiveCfg = Release|Win32
		{40516D07-FECA-1BAD-99D4-1F324F5441F1}.Release.Build.0 = Release|Win32
		{C9D1E6BB-FECA-1BAD-99D4-1F324F5441F1}.Debug.ActiveCfg = Debug|Win32
		{C9D1E6BB-FECA-1BAD-99D4-1F324F5441F1}.Debug.Build.0 = Debug|Win32
		{C9D1E6BB-FECA-1BAD-99D4-1F324F5441F1}.Release.ActiveCfg = Release|Win32
		{C9D1E6BB-FECA-1BAD-99D4-1F324F5441F1}.Release.Build.0 = Release|Win32
		{5EB1DBEE-FECA-1BAD-F745-F139A37D2D42}.Debug.ActiveCfg = Debug|Win32
		{5EB1DBEE-FECA-1BAD-F745-F139A37D2D42}.Debug.Build.0 = Debug|Win32
		{5EB1DBEE-FECA-1BAD-F745-F139A37D2D42}.Release.ActiveCfg = Release|Win32
		{5EB1DBEE-FECA-1BAD-F745-F139A37D2D42}.Release.Build.0 = Release|Win32
		{467058DD-FECA-1BAD-F745-F139A37D2D42}.Debug.ActiveCfg = Debug|Win32
		{467058DD-FECA-1BAD-F745-F139A37D2D42}.Debug.Build.0 = Debug|Win32
		{467058DD-FECA-1BAD-F745-F139A37D2D42}.Release.ActiveCfg = Release|Win32
		{467058DD-FECA-1BAD-F745-F139A37D2D42}.Release.Build.0 = Release|Win32
		{1E468A13-FECA-1BAD-F745-F139A37D2D42}.Debug.ActiveCfg = Debug|Win32
		{1E468A13-FECA-1BAD-F745-F139A37D2D42}.Debug.Build.0 = Debug|Win32
		{1E468A13-FECA-1BAD-F745-F139A37D2D42}.Release.ActiveCfg = Release|Win32
		{1E468A13-FECA-1BAD-F745-F139A37D2D42}.Release.Build.0 = Release|Win32
		{2B0CF54B-FECA-1BAD-1D12-AAEBFA8DC537}.Debug.ActiveCfg = Debug|Win32
		{2B0CF54B-FECA-1BAD-1D12-AAEBFA8DC537}.Debug.Build.0 = Debug|Win32
		{2B0CF54B-FECA-1BAD-1D12-AAEBFA8DC537}.Release.ActiveCfg = Release|Win32
		{2B0CF54B-FECA-1BAD-1D12-AAEBFA8DC537}.Release.Build.0 = Release|Win32
		{68D52D60-FECA-1BAD-1D12-AAEBFA8DC537}.Debug.ActiveCfg = Debug|Win32
		{68D52D60-FECA-1BAD-1D12-AAEBFA8DC537}.Debug.Build.0 = Debug|Win32
		{68D52D60-FECA-1BAD-1D12-AAEBFA8DC537}.Release.ActiveCfg = Release|Win32
		{68D52D60-FECA-1BAD-1D12-AAEBFA8DC537}.Release.Build.0 = Release|Win32
		{2AE47D1B-FECA-1BAD-9812-B4639E5D1A6D}.Debug.ActiveCfg = Debug|Win32
		{2AE47D1B-FECA-1BAD-9812-B4639E5D1A6D}.Debug.Build.0 = Debug|Win32
		{2AE47D1B-FECA-1BAD-9812-B4639E5D1A6D}.Release.ActiveCfg = Release|Win32
		{2AE47D1B-FECA-1BAD-9812-B4639E5D1A6D}.Release.Build.0 = Release|Win32
		{E0852C88-FECA-1BAD-9812-B4639E5D1A6D}.Debug.ActiveCfg = Debug|Win32
		{E0852C88-FECA-1BAD-9812-B4639E5D1A6D}.Debug.Build.0 = Debug|Win32
		{E0852C88-FECA-1BAD-9812-B4639E5D1A6D}.Release.ActiveCfg = Release|Win32
		{E0852C88-FECA-1BAD-9812-B4639E5D1A6D}.Release.Build.0 = Release|Win32
		{34A353D0-FECA-1BAD-74A3-5011DFAA537B}.Debug.ActiveCfg = Debug|Win32
		{34A353D0-FECA-1BAD-74A3-5011DFAA537B}.Debug.Build.0 = Debug|Win32
		{34A353D0-FECA-1BAD-74A3-5011DFAA537B}.Release.ActiveCfg = Release|Win32
		{34A353D0-FECA-1BAD-74A3-5011DFAA537B}.Release.Build.0 = Release|Win32
		{86F20BCC-FECA-1BAD-74A3-5011DFAA537B}.Debug.ActiveCfg = Debug|Win32
		{86F20BCC-FECA-1BAD-74A3-5011DFAA537B}.Debug.Build.0 = Debug|Win32
		{86F20BCC-FECA-1BAD-74A3-5011DFAA537B}.Release.ActiveCfg = Release|Win32
		{86F20BCC-FECA-1BAD-74A3-5011DFAA537B}.Release.Build.0 = Release|Win32
		{EEB1DBEC-FECA-1BAD-F76E-F139A37D2D69}.Debug.ActiveCfg = Debug|Win32
		{EEB1DBEC-FECA-1BAD-F76E-F139A37D2D69}.Debug.Build.0 = Debug|Win32
		{EEB1DBEC-FECA-1BAD-F76E-F139A37D2D69}.Release.ActiveCfg = Release|Win32
		{EEB1DBEC-FECA-1BAD-F76E-F139A37D2D69}.Release.Build.0 = Release|Win32
		{4672E8DD-FECA-1BAD-F76E-F139A37D2D69}.Debug.ActiveCfg = Debug|Win32
		{4672E8DD-FECA-1BAD-F76E-F139A37D2D69}.Debug.Build.0 = Debug|Win32
		{4672E8DD-FECA-1BAD-F76E-F139A37D2D69}.Release.ActiveCfg = Release|Win32
		{4672E8DD-FECA-1BAD-F76E-F139A37D2D69}.Release.Build.0 = Release|Win32
		{EB410566-FECA-1BAD-1FCE-AE3479D5626C}.Debug.ActiveCfg = Debug|Win32
		{EB410566-FECA-1BAD-1FCE-AE3479D5626C}.Debug.Build.0 = Debug|Win32
		{EB410566-FECA-1BAD-1FCE-AE3479D5626C}.Release.ActiveCfg = Release|Win32
		{EB410566-FECA-1BAD-1FCE-AE3479D5626C}.Release.Build.0 = Release|Win32
		{98F8ED2D-FECA-1BAD-1FCE-AE3479D5626C}.Debug.ActiveCfg = Debug|Win32
		{98F8ED2D-FECA-1BAD-1FCE-AE3479D5626C}.Debug.Build.0 = Debug|Win32
		{98F8ED2D-FECA-1BAD-1FCE-AE3479D5626C}.Release.ActiveCfg = Release|Win32
		{98F8ED2D-FECA-1BAD-1FCE-AE3479D5626C}.Release.Build.0 = Release|Win32
		{672C0BD1-FECA-1BAD-E280-C1FBEBC560FF}.Debug.ActiveCfg = Debug|Win32
		{672C0BD1-FECA-1BAD-E280-C1FBEBC560FF}.Debug.Build.0 = Debug|Win32
		{672C0BD1-FECA-1BAD-E280-C1FBEBC560FF}.Release.ActiveCfg = Release|Win32
		{672C0BD1-FECA-1BAD-E280-C1FBEBC560FF}.Release.Build.0 = Release|Win32
		{A2BDFFB7-FECA-1BAD-E280-C1FBEBC560FF}.Debug.ActiveCfg = Debug|Win32
		{A2BDFFB7-FECA-1BAD-E280-C1FBEBC560FF}.Debug.Build.0 = Debug|Win32
		{A2BDFFB7-FECA-1BAD-E280-C1FBEBC560FF}.Release.ActiveCfg = Release|Win32
		{A2BDFFB7-FECA-1BAD-E280-C1FBEBC560FF}.Release.Build.0 = Release|Win32
		{4B7751BB-FECA-1BAD-5214-AD51FD378A31}.Debug.ActiveCfg = Debug|Win32
		{4B7751BB-FECA-1BAD-5214-AD51FD378A31}.Debug.Build.0 = Debug|Win32
		{4B7751BB-FECA-1BAD-5214-AD51FD378A31}.Release.ActiveCfg = Release|Win32
		{4B7751BB-FECA-1BAD-5214-AD51FD378A31}.Release.Build.0 = Release|Win32
		{CC254D1B-FECA-1BAD-5214-AD51FD378A31}.Debug.ActiveCfg = Debug|Win32
		{CC254D1B-FECA-1BAD-5214-AD51FD378A31}.Debug.Build.0 = Debug|Win32
		{CC254D1B-FECA-1BAD-5214-AD51FD378A31}.Release.ActiveCfg = Release|Win32
		{CC254D1B-FECA-1BAD-5214-AD51FD378A31}.Release.Build.0 = Release|Win32
		{B90474CE-FECA-1BAD-054B-8A63D827DF4C}.Debug.ActiveCfg = Debug|Win32
		{B90474CE-FECA-1BAD-054B-8A63D827DF4C}.Debug.Build.0 = Debug|Win32
		{B90474CE-FECA-1BAD-054B-8A63D827DF4C}.Release.ActiveCfg = Release|Win32
		{B90474CE-FECA-1BAD-054B-8A63D827DF4C}.Release.Build.0 = Release|Win32
		{E950BF68-FECA-1BAD-054B-8A63D827DF4C}.Debug.ActiveCfg = Debug|Win32
		{E950BF68-FECA-1BAD-054B-8A63D827DF4C}.Debug.Build.0 = Debug|Win32
		{E950BF68-FECA-1BAD-054B-8A63D827DF4C}.Release.ActiveCfg = Release|Win32
		{E950BF68-FECA-1BAD-054B-8A63D827DF4C}.Release.Build.0 = Release|Win32
		{45A1519D-FECA-1BAD-5074-403197D02DD6}.Debug.ActiveCfg = Debug|Win32
		{45A1519D-FECA-1BAD-5074-403197D02DD6}.Debug.Build.0 = Debug|Win32
		{45A1519D-FECA-1BAD-5074-403197D02DD6}.Release.ActiveCfg = Release|Win32
		{45A1519D-FECA-1BAD-5074-403197D02DD6}.Release.Build.0 = Release|Win32
		{CC0343CD-FECA-1BAD-5074-403197D02DD6}.Debug.ActiveCfg = Debug|Win32
		{CC0343CD-FECA-1BAD-5074-403197D02DD6}.Debug.Build.0 = Debug|Win32
		{CC0343CD-FECA-1BAD-5074-403197D02DD6}.Release.ActiveCfg = Release|Win32
		{CC0343CD-FECA-1BAD-5074-403197D02DD6}.Release.Build.0 = Release|Win32
		{4357D4BF-FECA-1BAD-0254-2F597F3FDA71}.Debug.ActiveCfg = Debug|Win32
		{4357D4BF-FECA-1BAD-0254-2F597F3FDA71}.Debug.Build.0 = Debug|Win32
		{4357D4BF-FECA-1BAD-0254-2F597F3FDA71}.Release.ActiveCfg = Release|Win32
		{4357D4BF-FECA-1BAD-0254-2F597F3FDA71}.Release.Build.0 = Release|Win32
		{4921453B-FECA-1BAD-0254-2F597F3FDA71}.Debug.ActiveCfg = Debug|Win32
		{4921453B-FECA-1BAD-0254-2F597F3FDA71}.Debug.Build.0 = Debug|Win32
		{4921453B-FECA-1BAD-0254-2F597F3FDA71}.Release.ActiveCfg = Release|Win32
		{4921453B-FECA-1BAD-0254-2F597F3FDA71}.Release.Build.0 = Release|Win32
		{3C740EFC-FECA-1BAD-A663-DD64F75A241C}.Debug.ActiveCfg = Debug|Win32
		{3C740EFC-FECA-1BAD-A663-DD64F75A241C}.Debug.Build.0 = Debug|Win32
		{3C740EFC-FECA-1BAD-A663-DD64F75A241C}.Release.ActiveCfg = Release|Win32
		{3C740EFC-FECA-1BAD-A663-DD64F75A241C}.Release.Build.0 = Release|Win32
		{0B87D90C-FECA-1BAD-A663-DD64F75A241C}.Debug.ActiveCfg = Debug|Win32
		{0B87D90C-FECA-1BAD-A663-DD64F75A241C}.Debug.Build.0 = Debug|Win32
		{0B87D90C-FECA-1BAD-A663-DD64F75A241C}.Release.ActiveCfg = Release|Win32
		{0B87D90C-FECA-1BAD-A663-DD64F75A241C}.Release.Build.0 = Release|Win32
		{1417D4BF-FECA-1BAD-0251-5B59D4E22589}.Debug.ActiveCfg = Debug|Win32
		{1417D4BF-FECA-1BAD-0251-5B59D4E22589}.Debug.Build.0 = Debug|Win32
		{1417D4BF-FECA-1BAD-0251-5B59D4E22589}.Release.ActiveCfg = Release|Win32
		{1417D4BF-FECA-1BAD-0251-5B59D4E22589}.Release.Build.0 = Release|Win32
		{4921127B-FECA-1BAD-0251-5B59D4E22589}.Debug.ActiveCfg = Debug|Win32
		{4921127B-FECA-1BAD-0251-5B59D4E22589}.Debug.Build.0 = Debug|Win32
		{4921127B-FECA-1BAD-0251-5B59D4E22589}.Release.ActiveCfg = Release|Win32
		{4921127B-FECA-1BAD-0251-5B59D4E22589}.Release.Build.0 = Release|Win32
		{5CE74249-FECA-1BAD-6D35-D450C4ECDB0A}.Debug.ActiveCfg = Debug|Win32
		{5CE74249-FECA-1BAD-6D35-D450C4ECDB0A}.Debug.Build.0 = Debug|Win32
		{5CE74249-FECA-1BAD-6D35-D450C4ECDB0A}.Release.ActiveCfg = Release|Win32
		{5CE74249-FECA-1BAD-6D35-D450C4ECDB0A}.Release.Build.0 = Release|Win32
		{DFD75A8B-FECA-1BAD-6D35-D450C4ECDB0A}.Debug.ActiveCfg = Debug|Win32
		{DFD75A8B-FECA-1BAD-6D35-D450C4ECDB0A}.Debug.Build.0 = Debug|Win32
		{DFD75A8B-FECA-1BAD-6D35-D450C4ECDB0A}.Release.ActiveCfg = Release|Win32
		{DFD75A8B-FECA-1BAD-6D35-D450C4ECDB0A}.Release.Build.0 = Release|Win32
		{4870AFDE-FECA-1BAD-B444-9D2E3097B19E}.Debug.ActiveCfg = Debug|Win32
		{4870AFDE-FECA-1BAD-B444-9D2E3097B19E}.Debug.Build.0 = Debug|Win32
		{4870AFDE-FECA-1BAD-B444-9D2E3097B19E}.Release.ActiveCfg = Release|Win32
		{4870AFDE-FECA-1BAD-B444-9D2E3097B19E}.Release.Build.0 = Release|Win32
		{2D66453C-FECA-1BAD-1A62-CC409E04C065}.Debug.ActiveCfg = Debug|Win32
		{2D66453C-FECA-1BAD-1A62-CC409E04C065}.Debug.Build.0 = Debug|Win32
		{2D66453C-FECA-1BAD-1A62-CC409E04C065}.Release.ActiveCfg = Release|Win32
		{2D66453C-FECA-1BAD-1A62-CC409E04C065}.Release.Build.0 = Release|Win32
		{1AA3650D-FECA-1BAD-1A62-CC409E04C065}.Debug.ActiveCfg = Debug|Win32
		{1AA3650D-FECA-1BAD-1A62-CC409E04C065}.Debug.Build.0 = Debug|Win32
		{1AA3650D-FECA-1BAD-1A62-CC409E04C065}.Release.ActiveCfg = Release|Win32
		{1AA3650D-FECA-1BAD-1A62-CC409E04C065}.Release.Build.0 = Release|Win32
		{D904719F-FECA-1BAD-727D-8A63505D827F}.Debug.ActiveCfg = Debug|Win32
		{D904719F-FECA-1BAD-727D-8A63505D827F}.Debug.Build.0 = Debug|Win32
		{D904719F-FECA-1BAD-727D-8A63505D827F}.Release.ActiveCfg = Release|Win32
		{D904719F-FECA-1BAD-727D-8A63505D827F}.Release.Build.0 = Release|Win32
		{5C802D32-FECA-1BAD-727D-8A63505D827F}.Debug.ActiveCfg = Debug|Win32
		{5C802D32-FECA-1BAD-727D-8A63505D827F}.Debug.Build.0 = Debug|Win32
		{5C802D32-FECA-1BAD-727D-8A63505D827F}.Release.ActiveCfg = Release|Win32
		{5C802D32-FECA-1BAD-727D-8A63505D827F}.Release.Build.0 = Release|Win32
		{190474CA-FECA-1BAD-0501-8A63358422CE}.Debug.ActiveCfg = Debug|Win32
		{190474CA-FECA-1BAD-0501-8A63358422CE}.Debug.Build.0 = Debug|Win32
		{190474CA-FECA-1BAD-0501-8A63358422CE}.Release.ActiveCfg = Release|Win32
		{190474CA-FECA-1BAD-0501-8A63358422CE}.Release.Build.0 = Release|Win32
		{2C02C940-FECA-1BAD-DDA2-DA08358422CE}.Debug.ActiveCfg = Debug|Win32
		{2C02C940-FECA-1BAD-DDA2-DA08358422CE}.Debug.Build.0 = Debug|Win32
		{2C02C940-FECA-1BAD-DDA2-DA08358422CE}.Release.ActiveCfg = Release|Win32
		{2C02C940-FECA-1BAD-DDA2-DA08358422CE}.Release.Build.0 = Release|Win32
		{54DE2A6E-FECA-1BAD-DDA2-DA08358422CE}.Debug.ActiveCfg = Debug|Win32
		{54DE2A6E-FECA-1BAD-DDA2-DA08358422CE}.Debug.Build.0 = Debug|Win32
		{54DE2A6E-FECA-1BAD-DDA2-DA08358422CE}.Release.ActiveCfg = Release|Win32
		{54DE2A6E-FECA-1BAD-DDA2-DA08358422CE}.Release.Build.0 = Release|Win32
		{E9541F68-FECA-1BAD-0501-8A63358422CE}.Debug.ActiveCfg = Debug|Win32
		{E9541F68-FECA-1BAD-0501-8A63358422CE}.Debug.Build.0 = Debug|Win32
		{E9541F68-FECA-1BAD-0501-8A63358422CE}.Release.ActiveCfg = Release|Win32
		{E9541F68-FECA-1BAD-0501-8A63358422CE}.Release.Build.0 = Release|Win32
		{9D3D5746-FECA-1BAD-3DC9-C9F1E3CFBFB6}.Debug.ActiveCfg = Debug|Win32
		{9D3D5746-FECA-1BAD-3DC9-C9F1E3CFBFB6}.Debug.Build.0 = Debug|Win32
		{9D3D5746-FECA-1BAD-3DC9-C9F1E3CFBFB6}.Release.ActiveCfg = Release|Win32
		{9D3D5746-FECA-1BAD-3DC9-C9F1E3CFBFB6}.Release.Build.0 = Release|Win32
		{CAD89B51-FECA-1BAD-3DC9-C9F1E3CFBFB6}.Debug.ActiveCfg = Debug|Win32
		{CAD89B51-FECA-1BAD-3DC9-C9F1E3CFBFB6}.Debug.Build.0 = Debug|Win32
		{CAD89B51-FECA-1BAD-3DC9-C9F1E3CFBFB6}.Release.ActiveCfg = Release|Win32
		{CAD89B51-FECA-1BAD-3DC9-C9F1E3CFBFB6}.Release.Build.0 = Release|Win32
		{1CAE5664-FECA-1BAD-2FB1-8A317DF27231}.Debug.ActiveCfg = Debug|Win32
		{1CAE5664-FECA-1BAD-2FB1-8A317DF27231}.Debug.Build.0 = Debug|Win32
		{1CAE5664-FECA-1BAD-2FB1-8A317DF27231}.Release.ActiveCfg = Release|Win32
		{1CAE5664-FECA-1BAD-2FB1-8A317DF27231}.Release.Build.0 = Release|Win32
		{7EB75779-FECA-1BAD-3E37-F15126B04395}.Debug.ActiveCfg = Debug|Win32
		{7EB75779-FECA-1BAD-3E37-F15126B04395}.Debug.Build.0 = Debug|Win32
		{7EB75779-FECA-1BAD-3E37-F15126B04395}.Release.ActiveCfg = Release|Win32
		{7EB75779-FECA-1BAD-3E37-F15126B04395}.Release.Build.0 = Release|Win32
		{CAE778DB-FECA-1BAD-3E37-F15126B04395}.Debug.ActiveCfg = Debug|Win32
		{CAE778DB-FECA-1BAD-3E37-F15126B04395}.Debug.Build.0 = Debug|Win32
		{CAE778DB-FECA-1BAD-3E37-F15126B04395}.Release.ActiveCfg = Release|Win32
		{CAE778DB-FECA-1BAD-3E37-F15126B04395}.Release.Build.0 = Release|Win32
		{29042A40-FECA-1BAD-EDA2-8A6627DFE878}.Debug.ActiveCfg = Debug|Win32
		{29042A40-FECA-1BAD-EDA2-8A6627DFE878}.Debug.Build.0 = Debug|Win32
		{29042A40-FECA-1BAD-EDA2-8A6627DFE878}.Release.ActiveCfg = Release|Win32
		{29042A40-FECA-1BAD-EDA2-8A6627DFE878}.Release.Build.0 = Release|Win32
		{5C8592CD-FECA-1BAD-EDA2-8A6627DFE878}.Debug.ActiveCfg = Debug|Win32
		{5C8592CD-FECA-1BAD-EDA2-8A6627DFE878}.Debug.Build.0 = Debug|Win32
		{5C8592CD-FECA-1BAD-EDA2-8A6627DFE878}.Release.ActiveCfg = Release|Win32
		{5C8592CD-FECA-1BAD-EDA2-8A6627DFE878}.Release.Build.0 = Release|Win32
	EndGlobalSection
	GlobalSection(ExtensibilityGlobals) = postSolution
	EndGlobalSection
	GlobalSection(ExtensibilityAddIns) = postSolution
	EndGlobalSection
EndGlobal
