Microsoft Visual Studio Solution File, Format Version 8.00
#
# $Id: VC71WorkspaceCreator.pm 2035 2011-10-06 15:05:21Z johnnyw $
#
# This file was generated by MPC.  Any changes made directly to
# this file will be lost the next time it is generated.
#
# MPC Command:
# bin/mwc.pl -type vc71 -recurse -exclude TAO/CIAO -features qos=1,mfc=1
Project("{8BC9CEB8-8B4A-11D0-8D11-00A0C91BC942}") = "OMG_Basic_Consumer", "EventServices\OMG_Basic\OMG_Basic_Consumer.vcproj", "{2E295295-FECA-1BAD-65BA-18D7F84981D8}"
	ProjectSection(ProjectDependencies) = postProject
	EndProjectSection
EndProject
Project("{8BC9CEB8-8B4A-11D0-8D11-00A0C91BC942}") = "OMG_Basic_Supplier", "EventServices\OMG_Basic\OMG_Basic_Supplier.vcproj", "{3F977BD5-FECA-1BAD-65BA-18D7F84981D8}"
	ProjectSection(ProjectDependencies) = postProject
	EndProjectSection
EndProject
Project("{8BC9CEB8-8B4A-11D0-8D11-00A0C91BC942}") = "OMG_SupplierSideEC_Consumer", "EventServices\OMG_SupplierSideEC\OMG_SupplierSideEC_Consumer.vcproj", "{B1806428-FECA-1BAD-5307-877EA2C31503}"
	ProjectSection(ProjectDependencies) = postProject
	EndProjectSection
EndProject
Project("{8BC9CEB8-8B4A-11D0-8D11-00A0C91BC942}") = "OMG_SupplierSideEC_Supplier", "EventServices\OMG_SupplierSideEC\OMG_SupplierSideEC_Supplier.vcproj", "{A03E4D68-FECA-1BAD-5307-877EA2C31503}"
	ProjectSection(ProjectDependencies) = postProject
	EndProjectSection
EndProject
Project("{8BC9CEB8-8B4A-11D0-8D11-00A0C91BC942}") = "OMG_TypedEC_Consumer", "EventServices\OMG_TypedEC\OMG_TypedEC_Consumer.vcproj", "{1F7B4CAC-FECA-1BAD-7B83-29855E021BEB}"
	ProjectSection(ProjectDependencies) = postProject
		{0EC565EC-FECA-1BAD-7B83-29855E021BEB} = {0EC565EC-FECA-1BAD-7B83-29855E021BEB}
	EndProjectSection
EndProject
Project("{8BC9CEB8-8B4A-11D0-8D11-00A0C91BC942}") = "OMG_TypedEC_Supplier", "EventServices\OMG_TypedEC\OMG_TypedEC_Supplier.vcproj", "{0EC565EC-FECA-1BAD-7B83-29855E021BEB}"
	ProjectSection(ProjectDependencies) = postProject
	EndProjectSection
EndProject
Project("{8BC9CEB8-8B4A-11D0-8D11-00A0C91BC942}") = "RTEC_Basic_Consumer", "EventServices\RTEC_Basic\RTEC_Basic_Consumer.vcproj", "{AA2957AE-FECA-1BAD-6081-9CD7B96A2685}"
	ProjectSection(ProjectDependencies) = postProject
	EndProjectSection
EndProject
Project("{8BC9CEB8-8B4A-11D0-8D11-00A0C91BC942}") = "RTEC_Basic_Supplier", "EventServices\RTEC_Basic\RTEC_Basic_Supplier.vcproj", "{BB977EEE-FECA-1BAD-6081-9CD7B96A2685}"
	ProjectSection(ProjectDependencies) = postProject
	EndProjectSection
EndProject
Project("{8BC9CEB8-8B4A-11D0-8D11-00A0C91BC942}") = "RTEC_Federated_Consumer", "EventServices\RTEC_Federated\RTEC_Federated_Consumer.vcproj", "{8BC943A9-FECA-1BAD-7486-BD377152DB5A}"
	ProjectSection(ProjectDependencies) = postProject
	EndProjectSection
EndProject
Project("{8BC9CEB8-8B4A-11D0-8D11-00A0C91BC942}") = "RTEC_Federated_Supplier", "EventServices\RTEC_Federated\RTEC_Federated_Supplier.vcproj", "{9A776AE9-FECA-1BAD-7486-BD377152DB5A}"
	ProjectSection(ProjectDependencies) = postProject
	EndProjectSection
EndProject
Project("{8BC9CEB8-8B4A-11D0-8D11-00A0C91BC942}") = "RTEC_Filter_Consumer", "EventServices\RTEC_Filter\RTEC_Filter_Consumer.vcproj", "{D792D20E-FECA-1BAD-E521-E16C96EB8549}"
	ProjectSection(ProjectDependencies) = postProject
	EndProjectSection
EndProject
Project("{8BC9CEB8-8B4A-11D0-8D11-00A0C91BC942}") = "RTEC_Filter_Supplier", "EventServices\RTEC_Filter\RTEC_Filter_Supplier.vcproj", "{C62CFB4E-FECA-1BAD-E521-E16C96EB8549}"
	ProjectSection(ProjectDependencies) = postProject
	EndProjectSection
EndProject
Project("{8BC9CEB8-8B4A-11D0-8D11-00A0C91BC942}") = "RTEC_MCast_Federated__Dev_Consumer", "EventServices\RTEC_MCast_Federated\RTEC_MCast_Federated__Dev_Consumer.vcproj", "{85EF327E-FECA-1BAD-5390-01145531553D}"
	ProjectSection(ProjectDependencies) = postProject
	EndProjectSection
EndProject
Project("{8BC9CEB8-8B4A-11D0-8D11-00A0C91BC942}") = "RTEC_MCast_Federated__Dev_Supplier", "EventServices\RTEC_MCast_Federated\RTEC_MCast_Federated__Dev_Supplier.vcproj", "{94511B3E-FECA-1BAD-5390-01145531553D}"
	ProjectSection(ProjectDependencies) = postProject
	EndProjectSection
EndProject
Project("{8BC9CEB8-8B4A-11D0-8D11-00A0C91BC942}") = "ImplRepo_Basic_Client", "ImplRepo\Basic\ImplRepo_Basic_Client.vcproj", "{DDDF95AF-FECA-1BAD-0CB3-E42D4ECEB9FD}"
	ProjectSection(ProjectDependencies) = postProject
		{09CF398C-FECA-1BAD-0CB3-E42D4ECEB9FD} = {09CF398C-FECA-1BAD-0CB3-E42D4ECEB9FD}
	EndProjectSection
EndProject
Project("{8BC9CEB8-8B4A-11D0-8D11-00A0C91BC942}") = "ImplRepo_Basic_Idl", "ImplRepo\Basic\ImplRepo_Basic_Idl.vcproj", "{09CF398C-FECA-1BAD-0CB3-E42D4ECEB9FD}"
	ProjectSection(ProjectDependencies) = postProject
	EndProjectSection
EndProject
Project("{8BC9CEB8-8B4A-11D0-8D11-00A0C91BC942}") = "ImplRepo_Basic_Server", "ImplRepo\Basic\ImplRepo_Basic_Server.vcproj", "{BDCF1F94-FECA-1BAD-0CB3-E42D4ECEB9FD}"
	ProjectSection(ProjectDependencies) = postProject
		{09CF398C-FECA-1BAD-0CB3-E42D4ECEB9FD} = {09CF398C-FECA-1BAD-0CB3-E42D4ECEB9FD}
	EndProjectSection
EndProject
Project("{8BC9CEB8-8B4A-11D0-8D11-00A0C91BC942}") = "ImplRepo_IORTable_Client", "ImplRepo\IORTable\ImplRepo_IORTable_Client.vcproj", "{2DCD3DF1-FECA-1BAD-5243-F68577B29049}"
	ProjectSection(ProjectDependencies) = postProject
		{8C2038A6-FECA-1BAD-5243-F68577B29049} = {8C2038A6-FECA-1BAD-5243-F68577B29049}
	EndProjectSection
EndProject
Project("{8BC9CEB8-8B4A-11D0-8D11-00A0C91BC942}") = "ImplRepo_IORTable_Idl", "ImplRepo\IORTable\ImplRepo_IORTable_Idl.vcproj", "{8C2038A6-FECA-1BAD-5243-F68577B29049}"
	ProjectSection(ProjectDependencies) = postProject
	EndProjectSection
EndProject
Project("{8BC9CEB8-8B4A-11D0-8D11-00A0C91BC942}") = "ImplRepo_IORTable_Server", "ImplRepo\IORTable\ImplRepo_IORTable_Server.vcproj", "{4DDDB7CA-FECA-1BAD-5243-F68577B29049}"
	ProjectSection(ProjectDependencies) = postProject
		{8C2038A6-FECA-1BAD-5243-F68577B29049} = {8C2038A6-FECA-1BAD-5243-F68577B29049}
	EndProjectSection
EndProject
Project("{8BC9CEB8-8B4A-11D0-8D11-00A0C91BC942}") = "ImplRepo_Client", "ImplRepo\ImplRepo_Client.vcproj", "{074BB2E1-FECA-1BAD-4269-700A7ADC0E4C}"
	ProjectSection(ProjectDependencies) = postProject
		{7D2290CE-FECA-1BAD-4269-700A7ADC0E4C} = {7D2290CE-FECA-1BAD-4269-700A7ADC0E4C}
	EndProjectSection
EndProject
Project("{8BC9CEB8-8B4A-11D0-8D11-00A0C91BC942}") = "ImplRepo_Idl", "ImplRepo\ImplRepo_Idl.vcproj", "{7D2290CE-FECA-1BAD-4269-700A7ADC0E4C}"
	ProjectSection(ProjectDependencies) = postProject
	EndProjectSection
EndProject
Project("{8BC9CEB8-8B4A-11D0-8D11-00A0C91BC942}") = "ImplRepo_Server", "ImplRepo\ImplRepo_Server.vcproj", "{675B38DA-FECA-1BAD-4269-700A7ADC0E4C}"
	ProjectSection(ProjectDependencies) = postProject
		{7D2290CE-FECA-1BAD-4269-700A7ADC0E4C} = {7D2290CE-FECA-1BAD-4269-700A7ADC0E4C}
	EndProjectSection
EndProject
Project("{8BC9CEB8-8B4A-11D0-8D11-00A0C91BC942}") = "InterfaceRepo_Browser", "InterfaceRepo\InterfaceRepo_Browser.vcproj", "{E22109CC-FECA-1BAD-D049-8D7CC567DB1F}"
	ProjectSection(ProjectDependencies) = postProject
	EndProjectSection
EndProject
Project("{8BC9CEB8-8B4A-11D0-8D11-00A0C91BC942}") = "NamingService_Messenger_Client", "NamingService\Messenger\NamingService_Messenger_Client.vcproj", "{D0F8FC8A-FECA-1BAD-816B-AE30312C7A7E}"
	ProjectSection(ProjectDependencies) = postProject
		{9B9FEBFA-FECA-1BAD-816B-AE30312C7A7E} = {9B9FEBFA-FECA-1BAD-816B-AE30312C7A7E}
	EndProjectSection
EndProject
Project("{8BC9CEB8-8B4A-11D0-8D11-00A0C91BC942}") = "NamingService_Messenger_Idl", "NamingService\Messenger\NamingService_Messenger_Idl.vcproj", "{9B9FEBFA-FECA-1BAD-816B-AE30312C7A7E}"
	ProjectSection(ProjectDependencies) = postProject
	EndProjectSection
EndProject
Project("{8BC9CEB8-8B4A-11D0-8D11-00A0C91BC942}") = "NamingService_Messenger_Server", "NamingService\Messenger\NamingService_Messenger_Server.vcproj", "{B0E876B1-FECA-1BAD-816B-AE30312C7A7E}"
	ProjectSection(ProjectDependencies) = postProject
		{9B9FEBFA-FECA-1BAD-816B-AE30312C7A7E} = {9B9FEBFA-FECA-1BAD-816B-AE30312C7A7E}
	EndProjectSection
EndProject
Project("{8BC9CEB8-8B4A-11D0-8D11-00A0C91BC942}") = "Naming_Client_Client", "NamingService\Naming_Client\Naming_Client_Client.vcproj", "{009AC92B-FECA-1BAD-886E-A171D0059D13}"
	ProjectSection(ProjectDependencies) = postProject
		{C182EDD9-FECA-1BAD-886E-A171D0059D13} = {C182EDD9-FECA-1BAD-886E-A171D0059D13}
	EndProjectSection
EndProject
Project("{8BC9CEB8-8B4A-11D0-8D11-00A0C91BC942}") = "Naming_Client_Idl", "NamingService\Naming_Client\Naming_Client_Idl.vcproj", "{C182EDD9-FECA-1BAD-886E-A171D0059D13}"
	ProjectSection(ProjectDependencies) = postProject
	EndProjectSection
EndProject
Project("{8BC9CEB8-8B4A-11D0-8D11-00A0C91BC942}") = "Naming_Client_Server", "NamingService\Naming_Client\Naming_Client_Server.vcproj", "{608A4310-FECA-1BAD-886E-A171D0059D13}"
	ProjectSection(ProjectDependencies) = postProject
		{C182EDD9-FECA-1BAD-886E-A171D0059D13} = {C182EDD9-FECA-1BAD-886E-A171D0059D13}
	EndProjectSection
EndProject
Project("{8BC9CEB8-8B4A-11D0-8D11-00A0C91BC942}") = "Naming_Context_Ext_Client", "NamingService\Naming_Context_Ext\Naming_Context_Ext_Client.vcproj", "{862CA8A0-FECA-1BAD-03E8-1710CA8CB29B}"
	ProjectSection(ProjectDependencies) = postProject
		{D93A86BF-FECA-1BAD-03E8-1710CA8CB29B} = {D93A86BF-FECA-1BAD-03E8-1710CA8CB29B}
	EndProjectSection
EndProject
Project("{8BC9CEB8-8B4A-11D0-8D11-00A0C91BC942}") = "Naming_Context_Ext_Idl", "NamingService\Naming_Context_Ext\Naming_Context_Ext_Idl.vcproj", "{D93A86BF-FECA-1BAD-03E8-1710CA8CB29B}"
	ProjectSection(ProjectDependencies) = postProject
	EndProjectSection
EndProject
Project("{8BC9CEB8-8B4A-11D0-8D11-00A0C91BC942}") = "Naming_Context_Ext_Server", "NamingService\Naming_Context_Ext\Naming_Context_Ext_Server.vcproj", "{E63C229B-FECA-1BAD-03E8-1710CA8CB29B}"
	ProjectSection(ProjectDependencies) = postProject
		{D93A86BF-FECA-1BAD-03E8-1710CA8CB29B} = {D93A86BF-FECA-1BAD-03E8-1710CA8CB29B}
	EndProjectSection
EndProject
Project("{8BC9CEB8-8B4A-11D0-8D11-00A0C91BC942}") = "Naming_Server_Messenger", "NamingService\Naming_Server\Naming_Server_Messenger.vcproj", "{1AE3F171-FECA-1BAD-2BD8-A079D10D3EA5}"
	ProjectSection(ProjectDependencies) = postProject
	EndProjectSection
EndProject
Project("{8BC9CEB8-8B4A-11D0-8D11-00A0C91BC942}") = "Corbaloc_Messenger_Client", "NamingService\corbaloc_Messenger\Corbaloc_Messenger_Client.vcproj", "{ADD1F2B0-FECA-1BAD-11C3-EA4A37D6A0B0}"
	ProjectSection(ProjectDependencies) = postProject
		{7838396A-FECA-1BAD-11C3-EA4A37D6A0B0} = {7838396A-FECA-1BAD-11C3-EA4A37D6A0B0}
	EndProjectSection
EndProject
Project("{8BC9CEB8-8B4A-11D0-8D11-00A0C91BC942}") = "Corbaloc_Messenger_Idl", "NamingService\corbaloc_Messenger\Corbaloc_Messenger_Idl.vcproj", "{7838396A-FECA-1BAD-11C3-EA4A37D6A0B0}"
	ProjectSection(ProjectDependencies) = postProject
	EndProjectSection
EndProject
Project("{8BC9CEB8-8B4A-11D0-8D11-00A0C91BC942}") = "Corbaloc_Messenger_Server", "NamingService\corbaloc_Messenger\Corbaloc_Messenger_Server.vcproj", "{CDC1788B-FECA-1BAD-11C3-EA4A37D6A0B0}"
	ProjectSection(ProjectDependencies) = postProject
		{7838396A-FECA-1BAD-11C3-EA4A37D6A0B0} = {7838396A-FECA-1BAD-11C3-EA4A37D6A0B0}
	EndProjectSection
EndProject
Project("{8BC9CEB8-8B4A-11D0-8D11-00A0C91BC942}") = "Corbaname_Messenger_Client", "NamingService\corbaname_Messenger\Corbaname_Messenger_Client.vcproj", "{71D20FD7-FECA-1BAD-541F-E9B71C2F4308}"
	ProjectSection(ProjectDependencies) = postProject
		{AE45F955-FECA-1BAD-541F-E9B71C2F4308} = {AE45F955-FECA-1BAD-541F-E9B71C2F4308}
	EndProjectSection
EndProject
Project("{8BC9CEB8-8B4A-11D0-8D11-00A0C91BC942}") = "Corbaname_Messenger_Idl", "NamingService\corbaname_Messenger\Corbaname_Messenger_Idl.vcproj", "{AE45F955-FECA-1BAD-541F-E9B71C2F4308}"
	ProjectSection(ProjectDependencies) = postProject
	EndProjectSection
EndProject
Project("{8BC9CEB8-8B4A-11D0-8D11-00A0C91BC942}") = "Corbaname_Messenger_Server", "NamingService\corbaname_Messenger\Corbaname_Messenger_Server.vcproj", "{11C285EC-FECA-1BAD-541F-E9B71C2F4308}"
	ProjectSection(ProjectDependencies) = postProject
		{AE45F955-FECA-1BAD-541F-E9B71C2F4308} = {AE45F955-FECA-1BAD-541F-E9B71C2F4308}
	EndProjectSection
EndProject
Project("{8BC9CEB8-8B4A-11D0-8D11-00A0C91BC942}") = "EventSequence_Client", "NotifyService\EventSequence\EventSequence_Client.vcproj", "{A8E3FA98-FECA-1BAD-3BC6-D842A0D62E42}"
	ProjectSection(ProjectDependencies) = postProject
		{FAB86A4A-FECA-1BAD-3BC6-D842A0D62E42} = {FAB86A4A-FECA-1BAD-3BC6-D842A0D62E42}
	EndProjectSection
EndProject
Project("{8BC9CEB8-8B4A-11D0-8D11-00A0C91BC942}") = "EventSequence_Consumer", "NotifyService\EventSequence\EventSequence_Consumer.vcproj", "{EEBC0CE9-FECA-1BAD-3BC6-D842A0D62E42}"
	ProjectSection(ProjectDependencies) = postProject
		{FAB86A4A-FECA-1BAD-3BC6-D842A0D62E42} = {FAB86A4A-FECA-1BAD-3BC6-D842A0D62E42}
	EndProjectSection
EndProject
Project("{8BC9CEB8-8B4A-11D0-8D11-00A0C91BC942}") = "EventSequence_Idl", "NotifyService\EventSequence\EventSequence_Idl.vcproj", "{FAB86A4A-FECA-1BAD-3BC6-D842A0D62E42}"
	ProjectSection(ProjectDependencies) = postProject
	EndProjectSection
EndProject
Project("{8BC9CEB8-8B4A-11D0-8D11-00A0C91BC942}") = "EventSequence_Server", "NotifyService\EventSequence\EventSequence_Server.vcproj", "{C8F370A3-FECA-1BAD-3BC6-D842A0D62E42}"
	ProjectSection(ProjectDependencies) = postProject
		{FAB86A4A-FECA-1BAD-3BC6-D842A0D62E42} = {FAB86A4A-FECA-1BAD-3BC6-D842A0D62E42}
	EndProjectSection
EndProject
Project("{8BC9CEB8-8B4A-11D0-8D11-00A0C91BC942}") = "Filtering_Client", "NotifyService\Filtering\Filtering_Client.vcproj", "{AB4AF9EC-FECA-1BAD-4FC5-7141EEA4BD30}"
	ProjectSection(ProjectDependencies) = postProject
		{CDF850DA-FECA-1BAD-4FC5-7141EEA4BD30} = {CDF850DA-FECA-1BAD-4FC5-7141EEA4BD30}
	EndProjectSection
EndProject
Project("{8BC9CEB8-8B4A-11D0-8D11-00A0C91BC942}") = "Filtering_Consumer", "NotifyService\Filtering\Filtering_Consumer.vcproj", "{47BF78EA-FECA-1BAD-4FC5-7141EEA4BD30}"
	ProjectSection(ProjectDependencies) = postProject
		{CDF850DA-FECA-1BAD-4FC5-7141EEA4BD30} = {CDF850DA-FECA-1BAD-4FC5-7141EEA4BD30}
	EndProjectSection
EndProject
Project("{8BC9CEB8-8B4A-11D0-8D11-00A0C91BC942}") = "Filtering_Idl", "NotifyService\Filtering\Filtering_Idl.vcproj", "{CDF850DA-FECA-1BAD-4FC5-7141EEA4BD30}"
	ProjectSection(ProjectDependencies) = postProject
	EndProjectSection
EndProject
Project("{8BC9CEB8-8B4A-11D0-8D11-00A0C91BC942}") = "Filtering_Server", "NotifyService\Filtering\Filtering_Server.vcproj", "{CB5A73D7-FECA-1BAD-4FC5-7141EEA4BD30}"
	ProjectSection(ProjectDependencies) = postProject
		{CDF850DA-FECA-1BAD-4FC5-7141EEA4BD30} = {CDF850DA-FECA-1BAD-4FC5-7141EEA4BD30}
	EndProjectSection
EndProject
Project("{8BC9CEB8-8B4A-11D0-8D11-00A0C91BC942}") = "NotifyServiceMessenger_Client", "NotifyService\Messenger\NotifyServiceMessenger_Client.vcproj", "{49C350F8-FECA-1BAD-5B27-F8E831D5739E}"
	ProjectSection(ProjectDependencies) = postProject
		{5CB67840-FECA-1BAD-5B27-F8E831D5739E} = {5CB67840-FECA-1BAD-5B27-F8E831D5739E}
	EndProjectSection
EndProject
Project("{8BC9CEB8-8B4A-11D0-8D11-00A0C91BC942}") = "NotifyServiceMessenger_Consumer", "NotifyService\Messenger\NotifyServiceMessenger_Consumer.vcproj", "{CE166C08-FECA-1BAD-5B27-F8E831D5739E}"
	ProjectSection(ProjectDependencies) = postProject
		{5CB67840-FECA-1BAD-5B27-F8E831D5739E} = {5CB67840-FECA-1BAD-5B27-F8E831D5739E}
	EndProjectSection
EndProject
Project("{8BC9CEB8-8B4A-11D0-8D11-00A0C91BC942}") = "NotifyServiceMessenger_Idl", "NotifyService\Messenger\NotifyServiceMessenger_Idl.vcproj", "{5CB67840-FECA-1BAD-5B27-F8E831D5739E}"
	ProjectSection(ProjectDependencies) = postProject
	EndProjectSection
EndProject
Project("{8BC9CEB8-8B4A-11D0-8D11-00A0C91BC942}") = "NotifyServiceMessenger_Server", "NotifyService\Messenger\NotifyServiceMessenger_Server.vcproj", "{29D3DAC3-FECA-1BAD-5B27-F8E831D5739E}"
	ProjectSection(ProjectDependencies) = postProject
		{5CB67840-FECA-1BAD-5B27-F8E831D5739E} = {5CB67840-FECA-1BAD-5B27-F8E831D5739E}
	EndProjectSection
EndProject
Project("{8BC9CEB8-8B4A-11D0-8D11-00A0C91BC942}") = "OfferSubscriptions_Client", "NotifyService\OfferSubscriptions\OfferSubscriptions_Client.vcproj", "{3BFDDD6B-FECA-1BAD-C855-C6651469E726}"
	ProjectSection(ProjectDependencies) = postProject
		{85815BA8-FECA-1BAD-C855-C6651469E726} = {85815BA8-FECA-1BAD-C855-C6651469E726}
	EndProjectSection
EndProject
Project("{8BC9CEB8-8B4A-11D0-8D11-00A0C91BC942}") = "OfferSubscriptions_Consumer", "NotifyService\OfferSubscriptions\OfferSubscriptions_Consumer.vcproj", "{F09BFF7A-FECA-1BAD-C855-C6651469E726}"
	ProjectSection(ProjectDependencies) = postProject
		{85815BA8-FECA-1BAD-C855-C6651469E726} = {85815BA8-FECA-1BAD-C855-C6651469E726}
	EndProjectSection
EndProject
Project("{8BC9CEB8-8B4A-11D0-8D11-00A0C91BC942}") = "OfferSubscriptions_Idl", "NotifyService\OfferSubscriptions\OfferSubscriptions_Idl.vcproj", "{85815BA8-FECA-1BAD-C855-C6651469E726}"
	ProjectSection(ProjectDependencies) = postProject
	EndProjectSection
EndProject
Project("{8BC9CEB8-8B4A-11D0-8D11-00A0C91BC942}") = "OfferSubscriptions_Server", "NotifyService\OfferSubscriptions\OfferSubscriptions_Server.vcproj", "{5BED5750-FECA-1BAD-C855-C6651469E726}"
	ProjectSection(ProjectDependencies) = postProject
		{85815BA8-FECA-1BAD-C855-C6651469E726} = {85815BA8-FECA-1BAD-C855-C6651469E726}
	EndProjectSection
EndProject
Project("{8BC9CEB8-8B4A-11D0-8D11-00A0C91BC942}") = "QoSProperties_Client", "NotifyService\QoSProperties\QoSProperties_Client.vcproj", "{3B37A92A-FECA-1BAD-8955-0C1174859CD1}"
	ProjectSection(ProjectDependencies) = postProject
		{C191570F-FECA-1BAD-8955-0C1174859CD1} = {C191570F-FECA-1BAD-8955-0C1174859CD1}
	EndProjectSection
EndProject
Project("{8BC9CEB8-8B4A-11D0-8D11-00A0C91BC942}") = "QoSProperties_Consumer", "NotifyService\QoSProperties\QoSProperties_Consumer.vcproj", "{3AEFBE7A-FECA-1BAD-8955-0C1174859CD1}"
	ProjectSection(ProjectDependencies) = postProject
		{C191570F-FECA-1BAD-8955-0C1174859CD1} = {C191570F-FECA-1BAD-8955-0C1174859CD1}
	EndProjectSection
EndProject
Project("{8BC9CEB8-8B4A-11D0-8D11-00A0C91BC942}") = "QoSProperties_Idl", "NotifyService\QoSProperties\QoSProperties_Idl.vcproj", "{C191570F-FECA-1BAD-8955-0C1174859CD1}"
	ProjectSection(ProjectDependencies) = postProject
	EndProjectSection
EndProject
Project("{8BC9CEB8-8B4A-11D0-8D11-00A0C91BC942}") = "QoSProperties_Server", "NotifyService\QoSProperties\QoSProperties_Server.vcproj", "{5B272311-FECA-1BAD-8955-0C1174859CD1}"
	ProjectSection(ProjectDependencies) = postProject
		{C191570F-FECA-1BAD-8955-0C1174859CD1} = {C191570F-FECA-1BAD-8955-0C1174859CD1}
	EndProjectSection
EndProject
Project("{8BC9CEB8-8B4A-11D0-8D11-00A0C91BC942}") = "RTNotify_Client", "NotifyService\RTNotify\RTNotify_Client.vcproj", "{70C1538C-FECA-1BAD-2F1E-FAEB01D04033}"
	ProjectSection(ProjectDependencies) = postProject
		{6BF5E860-FECA-1BAD-2F1E-FAEB01D04033} = {6BF5E860-FECA-1BAD-2F1E-FAEB01D04033}
	EndProjectSection
EndProject
Project("{8BC9CEB8-8B4A-11D0-8D11-00A0C91BC942}") = "RTNotify_Consumer", "NotifyService\RTNotify\RTNotify_Consumer.vcproj", "{CC151831-FECA-1BAD-2F1E-FAEB01D04033}"
	ProjectSection(ProjectDependencies) = postProject
		{6BF5E860-FECA-1BAD-2F1E-FAEB01D04033} = {6BF5E860-FECA-1BAD-2F1E-FAEB01D04033}
	EndProjectSection
EndProject
Project("{8BC9CEB8-8B4A-11D0-8D11-00A0C91BC942}") = "RTNotify_Idl", "NotifyService\RTNotify\RTNotify_Idl.vcproj", "{6BF5E860-FECA-1BAD-2F1E-FAEB01D04033}"
	ProjectSection(ProjectDependencies) = postProject
	EndProjectSection
EndProject
Project("{8BC9CEB8-8B4A-11D0-8D11-00A0C91BC942}") = "RTNotify_Server", "NotifyService\RTNotify\RTNotify_Server.vcproj", "{10D1D9B7-FECA-1BAD-2F1E-FAEB01D04033}"
	ProjectSection(ProjectDependencies) = postProject
		{6BF5E860-FECA-1BAD-2F1E-FAEB01D04033} = {6BF5E860-FECA-1BAD-2F1E-FAEB01D04033}
	EndProjectSection
EndProject
Project("{8BC9CEB8-8B4A-11D0-8D11-00A0C91BC942}") = "SupplierSideNC_Client", "NotifyService\SupplierSideNC\SupplierSideNC_Client.vcproj", "{6093C6F4-FECA-1BAD-570E-A87E0D6C0F63}"
	ProjectSection(ProjectDependencies) = postProject
		{3C74ED49-FECA-1BAD-570E-A87E0D6C0F63} = {3C74ED49-FECA-1BAD-570E-A87E0D6C0F63}
	EndProjectSection
EndProject
Project("{8BC9CEB8-8B4A-11D0-8D11-00A0C91BC942}") = "SupplierSideNC_Consumer", "NotifyService\SupplierSideNC\SupplierSideNC_Consumer.vcproj", "{9E806021-FECA-1BAD-570E-A87E0D6C0F63}"
	ProjectSection(ProjectDependencies) = postProject
		{3C74ED49-FECA-1BAD-570E-A87E0D6C0F63} = {3C74ED49-FECA-1BAD-570E-A87E0D6C0F63}
	EndProjectSection
EndProject
Project("{8BC9CEB8-8B4A-11D0-8D11-00A0C91BC942}") = "SupplierSideNC_Idl", "NotifyService\SupplierSideNC\SupplierSideNC_Idl.vcproj", "{3C74ED49-FECA-1BAD-570E-A87E0D6C0F63}"
	ProjectSection(ProjectDependencies) = postProject
	EndProjectSection
EndProject
Project("{8BC9CEB8-8B4A-11D0-8D11-00A0C91BC942}") = "SupplierSideNC_Server", "NotifyService\SupplierSideNC\SupplierSideNC_Server.vcproj", "{00834CCF-FECA-1BAD-570E-A87E0D6C0F63}"
	ProjectSection(ProjectDependencies) = postProject
		{3C74ED49-FECA-1BAD-570E-A87E0D6C0F63} = {3C74ED49-FECA-1BAD-570E-A87E0D6C0F63}
	EndProjectSection
EndProject
Project("{8BC9CEB8-8B4A-11D0-8D11-00A0C91BC942}") = "PICurrent_NameService_Client", "PortableInterceptors\PICurrent_NameService\PICurrent_NameService_Client.vcproj", "{67F73BC0-FECA-1BAD-6309-CC83D26DC732}"
	ProjectSection(ProjectDependencies) = postProject
		{EF349B06-FECA-1BAD-6309-CC83D26DC732} = {EF349B06-FECA-1BAD-6309-CC83D26DC732}
	EndProjectSection
EndProject
Project("{8BC9CEB8-8B4A-11D0-8D11-00A0C91BC942}") = "PICurrent_NameService_Idl", "PortableInterceptors\PICurrent_NameService\PICurrent_NameService_Idl.vcproj", "{EF349B06-FECA-1BAD-6309-CC83D26DC732}"
	ProjectSection(ProjectDependencies) = postProject
	EndProjectSection
EndProject
Project("{8BC9CEB8-8B4A-11D0-8D11-00A0C91BC942}") = "PICurrent_NameService_Server", "PortableInterceptors\PICurrent_NameService\PICurrent_NameService_Server.vcproj", "{07E7B1FB-FECA-1BAD-6309-CC83D26DC732}"
	ProjectSection(ProjectDependencies) = postProject
		{EF349B06-FECA-1BAD-6309-CC83D26DC732} = {EF349B06-FECA-1BAD-6309-CC83D26DC732}
	EndProjectSection
EndProject
Project("{8BC9CEB8-8B4A-11D0-8D11-00A0C91BC942}") = "Notify_Consumer", "ValueTypes\Notify\Notify_Consumer.vcproj", "{B8151834-FECA-1BAD-2F1B-8EEB6BECD353}"
	ProjectSection(ProjectDependencies) = postProject
	EndProjectSection
EndProject
Project("{8BC9CEB8-8B4A-11D0-8D11-00A0C91BC942}") = "Notify_Supplier", "ValueTypes\Notify\Notify_Supplier.vcproj", "{A9AB3174-FECA-1BAD-2F1B-8EEB6BECD353}"
	ProjectSection(ProjectDependencies) = postProject
	EndProjectSection
EndProject
Global
	GlobalSection(SolutionConfiguration) = preSolution
		Debug = Debug
		Release = Release
	EndGlobalSection
	GlobalSection(ProjectConfiguration) = postSolution
		{2E295295-FECA-1BAD-65BA-18D7F84981D8}.Debug.ActiveCfg = Debug|Win32
		{2E295295-FECA-1BAD-65BA-18D7F84981D8}.Debug.Build.0 = Debug|Win32
		{2E295295-FECA-1BAD-65BA-18D7F84981D8}.Release.ActiveCfg = Release|Win32
		{2E295295-FECA-1BAD-65BA-18D7F84981D8}.Release.Build.0 = Release|Win32
		{3F977BD5-FECA-1BAD-65BA-18D7F84981D8}.Debug.ActiveCfg = Debug|Win32
		{3F977BD5-FECA-1BAD-65BA-18D7F84981D8}.Debug.Build.0 = Debug|Win32
		{3F977BD5-FECA-1BAD-65BA-18D7F84981D8}.Release.ActiveCfg = Release|Win32
		{3F977BD5-FECA-1BAD-65BA-18D7F84981D8}.Release.Build.0 = Release|Win32
		{B1806428-FECA-1BAD-5307-877EA2C31503}.Debug.ActiveCfg = Debug|Win32
		{B1806428-FECA-1BAD-5307-877EA2C31503}.Debug.Build.0 = Debug|Win32
		{B1806428-FECA-1BAD-5307-877EA2C31503}.Release.ActiveCfg = Release|Win32
		{B1806428-FECA-1BAD-5307-877EA2C31503}.Release.Build.0 = Release|Win32
		{A03E4D68-FECA-1BAD-5307-877EA2C31503}.Debug.ActiveCfg = Debug|Win32
		{A03E4D68-FECA-1BAD-5307-877EA2C31503}.Debug.Build.0 = Debug|Win32
		{A03E4D68-FECA-1BAD-5307-877EA2C31503}.Release.ActiveCfg = Release|Win32
		{A03E4D68-FECA-1BAD-5307-877EA2C31503}.Release.Build.0 = Release|Win32
		{1F7B4CAC-FECA-1BAD-7B83-29855E021BEB}.Debug.ActiveCfg = Debug|Win32
		{1F7B4CAC-FECA-1BAD-7B83-29855E021BEB}.Debug.Build.0 = Debug|Win32
		{1F7B4CAC-FECA-1BAD-7B83-29855E021BEB}.Release.ActiveCfg = Release|Win32
		{1F7B4CAC-FECA-1BAD-7B83-29855E021BEB}.Release.Build.0 = Release|Win32
		{0EC565EC-FECA-1BAD-7B83-29855E021BEB}.Debug.ActiveCfg = Debug|Win32
		{0EC565EC-FECA-1BAD-7B83-29855E021BEB}.Debug.Build.0 = Debug|Win32
		{0EC565EC-FECA-1BAD-7B83-29855E021BEB}.Release.ActiveCfg = Release|Win32
		{0EC565EC-FECA-1BAD-7B83-29855E021BEB}.Release.Build.0 = Release|Win32
		{AA2957AE-FECA-1BAD-6081-9CD7B96A2685}.Debug.ActiveCfg = Debug|Win32
		{AA2957AE-FECA-1BAD-6081-9CD7B96A2685}.Debug.Build.0 = Debug|Win32
		{AA2957AE-FECA-1BAD-6081-9CD7B96A2685}.Release.ActiveCfg = Release|Win32
		{AA2957AE-FECA-1BAD-6081-9CD7B96A2685}.Release.Build.0 = Release|Win32
		{BB977EEE-FECA-1BAD-6081-9CD7B96A2685}.Debug.ActiveCfg = Debug|Win32
		{BB977EEE-FECA-1BAD-6081-9CD7B96A2685}.Debug.Build.0 = Debug|Win32
		{BB977EEE-FECA-1BAD-6081-9CD7B96A2685}.Release.ActiveCfg = Release|Win32
		{BB977EEE-FECA-1BAD-6081-9CD7B96A2685}.Release.Build.0 = Release|Win32
		{8BC943A9-FECA-1BAD-7486-BD377152DB5A}.Debug.ActiveCfg = Debug|Win32
		{8BC943A9-FECA-1BAD-7486-BD377152DB5A}.Debug.Build.0 = Debug|Win32
		{8BC943A9-FECA-1BAD-7486-BD377152DB5A}.Release.ActiveCfg = Release|Win32
		{8BC943A9-FECA-1BAD-7486-BD377152DB5A}.Release.Build.0 = Release|Win32
		{9A776AE9-FECA-1BAD-7486-BD377152DB5A}.Debug.ActiveCfg = Debug|Win32
		{9A776AE9-FECA-1BAD-7486-BD377152DB5A}.Debug.Build.0 = Debug|Win32
		{9A776AE9-FECA-1BAD-7486-BD377152DB5A}.Release.ActiveCfg = Release|Win32
		{9A776AE9-FECA-1BAD-7486-BD377152DB5A}.Release.Build.0 = Release|Win32
		{D792D20E-FECA-1BAD-E521-E16C96EB8549}.Debug.ActiveCfg = Debug|Win32
		{D792D20E-FECA-1BAD-E521-E16C96EB8549}.Debug.Build.0 = Debug|Win32
		{D792D20E-FECA-1BAD-E521-E16C96EB8549}.Release.ActiveCfg = Release|Win32
		{D792D20E-FECA-1BAD-E521-E16C96EB8549}.Release.Build.0 = Release|Win32
		{C62CFB4E-FECA-1BAD-E521-E16C96EB8549}.Debug.ActiveCfg = Debug|Win32
		{C62CFB4E-FECA-1BAD-E521-E16C96EB8549}.Debug.Build.0 = Debug|Win32
		{C62CFB4E-FECA-1BAD-E521-E16C96EB8549}.Release.ActiveCfg = Release|Win32
		{C62CFB4E-FECA-1BAD-E521-E16C96EB8549}.Release.Build.0 = Release|Win32
		{85EF327E-FECA-1BAD-5390-01145531553D}.Debug.ActiveCfg = Debug|Win32
		{85EF327E-FECA-1BAD-5390-01145531553D}.Debug.Build.0 = Debug|Win32
		{85EF327E-FECA-1BAD-5390-01145531553D}.Release.ActiveCfg = Release|Win32
		{85EF327E-FECA-1BAD-5390-01145531553D}.Release.Build.0 = Release|Win32
		{94511B3E-FECA-1BAD-5390-01145531553D}.Debug.ActiveCfg = Debug|Win32
		{94511B3E-FECA-1BAD-5390-01145531553D}.Debug.Build.0 = Debug|Win32
		{94511B3E-FECA-1BAD-5390-01145531553D}.Release.ActiveCfg = Release|Win32
		{94511B3E-FECA-1BAD-5390-01145531553D}.Release.Build.0 = Release|Win32
		{DDDF95AF-FECA-1BAD-0CB3-E42D4ECEB9FD}.Debug.ActiveCfg = Debug|Win32
		{DDDF95AF-FECA-1BAD-0CB3-E42D4ECEB9FD}.Debug.Build.0 = Debug|Win32
		{DDDF95AF-FECA-1BAD-0CB3-E42D4ECEB9FD}.Release.ActiveCfg = Release|Win32
		{DDDF95AF-FECA-1BAD-0CB3-E42D4ECEB9FD}.Release.Build.0 = Release|Win32
		{09CF398C-FECA-1BAD-0CB3-E42D4ECEB9FD}.Debug.ActiveCfg = Debug|Win32
		{09CF398C-FECA-1BAD-0CB3-E42D4ECEB9FD}.Debug.Build.0 = Debug|Win32
		{09CF398C-FECA-1BAD-0CB3-E42D4ECEB9FD}.Release.ActiveCfg = Release|Win32
		{09CF398C-FECA-1BAD-0CB3-E42D4ECEB9FD}.Release.Build.0 = Release|Win32
		{BDCF1F94-FECA-1BAD-0CB3-E42D4ECEB9FD}.Debug.ActiveCfg = Debug|Win32
		{BDCF1F94-FECA-1BAD-0CB3-E42D4ECEB9FD}.Debug.Build.0 = Debug|Win32
		{BDCF1F94-FECA-1BAD-0CB3-E42D4ECEB9FD}.Release.ActiveCfg = Release|Win32
		{BDCF1F94-FECA-1BAD-0CB3-E42D4ECEB9FD}.Release.Build.0 = Release|Win32
		{2DCD3DF1-FECA-1BAD-5243-F68577B29049}.Debug.ActiveCfg = Debug|Win32
		{2DCD3DF1-FECA-1BAD-5243-F68577B29049}.Debug.Build.0 = Debug|Win32
		{2DCD3DF1-FECA-1BAD-5243-F68577B29049}.Release.ActiveCfg = Release|Win32
		{2DCD3DF1-FECA-1BAD-5243-F68577B29049}.Release.Build.0 = Release|Win32
		{8C2038A6-FECA-1BAD-5243-F68577B29049}.Debug.ActiveCfg = Debug|Win32
		{8C2038A6-FECA-1BAD-5243-F68577B29049}.Debug.Build.0 = Debug|Win32
		{8C2038A6-FECA-1BAD-5243-F68577B29049}.Release.ActiveCfg = Release|Win32
		{8C2038A6-FECA-1BAD-5243-F68577B29049}.Release.Build.0 = Release|Win32
		{4DDDB7CA-FECA-1BAD-5243-F68577B29049}.Debug.ActiveCfg = Debug|Win32
		{4DDDB7CA-FECA-1BAD-5243-F68577B29049}.Debug.Build.0 = Debug|Win32
		{4DDDB7CA-FECA-1BAD-5243-F68577B29049}.Release.ActiveCfg = Release|Win32
		{4DDDB7CA-FECA-1BAD-5243-F68577B29049}.Release.Build.0 = Release|Win32
		{074BB2E1-FECA-1BAD-4269-700A7ADC0E4C}.Debug.ActiveCfg = Debug|Win32
		{074BB2E1-FECA-1BAD-4269-700A7ADC0E4C}.Debug.Build.0 = Debug|Win32
		{074BB2E1-FECA-1BAD-4269-700A7ADC0E4C}.Release.ActiveCfg = Release|Win32
		{074BB2E1-FECA-1BAD-4269-700A7ADC0E4C}.Release.Build.0 = Release|Win32
		{7D2290CE-FECA-1BAD-4269-700A7ADC0E4C}.Debug.ActiveCfg = Debug|Win32
		{7D2290CE-FECA-1BAD-4269-700A7ADC0E4C}.Debug.Build.0 = Debug|Win32
		{7D2290CE-FECA-1BAD-4269-700A7ADC0E4C}.Release.ActiveCfg = Release|Win32
		{7D2290CE-FECA-1BAD-4269-700A7ADC0E4C}.Release.Build.0 = Release|Win32
		{675B38DA-FECA-1BAD-4269-700A7ADC0E4C}.Debug.ActiveCfg = Debug|Win32
		{675B38DA-FECA-1BAD-4269-700A7ADC0E4C}.Debug.Build.0 = Debug|Win32
		{675B38DA-FECA-1BAD-4269-700A7ADC0E4C}.Release.ActiveCfg = Release|Win32
		{675B38DA-FECA-1BAD-4269-700A7ADC0E4C}.Release.Build.0 = Release|Win32
		{E22109CC-FECA-1BAD-D049-8D7CC567DB1F}.Debug.ActiveCfg = Debug|Win32
		{E22109CC-FECA-1BAD-D049-8D7CC567DB1F}.Debug.Build.0 = Debug|Win32
		{E22109CC-FECA-1BAD-D049-8D7CC567DB1F}.Release.ActiveCfg = Release|Win32
		{E22109CC-FECA-1BAD-D049-8D7CC567DB1F}.Release.Build.0 = Release|Win32
		{D0F8FC8A-FECA-1BAD-816B-AE30312C7A7E}.Debug.ActiveCfg = Debug|Win32
		{D0F8FC8A-FECA-1BAD-816B-AE30312C7A7E}.Debug.Build.0 = Debug|Win32
		{D0F8FC8A-FECA-1BAD-816B-AE30312C7A7E}.Release.ActiveCfg = Release|Win32
		{D0F8FC8A-FECA-1BAD-816B-AE30312C7A7E}.Release.Build.0 = Release|Win32
		{9B9FEBFA-FECA-1BAD-816B-AE30312C7A7E}.Debug.ActiveCfg = Debug|Win32
		{9B9FEBFA-FECA-1BAD-816B-AE30312C7A7E}.Debug.Build.0 = Debug|Win32
		{9B9FEBFA-FECA-1BAD-816B-AE30312C7A7E}.Release.ActiveCfg = Release|Win32
		{9B9FEBFA-FECA-1BAD-816B-AE30312C7A7E}.Release.Build.0 = Release|Win32
		{B0E876B1-FECA-1BAD-816B-AE30312C7A7E}.Debug.ActiveCfg = Debug|Win32
		{B0E876B1-FECA-1BAD-816B-AE30312C7A7E}.Debug.Build.0 = Debug|Win32
		{B0E876B1-FECA-1BAD-816B-AE30312C7A7E}.Release.ActiveCfg = Release|Win32
		{B0E876B1-FECA-1BAD-816B-AE30312C7A7E}.Release.Build.0 = Release|Win32
		{009AC92B-FECA-1BAD-886E-A171D0059D13}.Debug.ActiveCfg = Debug|Win32
		{009AC92B-FECA-1BAD-886E-A171D0059D13}.Debug.Build.0 = Debug|Win32
		{009AC92B-FECA-1BAD-886E-A171D0059D13}.Release.ActiveCfg = Release|Win32
		{009AC92B-FECA-1BAD-886E-A171D0059D13}.Release.Build.0 = Release|Win32
		{C182EDD9-FECA-1BAD-886E-A171D0059D13}.Debug.ActiveCfg = Debug|Win32
		{C182EDD9-FECA-1BAD-886E-A171D0059D13}.Debug.Build.0 = Debug|Win32
		{C182EDD9-FECA-1BAD-886E-A171D0059D13}.Release.ActiveCfg = Release|Win32
		{C182EDD9-FECA-1BAD-886E-A171D0059D13}.Release.Build.0 = Release|Win32
		{608A4310-FECA-1BAD-886E-A171D0059D13}.Debug.ActiveCfg = Debug|Win32
		{608A4310-FECA-1BAD-886E-A171D0059D13}.Debug.Build.0 = Debug|Win32
		{608A4310-FECA-1BAD-886E-A171D0059D13}.Release.ActiveCfg = Release|Win32
		{608A4310-FECA-1BAD-886E-A171D0059D13}.Release.Build.0 = Release|Win32
		{862CA8A0-FECA-1BAD-03E8-1710CA8CB29B}.Debug.ActiveCfg = Debug|Win32
		{862CA8A0-FECA-1BAD-03E8-1710CA8CB29B}.Debug.Build.0 = Debug|Win32
		{862CA8A0-FECA-1BAD-03E8-1710CA8CB29B}.Release.ActiveCfg = Release|Win32
		{862CA8A0-FECA-1BAD-03E8-1710CA8CB29B}.Release.Build.0 = Release|Win32
		{D93A86BF-FECA-1BAD-03E8-1710CA8CB29B}.Debug.ActiveCfg = Debug|Win32
		{D93A86BF-FECA-1BAD-03E8-1710CA8CB29B}.Debug.Build.0 = Debug|Win32
		{D93A86BF-FECA-1BAD-03E8-1710CA8CB29B}.Release.ActiveCfg = Release|Win32
		{D93A86BF-FECA-1BAD-03E8-1710CA8CB29B}.Release.Build.0 = Release|Win32
		{E63C229B-FECA-1BAD-03E8-1710CA8CB29B}.Debug.ActiveCfg = Debug|Win32
		{E63C229B-FECA-1BAD-03E8-1710CA8CB29B}.Debug.Build.0 = Debug|Win32
		{E63C229B-FECA-1BAD-03E8-1710CA8CB29B}.Release.ActiveCfg = Release|Win32
		{E63C229B-FECA-1BAD-03E8-1710CA8CB29B}.Release.Build.0 = Release|Win32
		{1AE3F171-FECA-1BAD-2BD8-A079D10D3EA5}.Debug.ActiveCfg = Debug|Win32
		{1AE3F171-FECA-1BAD-2BD8-A079D10D3EA5}.Debug.Build.0 = Debug|Win32
		{1AE3F171-FECA-1BAD-2BD8-A079D10D3EA5}.Release.ActiveCfg = Release|Win32
		{1AE3F171-FECA-1BAD-2BD8-A079D10D3EA5}.Release.Build.0 = Release|Win32
		{ADD1F2B0-FECA-1BAD-11C3-EA4A37D6A0B0}.Debug.ActiveCfg = Debug|Win32
		{ADD1F2B0-FECA-1BAD-11C3-EA4A37D6A0B0}.Debug.Build.0 = Debug|Win32
		{ADD1F2B0-FECA-1BAD-11C3-EA4A37D6A0B0}.Release.ActiveCfg = Release|Win32
		{ADD1F2B0-FECA-1BAD-11C3-EA4A37D6A0B0}.Release.Build.0 = Release|Win32
		{7838396A-FECA-1BAD-11C3-EA4A37D6A0B0}.Debug.ActiveCfg = Debug|Win32
		{7838396A-FECA-1BAD-11C3-EA4A37D6A0B0}.Debug.Build.0 = Debug|Win32
		{7838396A-FECA-1BAD-11C3-EA4A37D6A0B0}.Release.ActiveCfg = Release|Win32
		{7838396A-FECA-1BAD-11C3-EA4A37D6A0B0}.Release.Build.0 = Release|Win32
		{CDC1788B-FECA-1BAD-11C3-EA4A37D6A0B0}.Debug.ActiveCfg = Debug|Win32
		{CDC1788B-FECA-1BAD-11C3-EA4A37D6A0B0}.Debug.Build.0 = Debug|Win32
		{CDC1788B-FECA-1BAD-11C3-EA4A37D6A0B0}.Release.ActiveCfg = Release|Win32
		{CDC1788B-FECA-1BAD-11C3-EA4A37D6A0B0}.Release.Build.0 = Release|Win32
		{71D20FD7-FECA-1BAD-541F-E9B71C2F4308}.Debug.ActiveCfg = Debug|Win32
		{71D20FD7-FECA-1BAD-541F-E9B71C2F4308}.Debug.Build.0 = Debug|Win32
		{71D20FD7-FECA-1BAD-541F-E9B71C2F4308}.Release.ActiveCfg = Release|Win32
		{71D20FD7-FECA-1BAD-541F-E9B71C2F4308}.Release.Build.0 = Release|Win32
		{AE45F955-FECA-1BAD-541F-E9B71C2F4308}.Debug.ActiveCfg = Debug|Win32
		{AE45F955-FECA-1BAD-541F-E9B71C2F4308}.Debug.Build.0 = Debug|Win32
		{AE45F955-FECA-1BAD-541F-E9B71C2F4308}.Release.ActiveCfg = Release|Win32
		{AE45F955-FECA-1BAD-541F-E9B71C2F4308}.Release.Build.0 = Release|Win32
		{11C285EC-FECA-1BAD-541F-E9B71C2F4308}.Debug.ActiveCfg = Debug|Win32
		{11C285EC-FECA-1BAD-541F-E9B71C2F4308}.Debug.Build.0 = Debug|Win32
		{11C285EC-FECA-1BAD-541F-E9B71C2F4308}.Release.ActiveCfg = Release|Win32
		{11C285EC-FECA-1BAD-541F-E9B71C2F4308}.Release.Build.0 = Release|Win32
		{A8E3FA98-FECA-1BAD-3BC6-D842A0D62E42}.Debug.ActiveCfg = Debug|Win32
		{A8E3FA98-FECA-1BAD-3BC6-D842A0D62E42}.Debug.Build.0 = Debug|Win32
		{A8E3FA98-FECA-1BAD-3BC6-D842A0D62E42}.Release.ActiveCfg = Release|Win32
		{A8E3FA98-FECA-1BAD-3BC6-D842A0D62E42}.Release.Build.0 = Release|Win32
		{EEBC0CE9-FECA-1BAD-3BC6-D842A0D62E42}.Debug.ActiveCfg = Debug|Win32
		{EEBC0CE9-FECA-1BAD-3BC6-D842A0D62E42}.Debug.Build.0 = Debug|Win32
		{EEBC0CE9-FECA-1BAD-3BC6-D842A0D62E42}.Release.ActiveCfg = Release|Win32
		{EEBC0CE9-FECA-1BAD-3BC6-D842A0D62E42}.Release.Build.0 = Release|Win32
		{FAB86A4A-FECA-1BAD-3BC6-D842A0D62E42}.Debug.ActiveCfg = Debug|Win32
		{FAB86A4A-FECA-1BAD-3BC6-D842A0D62E42}.Debug.Build.0 = Debug|Win32
		{FAB86A4A-FECA-1BAD-3BC6-D842A0D62E42}.Release.ActiveCfg = Release|Win32
		{FAB86A4A-FECA-1BAD-3BC6-D842A0D62E42}.Release.Build.0 = Release|Win32
		{C8F370A3-FECA-1BAD-3BC6-D842A0D62E42}.Debug.ActiveCfg = Debug|Win32
		{C8F370A3-FECA-1BAD-3BC6-D842A0D62E42}.Debug.Build.0 = Debug|Win32
		{C8F370A3-FECA-1BAD-3BC6-D842A0D62E42}.Release.ActiveCfg = Release|Win32
		{C8F370A3-FECA-1BAD-3BC6-D842A0D62E42}.Release.Build.0 = Release|Win32
		{AB4AF9EC-FECA-1BAD-4FC5-7141EEA4BD30}.Debug.ActiveCfg = Debug|Win32
		{AB4AF9EC-FECA-1BAD-4FC5-7141EEA4BD30}.Debug.Build.0 = Debug|Win32
		{AB4AF9EC-FECA-1BAD-4FC5-7141EEA4BD30}.Release.ActiveCfg = Release|Win32
		{AB4AF9EC-FECA-1BAD-4FC5-7141EEA4BD30}.Release.Build.0 = Release|Win32
		{47BF78EA-FECA-1BAD-4FC5-7141EEA4BD30}.Debug.ActiveCfg = Debug|Win32
		{47BF78EA-FECA-1BAD-4FC5-7141EEA4BD30}.Debug.Build.0 = Debug|Win32
		{47BF78EA-FECA-1BAD-4FC5-7141EEA4BD30}.Release.ActiveCfg = Release|Win32
		{47BF78EA-FECA-1BAD-4FC5-7141EEA4BD30}.Release.Build.0 = Release|Win32
		{CDF850DA-FECA-1BAD-4FC5-7141EEA4BD30}.Debug.ActiveCfg = Debug|Win32
		{CDF850DA-FECA-1BAD-4FC5-7141EEA4BD30}.Debug.Build.0 = Debug|Win32
		{CDF850DA-FECA-1BAD-4FC5-7141EEA4BD30}.Release.ActiveCfg = Release|Win32
		{CDF850DA-FECA-1BAD-4FC5-7141EEA4BD30}.Release.Build.0 = Release|Win32
		{CB5A73D7-FECA-1BAD-4FC5-7141EEA4BD30}.Debug.ActiveCfg = Debug|Win32
		{CB5A73D7-FECA-1BAD-4FC5-7141EEA4BD30}.Debug.Build.0 = Debug|Win32
		{CB5A73D7-FECA-1BAD-4FC5-7141EEA4BD30}.Release.ActiveCfg = Release|Win32
		{CB5A73D7-FECA-1BAD-4FC5-7141EEA4BD30}.Release.Build.0 = Release|Win32
		{49C350F8-FECA-1BAD-5B27-F8E831D5739E}.Debug.ActiveCfg = Debug|Win32
		{49C350F8-FECA-1BAD-5B27-F8E831D5739E}.Debug.Build.0 = Debug|Win32
		{49C350F8-FECA-1BAD-5B27-F8E831D5739E}.Release.ActiveCfg = Release|Win32
		{49C350F8-FECA-1BAD-5B27-F8E831D5739E}.Release.Build.0 = Release|Win32
		{CE166C08-FECA-1BAD-5B27-F8E831D5739E}.Debug.ActiveCfg = Debug|Win32
		{CE166C08-FECA-1BAD-5B27-F8E831D5739E}.Debug.Build.0 = Debug|Win32
		{CE166C08-FECA-1BAD-5B27-F8E831D5739E}.Release.ActiveCfg = Release|Win32
		{CE166C08-FECA-1BAD-5B27-F8E831D5739E}.Release.Build.0 = Release|Win32
		{5CB67840-FECA-1BAD-5B27-F8E831D5739E}.Debug.ActiveCfg = Debug|Win32
		{5CB67840-FECA-1BAD-5B27-F8E831D5739E}.Debug.Build.0 = Debug|Win32
		{5CB67840-FECA-1BAD-5B27-F8E831D5739E}.Release.ActiveCfg = Release|Win32
		{5CB67840-FECA-1BAD-5B27-F8E831D5739E}.Release.Build.0 = Release|Win32
		{29D3DAC3-FECA-1BAD-5B27-F8E831D5739E}.Debug.ActiveCfg = Debug|Win32
		{29D3DAC3-FECA-1BAD-5B27-F8E831D5739E}.Debug.Build.0 = Debug|Win32
		{29D3DAC3-FECA-1BAD-5B27-F8E831D5739E}.Release.ActiveCfg = Release|Win32
		{29D3DAC3-FECA-1BAD-5B27-F8E831D5739E}.Release.Build.0 = Release|Win32
		{3BFDDD6B-FECA-1BAD-C855-C6651469E726}.Debug.ActiveCfg = Debug|Win32
		{3BFDDD6B-FECA-1BAD-C855-C6651469E726}.Debug.Build.0 = Debug|Win32
		{3BFDDD6B-FECA-1BAD-C855-C6651469E726}.Release.ActiveCfg = Release|Win32
		{3BFDDD6B-FECA-1BAD-C855-C6651469E726}.Release.Build.0 = Release|Win32
		{F09BFF7A-FECA-1BAD-C855-C6651469E726}.Debug.ActiveCfg = Debug|Win32
		{F09BFF7A-FECA-1BAD-C855-C6651469E726}.Debug.Build.0 = Debug|Win32
		{F09BFF7A-FECA-1BAD-C855-C6651469E726}.Release.ActiveCfg = Release|Win32
		{F09BFF7A-FECA-1BAD-C855-C6651469E726}.Release.Build.0 = Release|Win32
		{85815BA8-FECA-1BAD-C855-C6651469E726}.Debug.ActiveCfg = Debug|Win32
		{85815BA8-FECA-1BAD-C855-C6651469E726}.Debug.Build.0 = Debug|Win32
		{85815BA8-FECA-1BAD-C855-C6651469E726}.Release.ActiveCfg = Release|Win32
		{85815BA8-FECA-1BAD-C855-C6651469E726}.Release.Build.0 = Release|Win32
		{5BED5750-FECA-1BAD-C855-C6651469E726}.Debug.ActiveCfg = Debug|Win32
		{5BED5750-FECA-1BAD-C855-C6651469E726}.Debug.Build.0 = Debug|Win32
		{5BED5750-FECA-1BAD-C855-C6651469E726}.Release.ActiveCfg = Release|Win32
		{5BED5750-FECA-1BAD-C855-C6651469E726}.Release.Build.0 = Release|Win32
		{3B37A92A-FECA-1BAD-8955-0C1174859CD1}.Debug.ActiveCfg = Debug|Win32
		{3B37A92A-FECA-1BAD-8955-0C1174859CD1}.Debug.Build.0 = Debug|Win32
		{3B37A92A-FECA-1BAD-8955-0C1174859CD1}.Release.ActiveCfg = Release|Win32
		{3B37A92A-FECA-1BAD-8955-0C1174859CD1}.Release.Build.0 = Release|Win32
		{3AEFBE7A-FECA-1BAD-8955-0C1174859CD1}.Debug.ActiveCfg = Debug|Win32
		{3AEFBE7A-FECA-1BAD-8955-0C1174859CD1}.Debug.Build.0 = Debug|Win32
		{3AEFBE7A-FECA-1BAD-8955-0C1174859CD1}.Release.ActiveCfg = Release|Win32
		{3AEFBE7A-FECA-1BAD-8955-0C1174859CD1}.Release.Build.0 = Release|Win32
		{C191570F-FECA-1BAD-8955-0C1174859CD1}.Debug.ActiveCfg = Debug|Win32
		{C191570F-FECA-1BAD-8955-0C1174859CD1}.Debug.Build.0 = Debug|Win32
		{C191570F-FECA-1BAD-8955-0C1174859CD1}.Release.ActiveCfg = Release|Win32
		{C191570F-FECA-1BAD-8955-0C1174859CD1}.Release.Build.0 = Release|Win32
		{5B272311-FECA-1BAD-8955-0C1174859CD1}.Debug.ActiveCfg = Debug|Win32
		{5B272311-FECA-1BAD-8955-0C1174859CD1}.Debug.Build.0 = Debug|Win32
		{5B272311-FECA-1BAD-8955-0C1174859CD1}.Release.ActiveCfg = Release|Win32
		{5B272311-FECA-1BAD-8955-0C1174859CD1}.Release.Build.0 = Release|Win32
		{70C1538C-FECA-1BAD-2F1E-FAEB01D04033}.Debug.ActiveCfg = Debug|Win32
		{70C1538C-FECA-1BAD-2F1E-FAEB01D04033}.Debug.Build.0 = Debug|Win32
		{70C1538C-FECA-1BAD-2F1E-FAEB01D04033}.Release.ActiveCfg = Release|Win32
		{70C1538C-FECA-1BAD-2F1E-FAEB01D04033}.Release.Build.0 = Release|Win32
		{CC151831-FECA-1BAD-2F1E-FAEB01D04033}.Debug.ActiveCfg = Debug|Win32
		{CC151831-FECA-1BAD-2F1E-FAEB01D04033}.Debug.Build.0 = Debug|Win32
		{CC151831-FECA-1BAD-2F1E-FAEB01D04033}.Release.ActiveCfg = Release|Win32
		{CC151831-FECA-1BAD-2F1E-FAEB01D04033}.Release.Build.0 = Release|Win32
		{6BF5E860-FECA-1BAD-2F1E-FAEB01D04033}.Debug.ActiveCfg = Debug|Win32
		{6BF5E860-FECA-1BAD-2F1E-FAEB01D04033}.Debug.Build.0 = Debug|Win32
		{6BF5E860-FECA-1BAD-2F1E-FAEB01D04033}.Release.ActiveCfg = Release|Win32
		{6BF5E860-FECA-1BAD-2F1E-FAEB01D04033}.Release.Build.0 = Release|Win32
		{10D1D9B7-FECA-1BAD-2F1E-FAEB01D04033}.Debug.ActiveCfg = Debug|Win32
		{10D1D9B7-FECA-1BAD-2F1E-FAEB01D04033}.Debug.Build.0 = Debug|Win32
		{10D1D9B7-FECA-1BAD-2F1E-FAEB01D04033}.Release.ActiveCfg = Release|Win32
		{10D1D9B7-FECA-1BAD-2F1E-FAEB01D04033}.Release.Build.0 = Release|Win32
		{6093C6F4-FECA-1BAD-570E-A87E0D6C0F63}.Debug.ActiveCfg = Debug|Win32
		{6093C6F4-FECA-1BAD-570E-A87E0D6C0F63}.Debug.Build.0 = Debug|Win32
		{6093C6F4-FECA-1BAD-570E-A87E0D6C0F63}.Release.ActiveCfg = Release|Win32
		{6093C6F4-FECA-1BAD-570E-A87E0D6C0F63}.Release.Build.0 = Release|Win32
		{9E806021-FECA-1BAD-570E-A87E0D6C0F63}.Debug.ActiveCfg = Debug|Win32
		{9E806021-FECA-1BAD-570E-A87E0D6C0F63}.Debug.Build.0 = Debug|Win32
		{9E806021-FECA-1BAD-570E-A87E0D6C0F63}.Release.ActiveCfg = Release|Win32
		{9E806021-FECA-1BAD-570E-A87E0D6C0F63}.Release.Build.0 = Release|Win32
		{3C74ED49-FECA-1BAD-570E-A87E0D6C0F63}.Debug.ActiveCfg = Debug|Win32
		{3C74ED49-FECA-1BAD-570E-A87E0D6C0F63}.Debug.Build.0 = Debug|Win32
		{3C74ED49-FECA-1BAD-570E-A87E0D6C0F63}.Release.ActiveCfg = Release|Win32
		{3C74ED49-FECA-1BAD-570E-A87E0D6C0F63}.Release.Build.0 = Release|Win32
		{00834CCF-FECA-1BAD-570E-A87E0D6C0F63}.Debug.ActiveCfg = Debug|Win32
		{00834CCF-FECA-1BAD-570E-A87E0D6C0F63}.Debug.Build.0 = Debug|Win32
		{00834CCF-FECA-1BAD-570E-A87E0D6C0F63}.Release.ActiveCfg = Release|Win32
		{00834CCF-FECA-1BAD-570E-A87E0D6C0F63}.Release.Build.0 = Release|Win32
		{67F73BC0-FECA-1BAD-6309-CC83D26DC732}.Debug.ActiveCfg = Debug|Win32
		{67F73BC0-FECA-1BAD-6309-CC83D26DC732}.Debug.Build.0 = Debug|Win32
		{67F73BC0-FECA-1BAD-6309-CC83D26DC732}.Release.ActiveCfg = Release|Win32
		{67F73BC0-FECA-1BAD-6309-CC83D26DC732}.Release.Build.0 = Release|Win32
		{EF349B06-FECA-1BAD-6309-CC83D26DC732}.Debug.ActiveCfg = Debug|Win32
		{EF349B06-FECA-1BAD-6309-CC83D26DC732}.Debug.Build.0 = Debug|Win32
		{EF349B06-FECA-1BAD-6309-CC83D26DC732}.Release.ActiveCfg = Release|Win32
		{EF349B06-FECA-1BAD-6309-CC83D26DC732}.Release.Build.0 = Release|Win32
		{07E7B1FB-FECA-1BAD-6309-CC83D26DC732}.Debug.ActiveCfg = Debug|Win32
		{07E7B1FB-FECA-1BAD-6309-CC83D26DC732}.Debug.Build.0 = Debug|Win32
		{07E7B1FB-FECA-1BAD-6309-CC83D26DC732}.Release.ActiveCfg = Release|Win32
		{07E7B1FB-FECA-1BAD-6309-CC83D26DC732}.Release.Build.0 = Release|Win32
		{B8151834-FECA-1BAD-2F1B-8EEB6BECD353}.Debug.ActiveCfg = Debug|Win32
		{B8151834-FECA-1BAD-2F1B-8EEB6BECD353}.Debug.Build.0 = Debug|Win32
		{B8151834-FECA-1BAD-2F1B-8EEB6BECD353}.Release.ActiveCfg = Release|Win32
		{B8151834-FECA-1BAD-2F1B-8EEB6BECD353}.Release.Build.0 = Release|Win32
		{A9AB3174-FECA-1BAD-2F1B-8EEB6BECD353}.Debug.ActiveCfg = Debug|Win32
		{A9AB3174-FECA-1BAD-2F1B-8EEB6BECD353}.Debug.Build.0 = Debug|Win32
		{A9AB3174-FECA-1BAD-2F1B-8EEB6BECD353}.Release.ActiveCfg = Release|Win32
		{A9AB3174-FECA-1BAD-2F1B-8EEB6BECD353}.Release.Build.0 = Release|Win32
	EndGlobalSection
	GlobalSection(ExtensibilityGlobals) = postSolution
	EndGlobalSection
	GlobalSection(ExtensibilityAddIns) = postSolution
	EndGlobalSection
EndGlobal
