Microsoft Visual Studio Solution File, Format Version 8.00
#
# $Id: VC71WorkspaceCreator.pm 2035 2011-10-06 15:05:21Z johnnyw $
#
# This file was generated by MPC.  Any changes made directly to
# this file will be lost the next time it is generated.
#
# MPC Command:
# bin/mwc.pl -type vc71 -recurse -exclude TAO/CIAO -features qos=1,mfc=1
Project("{8BC9CEB8-8B4A-11D0-8D11-00A0C91BC942}") = "AV", "AV.vcproj", "{490474DE-FECA-1BAD-0444-8A630000505F}"
	ProjectSection(ProjectDependencies) = postProject
		{DE4C1291-FECA-1BAD-60BD-FEE50000505F} = {DE4C1291-FECA-1BAD-60BD-FEE50000505F}
		{89BEA5CF-FECA-1BAD-60BD-FEE50000505F} = {89BEA5CF-FECA-1BAD-60BD-FEE50000505F}
		{29BEA539-FECA-1BAD-60BD-FEE50000505F} = {29BEA539-FECA-1BAD-60BD-FEE50000505F}
		{017C0F66-FECA-1BAD-BFC0-0DE40000505F} = {017C0F66-FECA-1BAD-BFC0-0DE40000505F}
	EndProjectSection
EndProject
Project("{8BC9CEB8-8B4A-11D0-8D11-00A0C91BC942}") = "CosConcurrency", "CosConcurrency.vcproj", "{3D64B047-FECA-1BAD-4DD3-CC6F0000505F}"
	ProjectSection(ProjectDependencies) = postProject
		{2DD93B2A-FECA-1BAD-4DD3-CC6F0000505F} = {2DD93B2A-FECA-1BAD-4DD3-CC6F0000505F}
	EndProjectSection
EndProject
Project("{8BC9CEB8-8B4A-11D0-8D11-00A0C91BC942}") = "CosConcurrency_IDL", "CosConcurrency_IDL.vcproj", "{2DD93B2A-FECA-1BAD-4DD3-CC6F0000505F}"
	ProjectSection(ProjectDependencies) = postProject
	EndProjectSection
EndProject
Project("{8BC9CEB8-8B4A-11D0-8D11-00A0C91BC942}") = "CosConcurrency_Serv", "CosConcurrency_Serv.vcproj", "{04D097B3-FECA-1BAD-4DD3-CC6F0000505F}"
	ProjectSection(ProjectDependencies) = postProject
		{3D64B047-FECA-1BAD-4DD3-CC6F0000505F} = {3D64B047-FECA-1BAD-4DD3-CC6F0000505F}
		{A4D09745-FECA-1BAD-4DD3-CC6F0000505F} = {A4D09745-FECA-1BAD-4DD3-CC6F0000505F}
	EndProjectSection
EndProject
Project("{8BC9CEB8-8B4A-11D0-8D11-00A0C91BC942}") = "CosConcurrency_Skel", "CosConcurrency_Skel.vcproj", "{A4D09745-FECA-1BAD-4DD3-CC6F0000505F}"
	ProjectSection(ProjectDependencies) = postProject
		{3D64B047-FECA-1BAD-4DD3-CC6F0000505F} = {3D64B047-FECA-1BAD-4DD3-CC6F0000505F}
		{2DD93B2A-FECA-1BAD-4DD3-CC6F0000505F} = {2DD93B2A-FECA-1BAD-4DD3-CC6F0000505F}
	EndProjectSection
EndProject
Project("{8BC9CEB8-8B4A-11D0-8D11-00A0C91BC942}") = "CosEvent", "CosEvent.vcproj", "{2C8354A3-FECA-1BAD-0392-D2110000505F}"
	ProjectSection(ProjectDependencies) = postProject
		{C93D2ACD-FECA-1BAD-0392-D2110000505F} = {C93D2ACD-FECA-1BAD-0392-D2110000505F}
	EndProjectSection
EndProject
Project("{8BC9CEB8-8B4A-11D0-8D11-00A0C91BC942}") = "CosEvent_IDL", "CosEvent_IDL.vcproj", "{C93D2ACD-FECA-1BAD-0392-D2110000505F}"
	ProjectSection(ProjectDependencies) = postProject
	EndProjectSection
EndProject
Project("{8BC9CEB8-8B4A-11D0-8D11-00A0C91BC942}") = "CosEvent_Serv", "CosEvent_Serv.vcproj", "{4A9189CD-FECA-1BAD-0392-D2110000505F}"
	ProjectSection(ProjectDependencies) = postProject
		{2C8354A3-FECA-1BAD-0392-D2110000505F} = {2C8354A3-FECA-1BAD-0392-D2110000505F}
		{EA91893B-FECA-1BAD-0392-D2110000505F} = {EA91893B-FECA-1BAD-0392-D2110000505F}
		{017C0F66-FECA-1BAD-BFC0-0DE40000505F} = {017C0F66-FECA-1BAD-BFC0-0DE40000505F}
		{596E5664-FECA-1BAD-2FE5-8CC10000505F} = {596E5664-FECA-1BAD-2FE5-8CC10000505F}
	EndProjectSection
EndProject
Project("{8BC9CEB8-8B4A-11D0-8D11-00A0C91BC942}") = "CosEvent_Skel", "CosEvent_Skel.vcproj", "{EA91893B-FECA-1BAD-0392-D2110000505F}"
	ProjectSection(ProjectDependencies) = postProject
		{2C8354A3-FECA-1BAD-0392-D2110000505F} = {2C8354A3-FECA-1BAD-0392-D2110000505F}
	EndProjectSection
EndProject
Project("{8BC9CEB8-8B4A-11D0-8D11-00A0C91BC942}") = "CosLifeCycle", "CosLifeCycle.vcproj", "{D6057E47-FECA-1BAD-ADDD-7A730000505F}"
	ProjectSection(ProjectDependencies) = postProject
		{017C0F66-FECA-1BAD-BFC0-0DE40000505F} = {017C0F66-FECA-1BAD-BFC0-0DE40000505F}
		{E3D9D04B-FECA-1BAD-ADDD-7A730000505F} = {E3D9D04B-FECA-1BAD-ADDD-7A730000505F}
	EndProjectSection
EndProject
Project("{8BC9CEB8-8B4A-11D0-8D11-00A0C91BC942}") = "CosLifeCycle_IDL", "CosLifeCycle_IDL.vcproj", "{E3D9D04B-FECA-1BAD-ADDD-7A730000505F}"
	ProjectSection(ProjectDependencies) = postProject
	EndProjectSection
EndProject
Project("{8BC9CEB8-8B4A-11D0-8D11-00A0C91BC942}") = "CosLifeCycle_Skel", "CosLifeCycle_Skel.vcproj", "{44DE2159-FECA-1BAD-ADDD-7A730000505F}"
	ProjectSection(ProjectDependencies) = postProject
		{017C0F66-FECA-1BAD-BFC0-0DE40000505F} = {017C0F66-FECA-1BAD-BFC0-0DE40000505F}
		{D6057E47-FECA-1BAD-ADDD-7A730000505F} = {D6057E47-FECA-1BAD-ADDD-7A730000505F}
	EndProjectSection
EndProject
Project("{8BC9CEB8-8B4A-11D0-8D11-00A0C91BC942}") = "CosLoadBalancing", "CosLoadBalancing.vcproj", "{5B245812-FECA-1BAD-C885-A8610000505F}"
	ProjectSection(ProjectDependencies) = postProject
		{017C0F66-FECA-1BAD-BFC0-0DE40000505F} = {017C0F66-FECA-1BAD-BFC0-0DE40000505F}
		{5DA0184A-FECA-1BAD-CD05-C0250000505F} = {5DA0184A-FECA-1BAD-CD05-C0250000505F}
	EndProjectSection
EndProject
Project("{8BC9CEB8-8B4A-11D0-8D11-00A0C91BC942}") = "CosNaming", "CosNaming.vcproj", "{017C0F66-FECA-1BAD-BFC0-0DE40000505F}"
	ProjectSection(ProjectDependencies) = postProject
		{92F80732-FECA-1BAD-BFC0-0DE40000505F} = {92F80732-FECA-1BAD-BFC0-0DE40000505F}
	EndProjectSection
EndProject
Project("{8BC9CEB8-8B4A-11D0-8D11-00A0C91BC942}") = "CosNaming_IDL", "CosNaming_IDL.vcproj", "{92F80732-FECA-1BAD-BFC0-0DE40000505F}"
	ProjectSection(ProjectDependencies) = postProject
	EndProjectSection
EndProject
Project("{8BC9CEB8-8B4A-11D0-8D11-00A0C91BC942}") = "CosNaming_Serv", "CosNaming_Serv.vcproj", "{F6C35638-FECA-1BAD-2A2F-76110000505F}"
	ProjectSection(ProjectDependencies) = postProject
		{017C0F66-FECA-1BAD-BFC0-0DE40000505F} = {017C0F66-FECA-1BAD-BFC0-0DE40000505F}
		{56C356CE-FECA-1BAD-2545-76110000505F} = {56C356CE-FECA-1BAD-2545-76110000505F}
		{596E5664-FECA-1BAD-2FE5-8CC10000505F} = {596E5664-FECA-1BAD-2FE5-8CC10000505F}
	EndProjectSection
EndProject
Project("{8BC9CEB8-8B4A-11D0-8D11-00A0C91BC942}") = "CosNaming_Skel", "CosNaming_Skel.vcproj", "{56C356CE-FECA-1BAD-2545-76110000505F}"
	ProjectSection(ProjectDependencies) = postProject
		{017C0F66-FECA-1BAD-BFC0-0DE40000505F} = {017C0F66-FECA-1BAD-BFC0-0DE40000505F}
	EndProjectSection
EndProject
Project("{8BC9CEB8-8B4A-11D0-8D11-00A0C91BC942}") = "CosNotification", "CosNotification.vcproj", "{3DA96EE1-FECA-1BAD-A7B3-C0B20000505F}"
	ProjectSection(ProjectDependencies) = postProject
		{2C8354A3-FECA-1BAD-0392-D2110000505F} = {2C8354A3-FECA-1BAD-0392-D2110000505F}
		{F37F3BE7-FECA-1BAD-A7B3-C0B20000505F} = {F37F3BE7-FECA-1BAD-A7B3-C0B20000505F}
	EndProjectSection
EndProject
Project("{8BC9CEB8-8B4A-11D0-8D11-00A0C91BC942}") = "CosNotification_IDL", "CosNotification_IDL.vcproj", "{F37F3BE7-FECA-1BAD-A7B3-C0B20000505F}"
	ProjectSection(ProjectDependencies) = postProject
		{2C8354A3-FECA-1BAD-0392-D2110000505F} = {2C8354A3-FECA-1BAD-0392-D2110000505F}
	EndProjectSection
EndProject
Project("{8BC9CEB8-8B4A-11D0-8D11-00A0C91BC942}") = "CosNotification_MC", "CosNotification_MC.vcproj", "{C8A3C069-FECA-1BAD-A7B3-C0B20000505F}"
	ProjectSection(ProjectDependencies) = postProject
		{017C0F66-FECA-1BAD-BFC0-0DE40000505F} = {017C0F66-FECA-1BAD-BFC0-0DE40000505F}
	EndProjectSection
EndProject
Project("{8BC9CEB8-8B4A-11D0-8D11-00A0C91BC942}") = "CosNotification_MC_Ext", "CosNotification_MC_Ext.vcproj", "{DDF7CE12-FECA-1BAD-A7B3-C0B20000505F}"
	ProjectSection(ProjectDependencies) = postProject
		{596E5664-FECA-1BAD-2FE5-8CC10000505F} = {596E5664-FECA-1BAD-2FE5-8CC10000505F}
		{2C8354A3-FECA-1BAD-0392-D2110000505F} = {2C8354A3-FECA-1BAD-0392-D2110000505F}
		{3DA96EE1-FECA-1BAD-A7B3-C0B20000505F} = {3DA96EE1-FECA-1BAD-A7B3-C0B20000505F}
		{EA91893B-FECA-1BAD-0392-D2110000505F} = {EA91893B-FECA-1BAD-0392-D2110000505F}
		{4EB09B98-FECA-1BAD-A7B3-C0B20000505F} = {4EB09B98-FECA-1BAD-A7B3-C0B20000505F}
		{EEB09B6E-FECA-1BAD-A7B3-C0B20000505F} = {EEB09B6E-FECA-1BAD-A7B3-C0B20000505F}
		{017C0F66-FECA-1BAD-BFC0-0DE40000505F} = {017C0F66-FECA-1BAD-BFC0-0DE40000505F}
		{C8A3C069-FECA-1BAD-A7B3-C0B20000505F} = {C8A3C069-FECA-1BAD-A7B3-C0B20000505F}
	EndProjectSection
EndProject
Project("{8BC9CEB8-8B4A-11D0-8D11-00A0C91BC942}") = "CosNotification_Persist", "CosNotification_Persist.vcproj", "{27CB3B05-FECA-1BAD-A7B3-C0B20000505F}"
	ProjectSection(ProjectDependencies) = postProject
		{596E5664-FECA-1BAD-2FE5-8CC10000505F} = {596E5664-FECA-1BAD-2FE5-8CC10000505F}
		{2C8354A3-FECA-1BAD-0392-D2110000505F} = {2C8354A3-FECA-1BAD-0392-D2110000505F}
		{3DA96EE1-FECA-1BAD-A7B3-C0B20000505F} = {3DA96EE1-FECA-1BAD-A7B3-C0B20000505F}
		{EA91893B-FECA-1BAD-0392-D2110000505F} = {EA91893B-FECA-1BAD-0392-D2110000505F}
		{4EB09B98-FECA-1BAD-A7B3-C0B20000505F} = {4EB09B98-FECA-1BAD-A7B3-C0B20000505F}
		{EEB09B6E-FECA-1BAD-A7B3-C0B20000505F} = {EEB09B6E-FECA-1BAD-A7B3-C0B20000505F}
	EndProjectSection
EndProject
Project("{8BC9CEB8-8B4A-11D0-8D11-00A0C91BC942}") = "CosNotification_Serv", "CosNotification_Serv.vcproj", "{EEB09B6E-FECA-1BAD-A7B3-C0B20000505F}"
	ProjectSection(ProjectDependencies) = postProject
		{596E5664-FECA-1BAD-2FE5-8CC10000505F} = {596E5664-FECA-1BAD-2FE5-8CC10000505F}
		{2C8354A3-FECA-1BAD-0392-D2110000505F} = {2C8354A3-FECA-1BAD-0392-D2110000505F}
		{3DA96EE1-FECA-1BAD-A7B3-C0B20000505F} = {3DA96EE1-FECA-1BAD-A7B3-C0B20000505F}
		{EA91893B-FECA-1BAD-0392-D2110000505F} = {EA91893B-FECA-1BAD-0392-D2110000505F}
		{4EB09B98-FECA-1BAD-A7B3-C0B20000505F} = {4EB09B98-FECA-1BAD-A7B3-C0B20000505F}
	EndProjectSection
EndProject
Project("{8BC9CEB8-8B4A-11D0-8D11-00A0C91BC942}") = "CosNotification_Skel", "CosNotification_Skel.vcproj", "{4EB09B98-FECA-1BAD-A7B3-C0B20000505F}"
	ProjectSection(ProjectDependencies) = postProject
		{2C8354A3-FECA-1BAD-0392-D2110000505F} = {2C8354A3-FECA-1BAD-0392-D2110000505F}
		{3DA96EE1-FECA-1BAD-A7B3-C0B20000505F} = {3DA96EE1-FECA-1BAD-A7B3-C0B20000505F}
		{EA91893B-FECA-1BAD-0392-D2110000505F} = {EA91893B-FECA-1BAD-0392-D2110000505F}
	EndProjectSection
EndProject
Project("{8BC9CEB8-8B4A-11D0-8D11-00A0C91BC942}") = "CosProperty", "CosProperty.vcproj", "{DE4C1291-FECA-1BAD-60BD-FEE50000505F}"
	ProjectSection(ProjectDependencies) = postProject
		{8F0FD802-FECA-1BAD-60BD-FEE50000505F} = {8F0FD802-FECA-1BAD-60BD-FEE50000505F}
	EndProjectSection
EndProject
Project("{8BC9CEB8-8B4A-11D0-8D11-00A0C91BC942}") = "CosProperty_IDL", "CosProperty_IDL.vcproj", "{8F0FD802-FECA-1BAD-60BD-FEE50000505F}"
	ProjectSection(ProjectDependencies) = postProject
	EndProjectSection
EndProject
Project("{8BC9CEB8-8B4A-11D0-8D11-00A0C91BC942}") = "CosProperty_Serv", "CosProperty_Serv.vcproj", "{29BEA539-FECA-1BAD-60BD-FEE50000505F}"
	ProjectSection(ProjectDependencies) = postProject
		{DE4C1291-FECA-1BAD-60BD-FEE50000505F} = {DE4C1291-FECA-1BAD-60BD-FEE50000505F}
		{89BEA5CF-FECA-1BAD-60BD-FEE50000505F} = {89BEA5CF-FECA-1BAD-60BD-FEE50000505F}
	EndProjectSection
EndProject
Project("{8BC9CEB8-8B4A-11D0-8D11-00A0C91BC942}") = "CosProperty_Skel", "CosProperty_Skel.vcproj", "{89BEA5CF-FECA-1BAD-60BD-FEE50000505F}"
	ProjectSection(ProjectDependencies) = postProject
		{DE4C1291-FECA-1BAD-60BD-FEE50000505F} = {DE4C1291-FECA-1BAD-60BD-FEE50000505F}
	EndProjectSection
EndProject
Project("{8BC9CEB8-8B4A-11D0-8D11-00A0C91BC942}") = "CosTime", "CosTime.vcproj", "{7D5C1661-FECA-1BAD-2FB7-CFE50000505F}"
	ProjectSection(ProjectDependencies) = postProject
		{8BFF7B12-FECA-1BAD-2FB7-CFE50000505F} = {8BFF7B12-FECA-1BAD-2FB7-CFE50000505F}
	EndProjectSection
EndProject
Project("{8BC9CEB8-8B4A-11D0-8D11-00A0C91BC942}") = "CosTime_IDL", "CosTime_IDL.vcproj", "{8BFF7B12-FECA-1BAD-2FB7-CFE50000505F}"
	ProjectSection(ProjectDependencies) = postProject
	EndProjectSection
EndProject
Project("{8BC9CEB8-8B4A-11D0-8D11-00A0C91BC942}") = "CosTime_Serv", "CosTime_Serv.vcproj", "{66B49439-FECA-1BAD-2FB7-CFE50000505F}"
	ProjectSection(ProjectDependencies) = postProject
		{7D5C1661-FECA-1BAD-2FB7-CFE50000505F} = {7D5C1661-FECA-1BAD-2FB7-CFE50000505F}
		{C6B494CF-FECA-1BAD-2FB7-CFE50000505F} = {C6B494CF-FECA-1BAD-2FB7-CFE50000505F}
		{596E5664-FECA-1BAD-2FE5-8CC10000505F} = {596E5664-FECA-1BAD-2FE5-8CC10000505F}
	EndProjectSection
EndProject
Project("{8BC9CEB8-8B4A-11D0-8D11-00A0C91BC942}") = "CosTime_Skel", "CosTime_Skel.vcproj", "{C6B494CF-FECA-1BAD-2FB7-CFE50000505F}"
	ProjectSection(ProjectDependencies) = postProject
		{7D5C1661-FECA-1BAD-2FB7-CFE50000505F} = {7D5C1661-FECA-1BAD-2FB7-CFE50000505F}
	EndProjectSection
EndProject
Project("{8BC9CEB8-8B4A-11D0-8D11-00A0C91BC942}") = "CosTrading", "CosTrading.vcproj", "{DF300627-FECA-1BAD-2BDD-E9240000505F}"
	ProjectSection(ProjectDependencies) = postProject
		{9BB9D97E-FECA-1BAD-2BDD-E9240000505F} = {9BB9D97E-FECA-1BAD-2BDD-E9240000505F}
	EndProjectSection
EndProject
Project("{8BC9CEB8-8B4A-11D0-8D11-00A0C91BC942}") = "CosTrading_IDL", "CosTrading_IDL.vcproj", "{9BB9D97E-FECA-1BAD-2BDD-E9240000505F}"
	ProjectSection(ProjectDependencies) = postProject
	EndProjectSection
EndProject
Project("{8BC9CEB8-8B4A-11D0-8D11-00A0C91BC942}") = "CosTrading_Serv", "CosTrading_Serv.vcproj", "{62DEB2F8-FECA-1BAD-2BDD-E9240000505F}"
	ProjectSection(ProjectDependencies) = postProject
		{DF300627-FECA-1BAD-2BDD-E9240000505F} = {DF300627-FECA-1BAD-2BDD-E9240000505F}
		{C2DEB20E-FECA-1BAD-2BDD-E9240000505F} = {C2DEB20E-FECA-1BAD-2BDD-E9240000505F}
		{596E5664-FECA-1BAD-2FE5-8CC10000505F} = {596E5664-FECA-1BAD-2FE5-8CC10000505F}
	EndProjectSection
EndProject
Project("{8BC9CEB8-8B4A-11D0-8D11-00A0C91BC942}") = "CosTrading_Skel", "CosTrading_Skel.vcproj", "{C2DEB20E-FECA-1BAD-2BDD-E9240000505F}"
	ProjectSection(ProjectDependencies) = postProject
		{DF300627-FECA-1BAD-2BDD-E9240000505F} = {DF300627-FECA-1BAD-2BDD-E9240000505F}
	EndProjectSection
EndProject
Project("{8BC9CEB8-8B4A-11D0-8D11-00A0C91BC942}") = "DsEventLogAdmin", "DsEventLogAdmin.vcproj", "{C7A0261C-FECA-1BAD-286C-60260000505F}"
	ProjectSection(ProjectDependencies) = postProject
		{B3970666-FECA-1BAD-2FCB-23540000505F} = {B3970666-FECA-1BAD-2FCB-23540000505F}
		{2C8354A3-FECA-1BAD-0392-D2110000505F} = {2C8354A3-FECA-1BAD-0392-D2110000505F}
		{BB82C1EE-FECA-1BAD-286C-60260000505F} = {BB82C1EE-FECA-1BAD-286C-60260000505F}
	EndProjectSection
EndProject
Project("{8BC9CEB8-8B4A-11D0-8D11-00A0C91BC942}") = "DsEventLogAdmin_IDL", "DsEventLogAdmin_IDL.vcproj", "{BB82C1EE-FECA-1BAD-286C-60260000505F}"
	ProjectSection(ProjectDependencies) = postProject
		{B3970666-FECA-1BAD-2FCB-23540000505F} = {B3970666-FECA-1BAD-2FCB-23540000505F}
		{2C8354A3-FECA-1BAD-0392-D2110000505F} = {2C8354A3-FECA-1BAD-0392-D2110000505F}
	EndProjectSection
EndProject
Project("{8BC9CEB8-8B4A-11D0-8D11-00A0C91BC942}") = "DsEventLogAdmin_Serv", "DsEventLogAdmin_Serv.vcproj", "{616F3BFA-FECA-1BAD-286C-60260000505F}"
	ProjectSection(ProjectDependencies) = postProject
		{B3970666-FECA-1BAD-2FCB-23540000505F} = {B3970666-FECA-1BAD-2FCB-23540000505F}
		{2C8354A3-FECA-1BAD-0392-D2110000505F} = {2C8354A3-FECA-1BAD-0392-D2110000505F}
		{C7A0261C-FECA-1BAD-286C-60260000505F} = {C7A0261C-FECA-1BAD-286C-60260000505F}
		{C6C8787E-FECA-1BAD-2FCB-23540000505F} = {C6C8787E-FECA-1BAD-2FCB-23540000505F}
		{EA91893B-FECA-1BAD-0392-D2110000505F} = {EA91893B-FECA-1BAD-0392-D2110000505F}
		{C16F3B0C-FECA-1BAD-286C-60260000505F} = {C16F3B0C-FECA-1BAD-286C-60260000505F}
		{596E5664-FECA-1BAD-2FE5-8CC10000505F} = {596E5664-FECA-1BAD-2FE5-8CC10000505F}
		{66C87888-FECA-1BAD-2FCB-23540000505F} = {66C87888-FECA-1BAD-2FCB-23540000505F}
		{017C0F66-FECA-1BAD-BFC0-0DE40000505F} = {017C0F66-FECA-1BAD-BFC0-0DE40000505F}
		{4A9189CD-FECA-1BAD-0392-D2110000505F} = {4A9189CD-FECA-1BAD-0392-D2110000505F}
	EndProjectSection
EndProject
Project("{8BC9CEB8-8B4A-11D0-8D11-00A0C91BC942}") = "DsEventLogAdmin_Skel", "DsEventLogAdmin_Skel.vcproj", "{C16F3B0C-FECA-1BAD-286C-60260000505F}"
	ProjectSection(ProjectDependencies) = postProject
		{B3970666-FECA-1BAD-2FCB-23540000505F} = {B3970666-FECA-1BAD-2FCB-23540000505F}
		{2C8354A3-FECA-1BAD-0392-D2110000505F} = {2C8354A3-FECA-1BAD-0392-D2110000505F}
		{C7A0261C-FECA-1BAD-286C-60260000505F} = {C7A0261C-FECA-1BAD-286C-60260000505F}
		{C6C8787E-FECA-1BAD-2FCB-23540000505F} = {C6C8787E-FECA-1BAD-2FCB-23540000505F}
		{EA91893B-FECA-1BAD-0392-D2110000505F} = {EA91893B-FECA-1BAD-0392-D2110000505F}
	EndProjectSection
EndProject
Project("{8BC9CEB8-8B4A-11D0-8D11-00A0C91BC942}") = "DsLogAdmin", "DsLogAdmin.vcproj", "{B3970666-FECA-1BAD-2FCB-23540000505F}"
	ProjectSection(ProjectDependencies) = postProject
		{9BF8B5D9-FECA-1BAD-2FCB-23540000505F} = {9BF8B5D9-FECA-1BAD-2FCB-23540000505F}
	EndProjectSection
EndProject
Project("{8BC9CEB8-8B4A-11D0-8D11-00A0C91BC942}") = "DsLogAdmin_IDL", "DsLogAdmin_IDL.vcproj", "{9BF8B5D9-FECA-1BAD-2FCB-23540000505F}"
	ProjectSection(ProjectDependencies) = postProject
	EndProjectSection
EndProject
Project("{8BC9CEB8-8B4A-11D0-8D11-00A0C91BC942}") = "DsLogAdmin_Serv", "DsLogAdmin_Serv.vcproj", "{66C87888-FECA-1BAD-2FCB-23540000505F}"
	ProjectSection(ProjectDependencies) = postProject
		{B3970666-FECA-1BAD-2FCB-23540000505F} = {B3970666-FECA-1BAD-2FCB-23540000505F}
		{C6C8787E-FECA-1BAD-2FCB-23540000505F} = {C6C8787E-FECA-1BAD-2FCB-23540000505F}
		{596E5664-FECA-1BAD-2FE5-8CC10000505F} = {596E5664-FECA-1BAD-2FE5-8CC10000505F}
	EndProjectSection
EndProject
Project("{8BC9CEB8-8B4A-11D0-8D11-00A0C91BC942}") = "DsLogAdmin_Skel", "DsLogAdmin_Skel.vcproj", "{C6C8787E-FECA-1BAD-2FCB-23540000505F}"
	ProjectSection(ProjectDependencies) = postProject
		{B3970666-FECA-1BAD-2FCB-23540000505F} = {B3970666-FECA-1BAD-2FCB-23540000505F}
	EndProjectSection
EndProject
Project("{8BC9CEB8-8B4A-11D0-8D11-00A0C91BC942}") = "DsNotifyLogAdmin", "DsNotifyLogAdmin.vcproj", "{50EF84D4-FECA-1BAD-04E5-14DC0000505F}"
	ProjectSection(ProjectDependencies) = postProject
		{B3970666-FECA-1BAD-2FCB-23540000505F} = {B3970666-FECA-1BAD-2FCB-23540000505F}
		{2C8354A3-FECA-1BAD-0392-D2110000505F} = {2C8354A3-FECA-1BAD-0392-D2110000505F}
		{C7A0261C-FECA-1BAD-286C-60260000505F} = {C7A0261C-FECA-1BAD-286C-60260000505F}
		{3DA96EE1-FECA-1BAD-A7B3-C0B20000505F} = {3DA96EE1-FECA-1BAD-A7B3-C0B20000505F}
		{194A56A1-FECA-1BAD-04E5-14DC0000505F} = {194A56A1-FECA-1BAD-04E5-14DC0000505F}
	EndProjectSection
EndProject
Project("{8BC9CEB8-8B4A-11D0-8D11-00A0C91BC942}") = "DsNotifyLogAdmin_IDL", "DsNotifyLogAdmin_IDL.vcproj", "{194A56A1-FECA-1BAD-04E5-14DC0000505F}"
	ProjectSection(ProjectDependencies) = postProject
		{B3970666-FECA-1BAD-2FCB-23540000505F} = {B3970666-FECA-1BAD-2FCB-23540000505F}
		{2C8354A3-FECA-1BAD-0392-D2110000505F} = {2C8354A3-FECA-1BAD-0392-D2110000505F}
		{C7A0261C-FECA-1BAD-286C-60260000505F} = {C7A0261C-FECA-1BAD-286C-60260000505F}
		{3DA96EE1-FECA-1BAD-A7B3-C0B20000505F} = {3DA96EE1-FECA-1BAD-A7B3-C0B20000505F}
	EndProjectSection
EndProject
Project("{8BC9CEB8-8B4A-11D0-8D11-00A0C91BC942}") = "DsNotifyLogAdmin_Serv", "DsNotifyLogAdmin_Serv.vcproj", "{4DE64F00-FECA-1BAD-04E5-14DC0000505F}"
	ProjectSection(ProjectDependencies) = postProject
		{B3970666-FECA-1BAD-2FCB-23540000505F} = {B3970666-FECA-1BAD-2FCB-23540000505F}
		{2C8354A3-FECA-1BAD-0392-D2110000505F} = {2C8354A3-FECA-1BAD-0392-D2110000505F}
		{C7A0261C-FECA-1BAD-286C-60260000505F} = {C7A0261C-FECA-1BAD-286C-60260000505F}
		{3DA96EE1-FECA-1BAD-A7B3-C0B20000505F} = {3DA96EE1-FECA-1BAD-A7B3-C0B20000505F}
		{50EF84D4-FECA-1BAD-04E5-14DC0000505F} = {50EF84D4-FECA-1BAD-04E5-14DC0000505F}
		{C6C8787E-FECA-1BAD-2FCB-23540000505F} = {C6C8787E-FECA-1BAD-2FCB-23540000505F}
		{EA91893B-FECA-1BAD-0392-D2110000505F} = {EA91893B-FECA-1BAD-0392-D2110000505F}
		{C16F3B0C-FECA-1BAD-286C-60260000505F} = {C16F3B0C-FECA-1BAD-286C-60260000505F}
		{4EB09B98-FECA-1BAD-A7B3-C0B20000505F} = {4EB09B98-FECA-1BAD-A7B3-C0B20000505F}
		{EDE64FF6-FECA-1BAD-04E5-14DC0000505F} = {EDE64FF6-FECA-1BAD-04E5-14DC0000505F}
		{596E5664-FECA-1BAD-2FE5-8CC10000505F} = {596E5664-FECA-1BAD-2FE5-8CC10000505F}
		{66C87888-FECA-1BAD-2FCB-23540000505F} = {66C87888-FECA-1BAD-2FCB-23540000505F}
	EndProjectSection
EndProject
Project("{8BC9CEB8-8B4A-11D0-8D11-00A0C91BC942}") = "DsNotifyLogAdmin_Skel", "DsNotifyLogAdmin_Skel.vcproj", "{EDE64FF6-FECA-1BAD-04E5-14DC0000505F}"
	ProjectSection(ProjectDependencies) = postProject
		{B3970666-FECA-1BAD-2FCB-23540000505F} = {B3970666-FECA-1BAD-2FCB-23540000505F}
		{2C8354A3-FECA-1BAD-0392-D2110000505F} = {2C8354A3-FECA-1BAD-0392-D2110000505F}
		{C7A0261C-FECA-1BAD-286C-60260000505F} = {C7A0261C-FECA-1BAD-286C-60260000505F}
		{3DA96EE1-FECA-1BAD-A7B3-C0B20000505F} = {3DA96EE1-FECA-1BAD-A7B3-C0B20000505F}
		{50EF84D4-FECA-1BAD-04E5-14DC0000505F} = {50EF84D4-FECA-1BAD-04E5-14DC0000505F}
		{C6C8787E-FECA-1BAD-2FCB-23540000505F} = {C6C8787E-FECA-1BAD-2FCB-23540000505F}
		{EA91893B-FECA-1BAD-0392-D2110000505F} = {EA91893B-FECA-1BAD-0392-D2110000505F}
		{C16F3B0C-FECA-1BAD-286C-60260000505F} = {C16F3B0C-FECA-1BAD-286C-60260000505F}
		{4EB09B98-FECA-1BAD-A7B3-C0B20000505F} = {4EB09B98-FECA-1BAD-A7B3-C0B20000505F}
	EndProjectSection
EndProject
Project("{8BC9CEB8-8B4A-11D0-8D11-00A0C91BC942}") = "FTORB_Utils", "FTORB_Utils.vcproj", "{BF7E5251-FECA-1BAD-0A60-8A200000505F}"
	ProjectSection(ProjectDependencies) = postProject
		{017C0F66-FECA-1BAD-BFC0-0DE40000505F} = {017C0F66-FECA-1BAD-BFC0-0DE40000505F}
		{5DA0184A-FECA-1BAD-CD05-C0250000505F} = {5DA0184A-FECA-1BAD-CD05-C0250000505F}
	EndProjectSection
EndProject
Project("{8BC9CEB8-8B4A-11D0-8D11-00A0C91BC942}") = "FTRT_ClientORB", "FTRT_ClientORB.vcproj", "{53B4F327-FECA-1BAD-03D7-9F610000505F}"
	ProjectSection(ProjectDependencies) = postProject
	EndProjectSection
EndProject
Project("{8BC9CEB8-8B4A-11D0-8D11-00A0C91BC942}") = "FTRT_EventChannel", "FTRT_EventChannel.vcproj", "{482BBE1E-FECA-1BAD-03D7-9F610000505F}"
	ProjectSection(ProjectDependencies) = postProject
		{017C0F66-FECA-1BAD-BFC0-0DE40000505F} = {017C0F66-FECA-1BAD-BFC0-0DE40000505F}
		{5DA0184A-FECA-1BAD-CD05-C0250000505F} = {5DA0184A-FECA-1BAD-CD05-C0250000505F}
		{BF7E5251-FECA-1BAD-0A60-8A200000505F} = {BF7E5251-FECA-1BAD-0A60-8A200000505F}
		{596E5664-FECA-1BAD-2FE5-8CC10000505F} = {596E5664-FECA-1BAD-2FE5-8CC10000505F}
		{6C7454A3-FECA-1BAD-0396-DD610000505F} = {6C7454A3-FECA-1BAD-0396-DD610000505F}
		{EA95864B-FECA-1BAD-2D1E-B37C0000505F} = {EA95864B-FECA-1BAD-2D1E-B37C0000505F}
		{4A9586BD-FECA-1BAD-2274-B37C0000505F} = {4A9586BD-FECA-1BAD-2274-B37C0000505F}
		{785454A7-FECA-1BAD-03D7-9F610000505F} = {785454A7-FECA-1BAD-03D7-9F610000505F}
		{BF7E5251-FECA-1BAD-0A60-8A200000505F} = {BF7E5251-FECA-1BAD-0A60-8A200000505F}
	EndProjectSection
EndProject
Project("{8BC9CEB8-8B4A-11D0-8D11-00A0C91BC942}") = "FT_ClientORB", "FT_ClientORB.vcproj", "{53F7A727-FECA-1BAD-0A60-8A200000505F}"
	ProjectSection(ProjectDependencies) = postProject
		{017C0F66-FECA-1BAD-BFC0-0DE40000505F} = {017C0F66-FECA-1BAD-BFC0-0DE40000505F}
		{5DA0184A-FECA-1BAD-CD05-C0250000505F} = {5DA0184A-FECA-1BAD-CD05-C0250000505F}
		{BF7E5251-FECA-1BAD-0A60-8A200000505F} = {BF7E5251-FECA-1BAD-0A60-8A200000505F}
	EndProjectSection
EndProject
Project("{8BC9CEB8-8B4A-11D0-8D11-00A0C91BC942}") = "FT_ServerORB", "FT_ServerORB.vcproj", "{5B541126-FECA-1BAD-0A60-8A200000505F}"
	ProjectSection(ProjectDependencies) = postProject
		{017C0F66-FECA-1BAD-BFC0-0DE40000505F} = {017C0F66-FECA-1BAD-BFC0-0DE40000505F}
		{5DA0184A-FECA-1BAD-CD05-C0250000505F} = {5DA0184A-FECA-1BAD-CD05-C0250000505F}
		{BF7E5251-FECA-1BAD-0A60-8A200000505F} = {BF7E5251-FECA-1BAD-0A60-8A200000505F}
	EndProjectSection
EndProject
Project("{8BC9CEB8-8B4A-11D0-8D11-00A0C91BC942}") = "FaultTolerance", "FaultTolerance.vcproj", "{50E650AE-FECA-1BAD-4345-14410000505F}"
	ProjectSection(ProjectDependencies) = postProject
		{2C8354A3-FECA-1BAD-0392-D2110000505F} = {2C8354A3-FECA-1BAD-0392-D2110000505F}
		{3DA96EE1-FECA-1BAD-A7B3-C0B20000505F} = {3DA96EE1-FECA-1BAD-A7B3-C0B20000505F}
		{017C0F66-FECA-1BAD-BFC0-0DE40000505F} = {017C0F66-FECA-1BAD-BFC0-0DE40000505F}
		{5DA0184A-FECA-1BAD-CD05-C0250000505F} = {5DA0184A-FECA-1BAD-CD05-C0250000505F}
		{BF7E5251-FECA-1BAD-0A60-8A200000505F} = {BF7E5251-FECA-1BAD-0A60-8A200000505F}
		{53F7A727-FECA-1BAD-0A60-8A200000505F} = {53F7A727-FECA-1BAD-0A60-8A200000505F}
		{5B541126-FECA-1BAD-0A60-8A200000505F} = {5B541126-FECA-1BAD-0A60-8A200000505F}
	EndProjectSection
EndProject
Project("{8BC9CEB8-8B4A-11D0-8D11-00A0C91BC942}") = "FtRtEvent", "FtRtEvent.vcproj", "{785454A7-FECA-1BAD-03D7-9F610000505F}"
	ProjectSection(ProjectDependencies) = postProject
		{017C0F66-FECA-1BAD-BFC0-0DE40000505F} = {017C0F66-FECA-1BAD-BFC0-0DE40000505F}
		{5DA0184A-FECA-1BAD-CD05-C0250000505F} = {5DA0184A-FECA-1BAD-CD05-C0250000505F}
		{BF7E5251-FECA-1BAD-0A60-8A200000505F} = {BF7E5251-FECA-1BAD-0A60-8A200000505F}
		{596E5664-FECA-1BAD-2FE5-8CC10000505F} = {596E5664-FECA-1BAD-2FE5-8CC10000505F}
		{6C7454A3-FECA-1BAD-0396-DD610000505F} = {6C7454A3-FECA-1BAD-0396-DD610000505F}
		{EA95864B-FECA-1BAD-2D1E-B37C0000505F} = {EA95864B-FECA-1BAD-2D1E-B37C0000505F}
		{4A9586BD-FECA-1BAD-2274-B37C0000505F} = {4A9586BD-FECA-1BAD-2274-B37C0000505F}
	EndProjectSection
EndProject
Project("{8BC9CEB8-8B4A-11D0-8D11-00A0C91BC942}") = "HTIOP", "HTIOP.vcproj", "{2900A440-FECA-1BAD-0DA2-8A2E0000505F}"
	ProjectSection(ProjectDependencies) = postProject
	EndProjectSection
EndProject
Project("{8BC9CEB8-8B4A-11D0-8D11-00A0C91BC942}") = "IFRService", "IFRService.vcproj", "{4E562422-FECA-1BAD-0B84-FF460000505F}"
	ProjectSection(ProjectDependencies) = postProject
		{596E5664-FECA-1BAD-2FE5-8CC10000505F} = {596E5664-FECA-1BAD-2FE5-8CC10000505F}
	EndProjectSection
EndProject
Project("{8BC9CEB8-8B4A-11D0-8D11-00A0C91BC942}") = "PortableGroup", "PortableGroup.vcproj", "{5DA0184A-FECA-1BAD-CD05-C0250000505F}"
	ProjectSection(ProjectDependencies) = postProject
		{017C0F66-FECA-1BAD-BFC0-0DE40000505F} = {017C0F66-FECA-1BAD-BFC0-0DE40000505F}
	EndProjectSection
EndProject
Project("{8BC9CEB8-8B4A-11D0-8D11-00A0C91BC942}") = "RTCORBAEvent", "RTCORBAEvent.vcproj", "{CF6103A4-FECA-1BAD-73EC-EC340000505F}"
	ProjectSection(ProjectDependencies) = postProject
		{596E5664-FECA-1BAD-2FE5-8CC10000505F} = {596E5664-FECA-1BAD-2FE5-8CC10000505F}
		{6C7454A3-FECA-1BAD-0396-DD610000505F} = {6C7454A3-FECA-1BAD-0396-DD610000505F}
		{EA95864B-FECA-1BAD-2D1E-B37C0000505F} = {EA95864B-FECA-1BAD-2D1E-B37C0000505F}
		{4A9586BD-FECA-1BAD-2274-B37C0000505F} = {4A9586BD-FECA-1BAD-2274-B37C0000505F}
	EndProjectSection
EndProject
Project("{8BC9CEB8-8B4A-11D0-8D11-00A0C91BC942}") = "RTEvent", "RTEvent.vcproj", "{6C7454A3-FECA-1BAD-0396-DD610000505F}"
	ProjectSection(ProjectDependencies) = postProject
		{596E5664-FECA-1BAD-2FE5-8CC10000505F} = {596E5664-FECA-1BAD-2FE5-8CC10000505F}
	EndProjectSection
EndProject
Project("{8BC9CEB8-8B4A-11D0-8D11-00A0C91BC942}") = "RTEventLogAdmin", "RTEventLogAdmin.vcproj", "{C6E7261C-FECA-1BAD-286C-74560000505F}"
	ProjectSection(ProjectDependencies) = postProject
		{B3970666-FECA-1BAD-2FCB-23540000505F} = {B3970666-FECA-1BAD-2FCB-23540000505F}
		{596E5664-FECA-1BAD-2FE5-8CC10000505F} = {596E5664-FECA-1BAD-2FE5-8CC10000505F}
		{6C7454A3-FECA-1BAD-0396-DD610000505F} = {6C7454A3-FECA-1BAD-0396-DD610000505F}
		{BB82C0A9-FECA-1BAD-286C-74560000505F} = {BB82C0A9-FECA-1BAD-286C-74560000505F}
	EndProjectSection
EndProject
Project("{8BC9CEB8-8B4A-11D0-8D11-00A0C91BC942}") = "RTEventLogAdmin_IDL", "RTEventLogAdmin_IDL.vcproj", "{BB82C0A9-FECA-1BAD-286C-74560000505F}"
	ProjectSection(ProjectDependencies) = postProject
		{B3970666-FECA-1BAD-2FCB-23540000505F} = {B3970666-FECA-1BAD-2FCB-23540000505F}
		{596E5664-FECA-1BAD-2FE5-8CC10000505F} = {596E5664-FECA-1BAD-2FE5-8CC10000505F}
		{6C7454A3-FECA-1BAD-0396-DD610000505F} = {6C7454A3-FECA-1BAD-0396-DD610000505F}
	EndProjectSection
EndProject
Project("{8BC9CEB8-8B4A-11D0-8D11-00A0C91BC942}") = "RTEventLogAdmin_Serv", "RTEventLogAdmin_Serv.vcproj", "{616F2F8A-FECA-1BAD-286C-74560000505F}"
	ProjectSection(ProjectDependencies) = postProject
		{B3970666-FECA-1BAD-2FCB-23540000505F} = {B3970666-FECA-1BAD-2FCB-23540000505F}
		{596E5664-FECA-1BAD-2FE5-8CC10000505F} = {596E5664-FECA-1BAD-2FE5-8CC10000505F}
		{6C7454A3-FECA-1BAD-0396-DD610000505F} = {6C7454A3-FECA-1BAD-0396-DD610000505F}
		{C6E7261C-FECA-1BAD-286C-74560000505F} = {C6E7261C-FECA-1BAD-286C-74560000505F}
		{C6C8787E-FECA-1BAD-2FCB-23540000505F} = {C6C8787E-FECA-1BAD-2FCB-23540000505F}
		{EA95864B-FECA-1BAD-2D1E-B37C0000505F} = {EA95864B-FECA-1BAD-2D1E-B37C0000505F}
		{C16F2F7C-FECA-1BAD-286C-74560000505F} = {C16F2F7C-FECA-1BAD-286C-74560000505F}
		{66C87888-FECA-1BAD-2FCB-23540000505F} = {66C87888-FECA-1BAD-2FCB-23540000505F}
		{4A9586BD-FECA-1BAD-2274-B37C0000505F} = {4A9586BD-FECA-1BAD-2274-B37C0000505F}
		{017C0F66-FECA-1BAD-BFC0-0DE40000505F} = {017C0F66-FECA-1BAD-BFC0-0DE40000505F}
		{6C752179-FECA-1BAD-5E36-DD760000505F} = {6C752179-FECA-1BAD-5E36-DD760000505F}
	EndProjectSection
EndProject
Project("{8BC9CEB8-8B4A-11D0-8D11-00A0C91BC942}") = "RTEventLogAdmin_Skel", "RTEventLogAdmin_Skel.vcproj", "{C16F2F7C-FECA-1BAD-286C-74560000505F}"
	ProjectSection(ProjectDependencies) = postProject
		{B3970666-FECA-1BAD-2FCB-23540000505F} = {B3970666-FECA-1BAD-2FCB-23540000505F}
		{596E5664-FECA-1BAD-2FE5-8CC10000505F} = {596E5664-FECA-1BAD-2FE5-8CC10000505F}
		{6C7454A3-FECA-1BAD-0396-DD610000505F} = {6C7454A3-FECA-1BAD-0396-DD610000505F}
		{C6E7261C-FECA-1BAD-286C-74560000505F} = {C6E7261C-FECA-1BAD-286C-74560000505F}
		{C6C8787E-FECA-1BAD-2FCB-23540000505F} = {C6C8787E-FECA-1BAD-2FCB-23540000505F}
		{EA95864B-FECA-1BAD-2D1E-B37C0000505F} = {EA95864B-FECA-1BAD-2D1E-B37C0000505F}
	EndProjectSection
EndProject
Project("{8BC9CEB8-8B4A-11D0-8D11-00A0C91BC942}") = "RTEvent_Serv", "RTEvent_Serv.vcproj", "{4A9586BD-FECA-1BAD-2274-B37C0000505F}"
	ProjectSection(ProjectDependencies) = postProject
		{596E5664-FECA-1BAD-2FE5-8CC10000505F} = {596E5664-FECA-1BAD-2FE5-8CC10000505F}
		{6C7454A3-FECA-1BAD-0396-DD610000505F} = {6C7454A3-FECA-1BAD-0396-DD610000505F}
		{EA95864B-FECA-1BAD-2D1E-B37C0000505F} = {EA95864B-FECA-1BAD-2D1E-B37C0000505F}
	EndProjectSection
EndProject
Project("{8BC9CEB8-8B4A-11D0-8D11-00A0C91BC942}") = "RTEvent_Skel", "RTEvent_Skel.vcproj", "{EA95864B-FECA-1BAD-2D1E-B37C0000505F}"
	ProjectSection(ProjectDependencies) = postProject
		{596E5664-FECA-1BAD-2FE5-8CC10000505F} = {596E5664-FECA-1BAD-2FE5-8CC10000505F}
		{6C7454A3-FECA-1BAD-0396-DD610000505F} = {6C7454A3-FECA-1BAD-0396-DD610000505F}
	EndProjectSection
EndProject
Project("{8BC9CEB8-8B4A-11D0-8D11-00A0C91BC942}") = "RTKokyuEvent", "RTKokyuEvent.vcproj", "{F5E503AE-FECA-1BAD-734F-44740000505F}"
	ProjectSection(ProjectDependencies) = postProject
		{596E5664-FECA-1BAD-2FE5-8CC10000505F} = {596E5664-FECA-1BAD-2FE5-8CC10000505F}
		{6C7454A3-FECA-1BAD-0396-DD610000505F} = {6C7454A3-FECA-1BAD-0396-DD610000505F}
		{EA95864B-FECA-1BAD-2D1E-B37C0000505F} = {EA95864B-FECA-1BAD-2D1E-B37C0000505F}
		{4A9586BD-FECA-1BAD-2274-B37C0000505F} = {4A9586BD-FECA-1BAD-2274-B37C0000505F}
		{017C0F66-FECA-1BAD-BFC0-0DE40000505F} = {017C0F66-FECA-1BAD-BFC0-0DE40000505F}
		{6C752179-FECA-1BAD-5E36-DD760000505F} = {6C752179-FECA-1BAD-5E36-DD760000505F}
	EndProjectSection
EndProject
Project("{8BC9CEB8-8B4A-11D0-8D11-00A0C91BC942}") = "RTSched", "RTSched.vcproj", "{6C752179-FECA-1BAD-5E36-DD760000505F}"
	ProjectSection(ProjectDependencies) = postProject
		{017C0F66-FECA-1BAD-BFC0-0DE40000505F} = {017C0F66-FECA-1BAD-BFC0-0DE40000505F}
		{596E5664-FECA-1BAD-2FE5-8CC10000505F} = {596E5664-FECA-1BAD-2FE5-8CC10000505F}
	EndProjectSection
EndProject
Project("{8BC9CEB8-8B4A-11D0-8D11-00A0C91BC942}") = "RTSchedEvent", "RTSchedEvent.vcproj", "{373403B6-FECA-1BAD-72C3-69640000505F}"
	ProjectSection(ProjectDependencies) = postProject
		{596E5664-FECA-1BAD-2FE5-8CC10000505F} = {596E5664-FECA-1BAD-2FE5-8CC10000505F}
		{6C7454A3-FECA-1BAD-0396-DD610000505F} = {6C7454A3-FECA-1BAD-0396-DD610000505F}
		{EA95864B-FECA-1BAD-2D1E-B37C0000505F} = {EA95864B-FECA-1BAD-2D1E-B37C0000505F}
		{4A9586BD-FECA-1BAD-2274-B37C0000505F} = {4A9586BD-FECA-1BAD-2274-B37C0000505F}
		{017C0F66-FECA-1BAD-BFC0-0DE40000505F} = {017C0F66-FECA-1BAD-BFC0-0DE40000505F}
		{6C752179-FECA-1BAD-5E36-DD760000505F} = {6C752179-FECA-1BAD-5E36-DD760000505F}
	EndProjectSection
EndProject
Project("{8BC9CEB8-8B4A-11D0-8D11-00A0C91BC942}") = "RT_Notification", "RT_Notification.vcproj", "{3C80AEE1-FECA-1BAD-A7B3-D22E0000505F}"
	ProjectSection(ProjectDependencies) = postProject
		{596E5664-FECA-1BAD-2FE5-8CC10000505F} = {596E5664-FECA-1BAD-2FE5-8CC10000505F}
		{2C8354A3-FECA-1BAD-0392-D2110000505F} = {2C8354A3-FECA-1BAD-0392-D2110000505F}
		{3DA96EE1-FECA-1BAD-A7B3-C0B20000505F} = {3DA96EE1-FECA-1BAD-A7B3-C0B20000505F}
		{EA91893B-FECA-1BAD-0392-D2110000505F} = {EA91893B-FECA-1BAD-0392-D2110000505F}
		{4EB09B98-FECA-1BAD-A7B3-C0B20000505F} = {4EB09B98-FECA-1BAD-A7B3-C0B20000505F}
		{EEB09B6E-FECA-1BAD-A7B3-C0B20000505F} = {EEB09B6E-FECA-1BAD-A7B3-C0B20000505F}
	EndProjectSection
EndProject
Project("{8BC9CEB8-8B4A-11D0-8D11-00A0C91BC942}") = "Security", "Security.vcproj", "{EC305079-FECA-1BAD-4E3E-D9210000505F}"
	ProjectSection(ProjectDependencies) = postProject
	EndProjectSection
EndProject
Project("{8BC9CEB8-8B4A-11D0-8D11-00A0C91BC942}") = "Svc_Utils", "Svc_Utils.vcproj", "{596E5664-FECA-1BAD-2FE5-8CC10000505F}"
	ProjectSection(ProjectDependencies) = postProject
	EndProjectSection
EndProject
Global
	GlobalSection(SolutionConfiguration) = preSolution
		Debug = Debug
		Release = Release
	EndGlobalSection
	GlobalSection(ProjectConfiguration) = postSolution
		{490474DE-FECA-1BAD-0444-8A630000505F}.Debug.ActiveCfg = Debug|Win32
		{490474DE-FECA-1BAD-0444-8A630000505F}.Debug.Build.0 = Debug|Win32
		{490474DE-FECA-1BAD-0444-8A630000505F}.Release.ActiveCfg = Release|Win32
		{490474DE-FECA-1BAD-0444-8A630000505F}.Release.Build.0 = Release|Win32
		{3D64B047-FECA-1BAD-4DD3-CC6F0000505F}.Debug.ActiveCfg = Debug|Win32
		{3D64B047-FECA-1BAD-4DD3-CC6F0000505F}.Debug.Build.0 = Debug|Win32
		{3D64B047-FECA-1BAD-4DD3-CC6F0000505F}.Release.ActiveCfg = Release|Win32
		{3D64B047-FECA-1BAD-4DD3-CC6F0000505F}.Release.Build.0 = Release|Win32
		{2DD93B2A-FECA-1BAD-4DD3-CC6F0000505F}.Debug.ActiveCfg = Debug|Win32
		{2DD93B2A-FECA-1BAD-4DD3-CC6F0000505F}.Debug.Build.0 = Debug|Win32
		{2DD93B2A-FECA-1BAD-4DD3-CC6F0000505F}.Release.ActiveCfg = Release|Win32
		{2DD93B2A-FECA-1BAD-4DD3-CC6F0000505F}.Release.Build.0 = Release|Win32
		{04D097B3-FECA-1BAD-4DD3-CC6F0000505F}.Debug.ActiveCfg = Debug|Win32
		{04D097B3-FECA-1BAD-4DD3-CC6F0000505F}.Debug.Build.0 = Debug|Win32
		{04D097B3-FECA-1BAD-4DD3-CC6F0000505F}.Release.ActiveCfg = Release|Win32
		{04D097B3-FECA-1BAD-4DD3-CC6F0000505F}.Release.Build.0 = Release|Win32
		{A4D09745-FECA-1BAD-4DD3-CC6F0000505F}.Debug.ActiveCfg = Debug|Win32
		{A4D09745-FECA-1BAD-4DD3-CC6F0000505F}.Debug.Build.0 = Debug|Win32
		{A4D09745-FECA-1BAD-4DD3-CC6F0000505F}.Release.ActiveCfg = Release|Win32
		{A4D09745-FECA-1BAD-4DD3-CC6F0000505F}.Release.Build.0 = Release|Win32
		{2C8354A3-FECA-1BAD-0392-D2110000505F}.Debug.ActiveCfg = Debug|Win32
		{2C8354A3-FECA-1BAD-0392-D2110000505F}.Debug.Build.0 = Debug|Win32
		{2C8354A3-FECA-1BAD-0392-D2110000505F}.Release.ActiveCfg = Release|Win32
		{2C8354A3-FECA-1BAD-0392-D2110000505F}.Release.Build.0 = Release|Win32
		{C93D2ACD-FECA-1BAD-0392-D2110000505F}.Debug.ActiveCfg = Debug|Win32
		{C93D2ACD-FECA-1BAD-0392-D2110000505F}.Debug.Build.0 = Debug|Win32
		{C93D2ACD-FECA-1BAD-0392-D2110000505F}.Release.ActiveCfg = Release|Win32
		{C93D2ACD-FECA-1BAD-0392-D2110000505F}.Release.Build.0 = Release|Win32
		{4A9189CD-FECA-1BAD-0392-D2110000505F}.Debug.ActiveCfg = Debug|Win32
		{4A9189CD-FECA-1BAD-0392-D2110000505F}.Debug.Build.0 = Debug|Win32
		{4A9189CD-FECA-1BAD-0392-D2110000505F}.Release.ActiveCfg = Release|Win32
		{4A9189CD-FECA-1BAD-0392-D2110000505F}.Release.Build.0 = Release|Win32
		{EA91893B-FECA-1BAD-0392-D2110000505F}.Debug.ActiveCfg = Debug|Win32
		{EA91893B-FECA-1BAD-0392-D2110000505F}.Debug.Build.0 = Debug|Win32
		{EA91893B-FECA-1BAD-0392-D2110000505F}.Release.ActiveCfg = Release|Win32
		{EA91893B-FECA-1BAD-0392-D2110000505F}.Release.Build.0 = Release|Win32
		{D6057E47-FECA-1BAD-ADDD-7A730000505F}.Debug.ActiveCfg = Debug|Win32
		{D6057E47-FECA-1BAD-ADDD-7A730000505F}.Debug.Build.0 = Debug|Win32
		{D6057E47-FECA-1BAD-ADDD-7A730000505F}.Release.ActiveCfg = Release|Win32
		{D6057E47-FECA-1BAD-ADDD-7A730000505F}.Release.Build.0 = Release|Win32
		{E3D9D04B-FECA-1BAD-ADDD-7A730000505F}.Debug.ActiveCfg = Debug|Win32
		{E3D9D04B-FECA-1BAD-ADDD-7A730000505F}.Debug.Build.0 = Debug|Win32
		{E3D9D04B-FECA-1BAD-ADDD-7A730000505F}.Release.ActiveCfg = Release|Win32
		{E3D9D04B-FECA-1BAD-ADDD-7A730000505F}.Release.Build.0 = Release|Win32
		{44DE2159-FECA-1BAD-ADDD-7A730000505F}.Debug.ActiveCfg = Debug|Win32
		{44DE2159-FECA-1BAD-ADDD-7A730000505F}.Debug.Build.0 = Debug|Win32
		{44DE2159-FECA-1BAD-ADDD-7A730000505F}.Release.ActiveCfg = Release|Win32
		{44DE2159-FECA-1BAD-ADDD-7A730000505F}.Release.Build.0 = Release|Win32
		{5B245812-FECA-1BAD-C885-A8610000505F}.Debug.ActiveCfg = Debug|Win32
		{5B245812-FECA-1BAD-C885-A8610000505F}.Debug.Build.0 = Debug|Win32
		{5B245812-FECA-1BAD-C885-A8610000505F}.Release.ActiveCfg = Release|Win32
		{5B245812-FECA-1BAD-C885-A8610000505F}.Release.Build.0 = Release|Win32
		{017C0F66-FECA-1BAD-BFC0-0DE40000505F}.Debug.ActiveCfg = Debug|Win32
		{017C0F66-FECA-1BAD-BFC0-0DE40000505F}.Debug.Build.0 = Debug|Win32
		{017C0F66-FECA-1BAD-BFC0-0DE40000505F}.Release.ActiveCfg = Release|Win32
		{017C0F66-FECA-1BAD-BFC0-0DE40000505F}.Release.Build.0 = Release|Win32
		{92F80732-FECA-1BAD-BFC0-0DE40000505F}.Debug.ActiveCfg = Debug|Win32
		{92F80732-FECA-1BAD-BFC0-0DE40000505F}.Debug.Build.0 = Debug|Win32
		{92F80732-FECA-1BAD-BFC0-0DE40000505F}.Release.ActiveCfg = Release|Win32
		{92F80732-FECA-1BAD-BFC0-0DE40000505F}.Release.Build.0 = Release|Win32
		{F6C35638-FECA-1BAD-2A2F-76110000505F}.Debug.ActiveCfg = Debug|Win32
		{F6C35638-FECA-1BAD-2A2F-76110000505F}.Debug.Build.0 = Debug|Win32
		{F6C35638-FECA-1BAD-2A2F-76110000505F}.Release.ActiveCfg = Release|Win32
		{F6C35638-FECA-1BAD-2A2F-76110000505F}.Release.Build.0 = Release|Win32
		{56C356CE-FECA-1BAD-2545-76110000505F}.Debug.ActiveCfg = Debug|Win32
		{56C356CE-FECA-1BAD-2545-76110000505F}.Debug.Build.0 = Debug|Win32
		{56C356CE-FECA-1BAD-2545-76110000505F}.Release.ActiveCfg = Release|Win32
		{56C356CE-FECA-1BAD-2545-76110000505F}.Release.Build.0 = Release|Win32
		{3DA96EE1-FECA-1BAD-A7B3-C0B20000505F}.Debug.ActiveCfg = Debug|Win32
		{3DA96EE1-FECA-1BAD-A7B3-C0B20000505F}.Debug.Build.0 = Debug|Win32
		{3DA96EE1-FECA-1BAD-A7B3-C0B20000505F}.Release.ActiveCfg = Release|Win32
		{3DA96EE1-FECA-1BAD-A7B3-C0B20000505F}.Release.Build.0 = Release|Win32
		{F37F3BE7-FECA-1BAD-A7B3-C0B20000505F}.Debug.ActiveCfg = Debug|Win32
		{F37F3BE7-FECA-1BAD-A7B3-C0B20000505F}.Debug.Build.0 = Debug|Win32
		{F37F3BE7-FECA-1BAD-A7B3-C0B20000505F}.Release.ActiveCfg = Release|Win32
		{F37F3BE7-FECA-1BAD-A7B3-C0B20000505F}.Release.Build.0 = Release|Win32
		{C8A3C069-FECA-1BAD-A7B3-C0B20000505F}.Debug.ActiveCfg = Debug|Win32
		{C8A3C069-FECA-1BAD-A7B3-C0B20000505F}.Debug.Build.0 = Debug|Win32
		{C8A3C069-FECA-1BAD-A7B3-C0B20000505F}.Release.ActiveCfg = Release|Win32
		{C8A3C069-FECA-1BAD-A7B3-C0B20000505F}.Release.Build.0 = Release|Win32
		{DDF7CE12-FECA-1BAD-A7B3-C0B20000505F}.Debug.ActiveCfg = Debug|Win32
		{DDF7CE12-FECA-1BAD-A7B3-C0B20000505F}.Debug.Build.0 = Debug|Win32
		{DDF7CE12-FECA-1BAD-A7B3-C0B20000505F}.Release.ActiveCfg = Release|Win32
		{DDF7CE12-FECA-1BAD-A7B3-C0B20000505F}.Release.Build.0 = Release|Win32
		{27CB3B05-FECA-1BAD-A7B3-C0B20000505F}.Debug.ActiveCfg = Debug|Win32
		{27CB3B05-FECA-1BAD-A7B3-C0B20000505F}.Debug.Build.0 = Debug|Win32
		{27CB3B05-FECA-1BAD-A7B3-C0B20000505F}.Release.ActiveCfg = Release|Win32
		{27CB3B05-FECA-1BAD-A7B3-C0B20000505F}.Release.Build.0 = Release|Win32
		{EEB09B6E-FECA-1BAD-A7B3-C0B20000505F}.Debug.ActiveCfg = Debug|Win32
		{EEB09B6E-FECA-1BAD-A7B3-C0B20000505F}.Debug.Build.0 = Debug|Win32
		{EEB09B6E-FECA-1BAD-A7B3-C0B20000505F}.Release.ActiveCfg = Release|Win32
		{EEB09B6E-FECA-1BAD-A7B3-C0B20000505F}.Release.Build.0 = Release|Win32
		{4EB09B98-FECA-1BAD-A7B3-C0B20000505F}.Debug.ActiveCfg = Debug|Win32
		{4EB09B98-FECA-1BAD-A7B3-C0B20000505F}.Debug.Build.0 = Debug|Win32
		{4EB09B98-FECA-1BAD-A7B3-C0B20000505F}.Release.ActiveCfg = Release|Win32
		{4EB09B98-FECA-1BAD-A7B3-C0B20000505F}.Release.Build.0 = Release|Win32
		{DE4C1291-FECA-1BAD-60BD-FEE50000505F}.Debug.ActiveCfg = Debug|Win32
		{DE4C1291-FECA-1BAD-60BD-FEE50000505F}.Debug.Build.0 = Debug|Win32
		{DE4C1291-FECA-1BAD-60BD-FEE50000505F}.Release.ActiveCfg = Release|Win32
		{DE4C1291-FECA-1BAD-60BD-FEE50000505F}.Release.Build.0 = Release|Win32
		{8F0FD802-FECA-1BAD-60BD-FEE50000505F}.Debug.ActiveCfg = Debug|Win32
		{8F0FD802-FECA-1BAD-60BD-FEE50000505F}.Debug.Build.0 = Debug|Win32
		{8F0FD802-FECA-1BAD-60BD-FEE50000505F}.Release.ActiveCfg = Release|Win32
		{8F0FD802-FECA-1BAD-60BD-FEE50000505F}.Release.Build.0 = Release|Win32
		{29BEA539-FECA-1BAD-60BD-FEE50000505F}.Debug.ActiveCfg = Debug|Win32
		{29BEA539-FECA-1BAD-60BD-FEE50000505F}.Debug.Build.0 = Debug|Win32
		{29BEA539-FECA-1BAD-60BD-FEE50000505F}.Release.ActiveCfg = Release|Win32
		{29BEA539-FECA-1BAD-60BD-FEE50000505F}.Release.Build.0 = Release|Win32
		{89BEA5CF-FECA-1BAD-60BD-FEE50000505F}.Debug.ActiveCfg = Debug|Win32
		{89BEA5CF-FECA-1BAD-60BD-FEE50000505F}.Debug.Build.0 = Debug|Win32
		{89BEA5CF-FECA-1BAD-60BD-FEE50000505F}.Release.ActiveCfg = Release|Win32
		{89BEA5CF-FECA-1BAD-60BD-FEE50000505F}.Release.Build.0 = Release|Win32
		{7D5C1661-FECA-1BAD-2FB7-CFE50000505F}.Debug.ActiveCfg = Debug|Win32
		{7D5C1661-FECA-1BAD-2FB7-CFE50000505F}.Debug.Build.0 = Debug|Win32
		{7D5C1661-FECA-1BAD-2FB7-CFE50000505F}.Release.ActiveCfg = Release|Win32
		{7D5C1661-FECA-1BAD-2FB7-CFE50000505F}.Release.Build.0 = Release|Win32
		{8BFF7B12-FECA-1BAD-2FB7-CFE50000505F}.Debug.ActiveCfg = Debug|Win32
		{8BFF7B12-FECA-1BAD-2FB7-CFE50000505F}.Debug.Build.0 = Debug|Win32
		{8BFF7B12-FECA-1BAD-2FB7-CFE50000505F}.Release.ActiveCfg = Release|Win32
		{8BFF7B12-FECA-1BAD-2FB7-CFE50000505F}.Release.Build.0 = Release|Win32
		{66B49439-FECA-1BAD-2FB7-CFE50000505F}.Debug.ActiveCfg = Debug|Win32
		{66B49439-FECA-1BAD-2FB7-CFE50000505F}.Debug.Build.0 = Debug|Win32
		{66B49439-FECA-1BAD-2FB7-CFE50000505F}.Release.ActiveCfg = Release|Win32
		{66B49439-FECA-1BAD-2FB7-CFE50000505F}.Release.Build.0 = Release|Win32
		{C6B494CF-FECA-1BAD-2FB7-CFE50000505F}.Debug.ActiveCfg = Debug|Win32
		{C6B494CF-FECA-1BAD-2FB7-CFE50000505F}.Debug.Build.0 = Debug|Win32
		{C6B494CF-FECA-1BAD-2FB7-CFE50000505F}.Release.ActiveCfg = Release|Win32
		{C6B494CF-FECA-1BAD-2FB7-CFE50000505F}.Release.Build.0 = Release|Win32
		{DF300627-FECA-1BAD-2BDD-E9240000505F}.Debug.ActiveCfg = Debug|Win32
		{DF300627-FECA-1BAD-2BDD-E9240000505F}.Debug.Build.0 = Debug|Win32
		{DF300627-FECA-1BAD-2BDD-E9240000505F}.Release.ActiveCfg = Release|Win32
		{DF300627-FECA-1BAD-2BDD-E9240000505F}.Release.Build.0 = Release|Win32
		{9BB9D97E-FECA-1BAD-2BDD-E9240000505F}.Debug.ActiveCfg = Debug|Win32
		{9BB9D97E-FECA-1BAD-2BDD-E9240000505F}.Debug.Build.0 = Debug|Win32
		{9BB9D97E-FECA-1BAD-2BDD-E9240000505F}.Release.ActiveCfg = Release|Win32
		{9BB9D97E-FECA-1BAD-2BDD-E9240000505F}.Release.Build.0 = Release|Win32
		{62DEB2F8-FECA-1BAD-2BDD-E9240000505F}.Debug.ActiveCfg = Debug|Win32
		{62DEB2F8-FECA-1BAD-2BDD-E9240000505F}.Debug.Build.0 = Debug|Win32
		{62DEB2F8-FECA-1BAD-2BDD-E9240000505F}.Release.ActiveCfg = Release|Win32
		{62DEB2F8-FECA-1BAD-2BDD-E9240000505F}.Release.Build.0 = Release|Win32
		{C2DEB20E-FECA-1BAD-2BDD-E9240000505F}.Debug.ActiveCfg = Debug|Win32
		{C2DEB20E-FECA-1BAD-2BDD-E9240000505F}.Debug.Build.0 = Debug|Win32
		{C2DEB20E-FECA-1BAD-2BDD-E9240000505F}.Release.ActiveCfg = Release|Win32
		{C2DEB20E-FECA-1BAD-2BDD-E9240000505F}.Release.Build.0 = Release|Win32
		{C7A0261C-FECA-1BAD-286C-60260000505F}.Debug.ActiveCfg = Debug|Win32
		{C7A0261C-FECA-1BAD-286C-60260000505F}.Debug.Build.0 = Debug|Win32
		{C7A0261C-FECA-1BAD-286C-60260000505F}.Release.ActiveCfg = Release|Win32
		{C7A0261C-FECA-1BAD-286C-60260000505F}.Release.Build.0 = Release|Win32
		{BB82C1EE-FECA-1BAD-286C-60260000505F}.Debug.ActiveCfg = Debug|Win32
		{BB82C1EE-FECA-1BAD-286C-60260000505F}.Debug.Build.0 = Debug|Win32
		{BB82C1EE-FECA-1BAD-286C-60260000505F}.Release.ActiveCfg = Release|Win32
		{BB82C1EE-FECA-1BAD-286C-60260000505F}.Release.Build.0 = Release|Win32
		{616F3BFA-FECA-1BAD-286C-60260000505F}.Debug.ActiveCfg = Debug|Win32
		{616F3BFA-FECA-1BAD-286C-60260000505F}.Debug.Build.0 = Debug|Win32
		{616F3BFA-FECA-1BAD-286C-60260000505F}.Release.ActiveCfg = Release|Win32
		{616F3BFA-FECA-1BAD-286C-60260000505F}.Release.Build.0 = Release|Win32
		{C16F3B0C-FECA-1BAD-286C-60260000505F}.Debug.ActiveCfg = Debug|Win32
		{C16F3B0C-FECA-1BAD-286C-60260000505F}.Debug.Build.0 = Debug|Win32
		{C16F3B0C-FECA-1BAD-286C-60260000505F}.Release.ActiveCfg = Release|Win32
		{C16F3B0C-FECA-1BAD-286C-60260000505F}.Release.Build.0 = Release|Win32
		{B3970666-FECA-1BAD-2FCB-23540000505F}.Debug.ActiveCfg = Debug|Win32
		{B3970666-FECA-1BAD-2FCB-23540000505F}.Debug.Build.0 = Debug|Win32
		{B3970666-FECA-1BAD-2FCB-23540000505F}.Release.ActiveCfg = Release|Win32
		{B3970666-FECA-1BAD-2FCB-23540000505F}.Release.Build.0 = Release|Win32
		{9BF8B5D9-FECA-1BAD-2FCB-23540000505F}.Debug.ActiveCfg = Debug|Win32
		{9BF8B5D9-FECA-1BAD-2FCB-23540000505F}.Debug.Build.0 = Debug|Win32
		{9BF8B5D9-FECA-1BAD-2FCB-23540000505F}.Release.ActiveCfg = Release|Win32
		{9BF8B5D9-FECA-1BAD-2FCB-23540000505F}.Release.Build.0 = Release|Win32
		{66C87888-FECA-1BAD-2FCB-23540000505F}.Debug.ActiveCfg = Debug|Win32
		{66C87888-FECA-1BAD-2FCB-23540000505F}.Debug.Build.0 = Debug|Win32
		{66C87888-FECA-1BAD-2FCB-23540000505F}.Release.ActiveCfg = Release|Win32
		{66C87888-FECA-1BAD-2FCB-23540000505F}.Release.Build.0 = Release|Win32
		{C6C8787E-FECA-1BAD-2FCB-23540000505F}.Debug.ActiveCfg = Debug|Win32
		{C6C8787E-FECA-1BAD-2FCB-23540000505F}.Debug.Build.0 = Debug|Win32
		{C6C8787E-FECA-1BAD-2FCB-23540000505F}.Release.ActiveCfg = Release|Win32
		{C6C8787E-FECA-1BAD-2FCB-23540000505F}.Release.Build.0 = Release|Win32
		{50EF84D4-FECA-1BAD-04E5-14DC0000505F}.Debug.ActiveCfg = Debug|Win32
		{50EF84D4-FECA-1BAD-04E5-14DC0000505F}.Debug.Build.0 = Debug|Win32
		{50EF84D4-FECA-1BAD-04E5-14DC0000505F}.Release.ActiveCfg = Release|Win32
		{50EF84D4-FECA-1BAD-04E5-14DC0000505F}.Release.Build.0 = Release|Win32
		{194A56A1-FECA-1BAD-04E5-14DC0000505F}.Debug.ActiveCfg = Debug|Win32
		{194A56A1-FECA-1BAD-04E5-14DC0000505F}.Debug.Build.0 = Debug|Win32
		{194A56A1-FECA-1BAD-04E5-14DC0000505F}.Release.ActiveCfg = Release|Win32
		{194A56A1-FECA-1BAD-04E5-14DC0000505F}.Release.Build.0 = Release|Win32
		{4DE64F00-FECA-1BAD-04E5-14DC0000505F}.Debug.ActiveCfg = Debug|Win32
		{4DE64F00-FECA-1BAD-04E5-14DC0000505F}.Debug.Build.0 = Debug|Win32
		{4DE64F00-FECA-1BAD-04E5-14DC0000505F}.Release.ActiveCfg = Release|Win32
		{4DE64F00-FECA-1BAD-04E5-14DC0000505F}.Release.Build.0 = Release|Win32
		{EDE64FF6-FECA-1BAD-04E5-14DC0000505F}.Debug.ActiveCfg = Debug|Win32
		{EDE64FF6-FECA-1BAD-04E5-14DC0000505F}.Debug.Build.0 = Debug|Win32
		{EDE64FF6-FECA-1BAD-04E5-14DC0000505F}.Release.ActiveCfg = Release|Win32
		{EDE64FF6-FECA-1BAD-04E5-14DC0000505F}.Release.Build.0 = Release|Win32
		{BF7E5251-FECA-1BAD-0A60-8A200000505F}.Debug.ActiveCfg = Debug|Win32
		{BF7E5251-FECA-1BAD-0A60-8A200000505F}.Debug.Build.0 = Debug|Win32
		{BF7E5251-FECA-1BAD-0A60-8A200000505F}.Release.ActiveCfg = Release|Win32
		{BF7E5251-FECA-1BAD-0A60-8A200000505F}.Release.Build.0 = Release|Win32
		{53B4F327-FECA-1BAD-03D7-9F610000505F}.Debug.ActiveCfg = Debug|Win32
		{53B4F327-FECA-1BAD-03D7-9F610000505F}.Debug.Build.0 = Debug|Win32
		{53B4F327-FECA-1BAD-03D7-9F610000505F}.Release.ActiveCfg = Release|Win32
		{53B4F327-FECA-1BAD-03D7-9F610000505F}.Release.Build.0 = Release|Win32
		{482BBE1E-FECA-1BAD-03D7-9F610000505F}.Debug.ActiveCfg = Debug|Win32
		{482BBE1E-FECA-1BAD-03D7-9F610000505F}.Debug.Build.0 = Debug|Win32
		{482BBE1E-FECA-1BAD-03D7-9F610000505F}.Release.ActiveCfg = Release|Win32
		{482BBE1E-FECA-1BAD-03D7-9F610000505F}.Release.Build.0 = Release|Win32
		{53F7A727-FECA-1BAD-0A60-8A200000505F}.Debug.ActiveCfg = Debug|Win32
		{53F7A727-FECA-1BAD-0A60-8A200000505F}.Debug.Build.0 = Debug|Win32
		{53F7A727-FECA-1BAD-0A60-8A200000505F}.Release.ActiveCfg = Release|Win32
		{53F7A727-FECA-1BAD-0A60-8A200000505F}.Release.Build.0 = Release|Win32
		{5B541126-FECA-1BAD-0A60-8A200000505F}.Debug.ActiveCfg = Debug|Win32
		{5B541126-FECA-1BAD-0A60-8A200000505F}.Debug.Build.0 = Debug|Win32
		{5B541126-FECA-1BAD-0A60-8A200000505F}.Release.ActiveCfg = Release|Win32
		{5B541126-FECA-1BAD-0A60-8A200000505F}.Release.Build.0 = Release|Win32
		{50E650AE-FECA-1BAD-4345-14410000505F}.Debug.ActiveCfg = Debug|Win32
		{50E650AE-FECA-1BAD-4345-14410000505F}.Debug.Build.0 = Debug|Win32
		{50E650AE-FECA-1BAD-4345-14410000505F}.Release.ActiveCfg = Release|Win32
		{50E650AE-FECA-1BAD-4345-14410000505F}.Release.Build.0 = Release|Win32
		{785454A7-FECA-1BAD-03D7-9F610000505F}.Debug.ActiveCfg = Debug|Win32
		{785454A7-FECA-1BAD-03D7-9F610000505F}.Debug.Build.0 = Debug|Win32
		{785454A7-FECA-1BAD-03D7-9F610000505F}.Release.ActiveCfg = Release|Win32
		{785454A7-FECA-1BAD-03D7-9F610000505F}.Release.Build.0 = Release|Win32
		{2900A440-FECA-1BAD-0DA2-8A2E0000505F}.Debug.ActiveCfg = Debug|Win32
		{2900A440-FECA-1BAD-0DA2-8A2E0000505F}.Debug.Build.0 = Debug|Win32
		{2900A440-FECA-1BAD-0DA2-8A2E0000505F}.Release.ActiveCfg = Release|Win32
		{2900A440-FECA-1BAD-0DA2-8A2E0000505F}.Release.Build.0 = Release|Win32
		{4E562422-FECA-1BAD-0B84-FF460000505F}.Debug.ActiveCfg = Debug|Win32
		{4E562422-FECA-1BAD-0B84-FF460000505F}.Debug.Build.0 = Debug|Win32
		{4E562422-FECA-1BAD-0B84-FF460000505F}.Release.ActiveCfg = Release|Win32
		{4E562422-FECA-1BAD-0B84-FF460000505F}.Release.Build.0 = Release|Win32
		{5DA0184A-FECA-1BAD-CD05-C0250000505F}.Debug.ActiveCfg = Debug|Win32
		{5DA0184A-FECA-1BAD-CD05-C0250000505F}.Debug.Build.0 = Debug|Win32
		{5DA0184A-FECA-1BAD-CD05-C0250000505F}.Release.ActiveCfg = Release|Win32
		{5DA0184A-FECA-1BAD-CD05-C0250000505F}.Release.Build.0 = Release|Win32
		{CF6103A4-FECA-1BAD-73EC-EC340000505F}.Debug.ActiveCfg = Debug|Win32
		{CF6103A4-FECA-1BAD-73EC-EC340000505F}.Debug.Build.0 = Debug|Win32
		{CF6103A4-FECA-1BAD-73EC-EC340000505F}.Release.ActiveCfg = Release|Win32
		{CF6103A4-FECA-1BAD-73EC-EC340000505F}.Release.Build.0 = Release|Win32
		{6C7454A3-FECA-1BAD-0396-DD610000505F}.Debug.ActiveCfg = Debug|Win32
		{6C7454A3-FECA-1BAD-0396-DD610000505F}.Debug.Build.0 = Debug|Win32
		{6C7454A3-FECA-1BAD-0396-DD610000505F}.Release.ActiveCfg = Release|Win32
		{6C7454A3-FECA-1BAD-0396-DD610000505F}.Release.Build.0 = Release|Win32
		{C6E7261C-FECA-1BAD-286C-74560000505F}.Debug.ActiveCfg = Debug|Win32
		{C6E7261C-FECA-1BAD-286C-74560000505F}.Debug.Build.0 = Debug|Win32
		{C6E7261C-FECA-1BAD-286C-74560000505F}.Release.ActiveCfg = Release|Win32
		{C6E7261C-FECA-1BAD-286C-74560000505F}.Release.Build.0 = Release|Win32
		{BB82C0A9-FECA-1BAD-286C-74560000505F}.Debug.ActiveCfg = Debug|Win32
		{BB82C0A9-FECA-1BAD-286C-74560000505F}.Debug.Build.0 = Debug|Win32
		{BB82C0A9-FECA-1BAD-286C-74560000505F}.Release.ActiveCfg = Release|Win32
		{BB82C0A9-FECA-1BAD-286C-74560000505F}.Release.Build.0 = Release|Win32
		{616F2F8A-FECA-1BAD-286C-74560000505F}.Debug.ActiveCfg = Debug|Win32
		{616F2F8A-FECA-1BAD-286C-74560000505F}.Debug.Build.0 = Debug|Win32
		{616F2F8A-FECA-1BAD-286C-74560000505F}.Release.ActiveCfg = Release|Win32
		{616F2F8A-FECA-1BAD-286C-74560000505F}.Release.Build.0 = Release|Win32
		{C16F2F7C-FECA-1BAD-286C-74560000505F}.Debug.ActiveCfg = Debug|Win32
		{C16F2F7C-FECA-1BAD-286C-74560000505F}.Debug.Build.0 = Debug|Win32
		{C16F2F7C-FECA-1BAD-286C-74560000505F}.Release.ActiveCfg = Release|Win32
		{C16F2F7C-FECA-1BAD-286C-74560000505F}.Release.Build.0 = Release|Win32
		{4A9586BD-FECA-1BAD-2274-B37C0000505F}.Debug.ActiveCfg = Debug|Win32
		{4A9586BD-FECA-1BAD-2274-B37C0000505F}.Debug.Build.0 = Debug|Win32
		{4A9586BD-FECA-1BAD-2274-B37C0000505F}.Release.ActiveCfg = Release|Win32
		{4A9586BD-FECA-1BAD-2274-B37C0000505F}.Release.Build.0 = Release|Win32
		{EA95864B-FECA-1BAD-2D1E-B37C0000505F}.Debug.ActiveCfg = Debug|Win32
		{EA95864B-FECA-1BAD-2D1E-B37C0000505F}.Debug.Build.0 = Debug|Win32
		{EA95864B-FECA-1BAD-2D1E-B37C0000505F}.Release.ActiveCfg = Release|Win32
		{EA95864B-FECA-1BAD-2D1E-B37C0000505F}.Release.Build.0 = Release|Win32
		{F5E503AE-FECA-1BAD-734F-44740000505F}.Debug.ActiveCfg = Debug|Win32
		{F5E503AE-FECA-1BAD-734F-44740000505F}.Debug.Build.0 = Debug|Win32
		{F5E503AE-FECA-1BAD-734F-44740000505F}.Release.ActiveCfg = Release|Win32
		{F5E503AE-FECA-1BAD-734F-44740000505F}.Release.Build.0 = Release|Win32
		{6C752179-FECA-1BAD-5E36-DD760000505F}.Debug.ActiveCfg = Debug|Win32
		{6C752179-FECA-1BAD-5E36-DD760000505F}.Debug.Build.0 = Debug|Win32
		{6C752179-FECA-1BAD-5E36-DD760000505F}.Release.ActiveCfg = Release|Win32
		{6C752179-FECA-1BAD-5E36-DD760000505F}.Release.Build.0 = Release|Win32
		{373403B6-FECA-1BAD-72C3-69640000505F}.Debug.ActiveCfg = Debug|Win32
		{373403B6-FECA-1BAD-72C3-69640000505F}.Debug.Build.0 = Debug|Win32
		{373403B6-FECA-1BAD-72C3-69640000505F}.Release.ActiveCfg = Release|Win32
		{373403B6-FECA-1BAD-72C3-69640000505F}.Release.Build.0 = Release|Win32
		{3C80AEE1-FECA-1BAD-A7B3-D22E0000505F}.Debug.ActiveCfg = Debug|Win32
		{3C80AEE1-FECA-1BAD-A7B3-D22E0000505F}.Debug.Build.0 = Debug|Win32
		{3C80AEE1-FECA-1BAD-A7B3-D22E0000505F}.Release.ActiveCfg = Release|Win32
		{3C80AEE1-FECA-1BAD-A7B3-D22E0000505F}.Release.Build.0 = Release|Win32
		{EC305079-FECA-1BAD-4E3E-D9210000505F}.Debug.ActiveCfg = Debug|Win32
		{EC305079-FECA-1BAD-4E3E-D9210000505F}.Debug.Build.0 = Debug|Win32
		{EC305079-FECA-1BAD-4E3E-D9210000505F}.Release.ActiveCfg = Release|Win32
		{EC305079-FECA-1BAD-4E3E-D9210000505F}.Release.Build.0 = Release|Win32
		{596E5664-FECA-1BAD-2FE5-8CC10000505F}.Debug.ActiveCfg = Debug|Win32
		{596E5664-FECA-1BAD-2FE5-8CC10000505F}.Debug.Build.0 = Debug|Win32
		{596E5664-FECA-1BAD-2FE5-8CC10000505F}.Release.ActiveCfg = Release|Win32
		{596E5664-FECA-1BAD-2FE5-8CC10000505F}.Release.Build.0 = Release|Win32
	EndGlobalSection
	GlobalSection(ExtensibilityGlobals) = postSolution
	EndGlobalSection
	GlobalSection(ExtensibilityAddIns) = postSolution
	EndGlobalSection
EndGlobal
