Microsoft Visual Studio Solution File, Format Version 8.00
#
# $Id: VC71WorkspaceCreator.pm 2035 2011-10-06 15:05:21Z johnnyw $
#
# This file was generated by MPC.  Any changes made directly to
# this file will be lost the next time it is generated.
#
# MPC Command:
# bin/mwc.pl -type vc71 -recurse -exclude TAO/CIAO -features qos=1,mfc=1
Project("{8BC9CEB8-8B4A-11D0-8D11-00A0C91BC942}") = "LoadBalancing_Performance_Client", "LoadBalancing\LBPerf\RPS\LoadBalancing_Performance_Client.vcproj", "{2F711607-FECA-1BAD-C881-F051256B8E0B}"
	ProjectSection(ProjectDependencies) = postProject
		{33401346-FECA-1BAD-C881-F051256B8E0B} = {33401346-FECA-1BAD-C881-F051256B8E0B}
	EndProjectSection
EndProject
Project("{8BC9CEB8-8B4A-11D0-8D11-00A0C91BC942}") = "LoadBalancing_Performance_IDL", "LoadBalancing\LBPerf\RPS\LoadBalancing_Performance_IDL.vcproj", "{33401346-FECA-1BAD-C881-F051256B8E0B}"
	ProjectSection(ProjectDependencies) = postProject
	EndProjectSection
EndProject
Project("{8BC9CEB8-8B4A-11D0-8D11-00A0C91BC942}") = "LoadBalancing_Performance_Server", "LoadBalancing\LBPerf\RPS\LoadBalancing_Performance_Server.vcproj", "{4F619C3C-FECA-1BAD-C881-F051256B8E0B}"
	ProjectSection(ProjectDependencies) = postProject
		{33401346-FECA-1BAD-C881-F051256B8E0B} = {33401346-FECA-1BAD-C881-F051256B8E0B}
	EndProjectSection
EndProject
Project("{8BC9CEB8-8B4A-11D0-8D11-00A0C91BC942}") = "Colocated_Roundtrip", "RTEvent\Colocated_Roundtrip\Colocated_Roundtrip.vcproj", "{C86A6097-FECA-1BAD-40DC-9C8266202166}"
	ProjectSection(ProjectDependencies) = postProject
		{3912D2BB-FECA-1BAD-6213-8B0970C10B4A} = {3912D2BB-FECA-1BAD-6213-8B0970C10B4A}
	EndProjectSection
EndProject
Project("{8BC9CEB8-8B4A-11D0-8D11-00A0C91BC942}") = "Federated_Roundtrip_Client", "RTEvent\Federated_Roundtrip\Federated_Roundtrip_Client.vcproj", "{1A163AE6-FECA-1BAD-4574-2D82D72024CE}"
	ProjectSection(ProjectDependencies) = postProject
		{3912D2BB-FECA-1BAD-6213-8B0970C10B4A} = {3912D2BB-FECA-1BAD-6213-8B0970C10B4A}
	EndProjectSection
EndProject
Project("{8BC9CEB8-8B4A-11D0-8D11-00A0C91BC942}") = "Federated_Roundtrip_Server", "RTEvent\Federated_Roundtrip\Federated_Roundtrip_Server.vcproj", "{7A06B0DD-FECA-1BAD-4574-2D82D72024CE}"
	ProjectSection(ProjectDependencies) = postProject
		{3912D2BB-FECA-1BAD-6213-8B0970C10B4A} = {3912D2BB-FECA-1BAD-6213-8B0970C10B4A}
	EndProjectSection
EndProject
Project("{8BC9CEB8-8B4A-11D0-8D11-00A0C91BC942}") = "RTCORBA_Baseline_Client", "RTEvent\RTCORBA_Baseline\RTCORBA_Baseline_Client.vcproj", "{A787F26A-FECA-1BAD-C9C9-BC4A2DAEC5DD}"
	ProjectSection(ProjectDependencies) = postProject
		{3912D2BB-FECA-1BAD-6213-8B0970C10B4A} = {3912D2BB-FECA-1BAD-6213-8B0970C10B4A}
		{75989C28-FECA-1BAD-C9C9-BC4A2DAEC5DD} = {75989C28-FECA-1BAD-C9C9-BC4A2DAEC5DD}
	EndProjectSection
EndProject
Project("{8BC9CEB8-8B4A-11D0-8D11-00A0C91BC942}") = "RTCORBA_Baseline_IDL", "RTEvent\RTCORBA_Baseline\RTCORBA_Baseline_IDL.vcproj", "{75989C28-FECA-1BAD-C9C9-BC4A2DAEC5DD}"
	ProjectSection(ProjectDependencies) = postProject
	EndProjectSection
EndProject
Project("{8BC9CEB8-8B4A-11D0-8D11-00A0C91BC942}") = "RTCORBA_Baseline_Server", "RTEvent\RTCORBA_Baseline\RTCORBA_Baseline_Server.vcproj", "{C7977851-FECA-1BAD-C9C9-BC4A2DAEC5DD}"
	ProjectSection(ProjectDependencies) = postProject
		{3912D2BB-FECA-1BAD-6213-8B0970C10B4A} = {3912D2BB-FECA-1BAD-6213-8B0970C10B4A}
		{75989C28-FECA-1BAD-C9C9-BC4A2DAEC5DD} = {75989C28-FECA-1BAD-C9C9-BC4A2DAEC5DD}
	EndProjectSection
EndProject
Project("{8BC9CEB8-8B4A-11D0-8D11-00A0C91BC942}") = "RTCORBA_Callback_Client", "RTEvent\RTCORBA_Callback\RTCORBA_Callback_Client.vcproj", "{79960B82-FECA-1BAD-2117-ADB33C572D03}"
	ProjectSection(ProjectDependencies) = postProject
		{3912D2BB-FECA-1BAD-6213-8B0970C10B4A} = {3912D2BB-FECA-1BAD-6213-8B0970C10B4A}
		{EB157D37-FECA-1BAD-2117-ADB33C572D03} = {EB157D37-FECA-1BAD-2117-ADB33C572D03}
	EndProjectSection
EndProject
Project("{8BC9CEB8-8B4A-11D0-8D11-00A0C91BC942}") = "RTCORBA_Callback_IDL", "RTEvent\RTCORBA_Callback\RTCORBA_Callback_IDL.vcproj", "{EB157D37-FECA-1BAD-2117-ADB33C572D03}"
	ProjectSection(ProjectDependencies) = postProject
	EndProjectSection
EndProject
Project("{8BC9CEB8-8B4A-11D0-8D11-00A0C91BC942}") = "RTCORBA_Callback_Server", "RTEvent\RTCORBA_Callback\RTCORBA_Callback_Server.vcproj", "{198681B9-FECA-1BAD-2117-ADB33C572D03}"
	ProjectSection(ProjectDependencies) = postProject
		{3912D2BB-FECA-1BAD-6213-8B0970C10B4A} = {3912D2BB-FECA-1BAD-6213-8B0970C10B4A}
		{EB157D37-FECA-1BAD-2117-ADB33C572D03} = {EB157D37-FECA-1BAD-2117-ADB33C572D03}
	EndProjectSection
EndProject
Project("{8BC9CEB8-8B4A-11D0-8D11-00A0C91BC942}") = "Roundtrip_RTEvent_Client", "RTEvent\Roundtrip\Roundtrip_RTEvent_Client.vcproj", "{49955A94-FECA-1BAD-34B6-09E03BF3F5D5}"
	ProjectSection(ProjectDependencies) = postProject
		{3912D2BB-FECA-1BAD-6213-8B0970C10B4A} = {3912D2BB-FECA-1BAD-6213-8B0970C10B4A}
	EndProjectSection
EndProject
Project("{8BC9CEB8-8B4A-11D0-8D11-00A0C91BC942}") = "Roundtrip_RTEvent_Server", "RTEvent\Roundtrip\Roundtrip_RTEvent_Server.vcproj", "{2985D0AF-FECA-1BAD-34B6-09E03BF3F5D5}"
	ProjectSection(ProjectDependencies) = postProject
		{3912D2BB-FECA-1BAD-6213-8B0970C10B4A} = {3912D2BB-FECA-1BAD-6213-8B0970C10B4A}
	EndProjectSection
EndProject
Project("{8BC9CEB8-8B4A-11D0-8D11-00A0C91BC942}") = "TCP_Baseline_Client", "RTEvent\TCP_Baseline\TCP_Baseline_Client.vcproj", "{B2F78D0A-FECA-1BAD-A9DC-CC354A40B259}"
	ProjectSection(ProjectDependencies) = postProject
		{3912D2BB-FECA-1BAD-6213-8B0970C10B4A} = {3912D2BB-FECA-1BAD-6213-8B0970C10B4A}
	EndProjectSection
EndProject
Project("{8BC9CEB8-8B4A-11D0-8D11-00A0C91BC942}") = "TCP_Baseline_Server", "RTEvent\TCP_Baseline\TCP_Baseline_Server.vcproj", "{D2E70731-FECA-1BAD-A9DC-CC354A40B259}"
	ProjectSection(ProjectDependencies) = postProject
		{3912D2BB-FECA-1BAD-6213-8B0970C10B4A} = {3912D2BB-FECA-1BAD-6213-8B0970C10B4A}
	EndProjectSection
EndProject
Project("{8BC9CEB8-8B4A-11D0-8D11-00A0C91BC942}") = "RTEC_Perf", "RTEvent\lib\RTEC_Perf.vcproj", "{3912D2BB-FECA-1BAD-6213-8B0970C10B4A}"
	ProjectSection(ProjectDependencies) = postProject
	EndProjectSection
EndProject
Global
	GlobalSection(SolutionConfiguration) = preSolution
		Debug = Debug
		Release = Release
	EndGlobalSection
	GlobalSection(ProjectConfiguration) = postSolution
		{2F711607-FECA-1BAD-C881-F051256B8E0B}.Debug.ActiveCfg = Debug|Win32
		{2F711607-FECA-1BAD-C881-F051256B8E0B}.Debug.Build.0 = Debug|Win32
		{2F711607-FECA-1BAD-C881-F051256B8E0B}.Release.ActiveCfg = Release|Win32
		{2F711607-FECA-1BAD-C881-F051256B8E0B}.Release.Build.0 = Release|Win32
		{33401346-FECA-1BAD-C881-F051256B8E0B}.Debug.ActiveCfg = Debug|Win32
		{33401346-FECA-1BAD-C881-F051256B8E0B}.Debug.Build.0 = Debug|Win32
		{33401346-FECA-1BAD-C881-F051256B8E0B}.Release.ActiveCfg = Release|Win32
		{33401346-FECA-1BAD-C881-F051256B8E0B}.Release.Build.0 = Release|Win32
		{4F619C3C-FECA-1BAD-C881-F051256B8E0B}.Debug.ActiveCfg = Debug|Win32
		{4F619C3C-FECA-1BAD-C881-F051256B8E0B}.Debug.Build.0 = Debug|Win32
		{4F619C3C-FECA-1BAD-C881-F051256B8E0B}.Release.ActiveCfg = Release|Win32
		{4F619C3C-FECA-1BAD-C881-F051256B8E0B}.Release.Build.0 = Release|Win32
		{C86A6097-FECA-1BAD-40DC-9C8266202166}.Debug.ActiveCfg = Debug|Win32
		{C86A6097-FECA-1BAD-40DC-9C8266202166}.Debug.Build.0 = Debug|Win32
		{C86A6097-FECA-1BAD-40DC-9C8266202166}.Release.ActiveCfg = Release|Win32
		{C86A6097-FECA-1BAD-40DC-9C8266202166}.Release.Build.0 = Release|Win32
		{1A163AE6-FECA-1BAD-4574-2D82D72024CE}.Debug.ActiveCfg = Debug|Win32
		{1A163AE6-FECA-1BAD-4574-2D82D72024CE}.Debug.Build.0 = Debug|Win32
		{1A163AE6-FECA-1BAD-4574-2D82D72024CE}.Release.ActiveCfg = Release|Win32
		{1A163AE6-FECA-1BAD-4574-2D82D72024CE}.Release.Build.0 = Release|Win32
		{7A06B0DD-FECA-1BAD-4574-2D82D72024CE}.Debug.ActiveCfg = Debug|Win32
		{7A06B0DD-FECA-1BAD-4574-2D82D72024CE}.Debug.Build.0 = Debug|Win32
		{7A06B0DD-FECA-1BAD-4574-2D82D72024CE}.Release.ActiveCfg = Release|Win32
		{7A06B0DD-FECA-1BAD-4574-2D82D72024CE}.Release.Build.0 = Release|Win32
		{A787F26A-FECA-1BAD-C9C9-BC4A2DAEC5DD}.Debug.ActiveCfg = Debug|Win32
		{A787F26A-FECA-1BAD-C9C9-BC4A2DAEC5DD}.Debug.Build.0 = Debug|Win32
		{A787F26A-FECA-1BAD-C9C9-BC4A2DAEC5DD}.Release.ActiveCfg = Release|Win32
		{A787F26A-FECA-1BAD-C9C9-BC4A2DAEC5DD}.Release.Build.0 = Release|Win32
		{75989C28-FECA-1BAD-C9C9-BC4A2DAEC5DD}.Debug.ActiveCfg = Debug|Win32
		{75989C28-FECA-1BAD-C9C9-BC4A2DAEC5DD}.Debug.Build.0 = Debug|Win32
		{75989C28-FECA-1BAD-C9C9-BC4A2DAEC5DD}.Release.ActiveCfg = Release|Win32
		{75989C28-FECA-1BAD-C9C9-BC4A2DAEC5DD}.Release.Build.0 = Release|Win32
		{C7977851-FECA-1BAD-C9C9-BC4A2DAEC5DD}.Debug.ActiveCfg = Debug|Win32
		{C7977851-FECA-1BAD-C9C9-BC4A2DAEC5DD}.Debug.Build.0 = Debug|Win32
		{C7977851-FECA-1BAD-C9C9-BC4A2DAEC5DD}.Release.ActiveCfg = Release|Win32
		{C7977851-FECA-1BAD-C9C9-BC4A2DAEC5DD}.Release.Build.0 = Release|Win32
		{79960B82-FECA-1BAD-2117-ADB33C572D03}.Debug.ActiveCfg = Debug|Win32
		{79960B82-FECA-1BAD-2117-ADB33C572D03}.Debug.Build.0 = Debug|Win32
		{79960B82-FECA-1BAD-2117-ADB33C572D03}.Release.ActiveCfg = Release|Win32
		{79960B82-FECA-1BAD-2117-ADB33C572D03}.Release.Build.0 = Release|Win32
		{EB157D37-FECA-1BAD-2117-ADB33C572D03}.Debug.ActiveCfg = Debug|Win32
		{EB157D37-FECA-1BAD-2117-ADB33C572D03}.Debug.Build.0 = Debug|Win32
		{EB157D37-FECA-1BAD-2117-ADB33C572D03}.Release.ActiveCfg = Release|Win32
		{EB157D37-FECA-1BAD-2117-ADB33C572D03}.Release.Build.0 = Release|Win32
		{198681B9-FECA-1BAD-2117-ADB33C572D03}.Debug.ActiveCfg = Debug|Win32
		{198681B9-FECA-1BAD-2117-ADB33C572D03}.Debug.Build.0 = Debug|Win32
		{198681B9-FECA-1BAD-2117-ADB33C572D03}.Release.ActiveCfg = Release|Win32
		{198681B9-FECA-1BAD-2117-ADB33C572D03}.Release.Build.0 = Release|Win32
		{49955A94-FECA-1BAD-34B6-09E03BF3F5D5}.Debug.ActiveCfg = Debug|Win32
		{49955A94-FECA-1BAD-34B6-09E03BF3F5D5}.Debug.Build.0 = Debug|Win32
		{49955A94-FECA-1BAD-34B6-09E03BF3F5D5}.Release.ActiveCfg = Release|Win32
		{49955A94-FECA-1BAD-34B6-09E03BF3F5D5}.Release.Build.0 = Release|Win32
		{2985D0AF-FECA-1BAD-34B6-09E03BF3F5D5}.Debug.ActiveCfg = Debug|Win32
		{2985D0AF-FECA-1BAD-34B6-09E03BF3F5D5}.Debug.Build.0 = Debug|Win32
		{2985D0AF-FECA-1BAD-34B6-09E03BF3F5D5}.Release.ActiveCfg = Release|Win32
		{2985D0AF-FECA-1BAD-34B6-09E03BF3F5D5}.Release.Build.0 = Release|Win32
		{B2F78D0A-FECA-1BAD-A9DC-CC354A40B259}.Debug.ActiveCfg = Debug|Win32
		{B2F78D0A-FECA-1BAD-A9DC-CC354A40B259}.Debug.Build.0 = Debug|Win32
		{B2F78D0A-FECA-1BAD-A9DC-CC354A40B259}.Release.ActiveCfg = Release|Win32
		{B2F78D0A-FECA-1BAD-A9DC-CC354A40B259}.Release.Build.0 = Release|Win32
		{D2E70731-FECA-1BAD-A9DC-CC354A40B259}.Debug.ActiveCfg = Debug|Win32
		{D2E70731-FECA-1BAD-A9DC-CC354A40B259}.Debug.Build.0 = Debug|Win32
		{D2E70731-FECA-1BAD-A9DC-CC354A40B259}.Release.ActiveCfg = Release|Win32
		{D2E70731-FECA-1BAD-A9DC-CC354A40B259}.Release.Build.0 = Release|Win32
		{3912D2BB-FECA-1BAD-6213-8B0970C10B4A}.Debug.ActiveCfg = Debug|Win32
		{3912D2BB-FECA-1BAD-6213-8B0970C10B4A}.Debug.Build.0 = Debug|Win32
		{3912D2BB-FECA-1BAD-6213-8B0970C10B4A}.Release.ActiveCfg = Release|Win32
		{3912D2BB-FECA-1BAD-6213-8B0970C10B4A}.Release.Build.0 = Release|Win32
	EndGlobalSection
	GlobalSection(ExtensibilityGlobals) = postSolution
	EndGlobalSection
	GlobalSection(ExtensibilityAddIns) = postSolution
	EndGlobalSection
EndGlobal
